
Microsoft Visual Studio Solution File, Format Version 9.00
# Visual Studio 2005
Project("{2150E333-8FDC-42A3-9474-1A3956D46DE8}") = "http", "http", "{D4816F17-E0FA-4BA2-9DCE-BFD285EEBE10}"
EndProject
Project("{2150E333-8FDC-42A3-9474-1A3956D46DE8}") = "master", "master", "{02CEF714-8D1D-474A-9E27-AC3E31AE3E07}"
EndProject
Project("{8BC9CEB8-8B4A-11D0-8D11-00A0C91BC942}") = "wx", "http\wx\wx.vcproj", "{F8D3727D-F611-4B04-8BA8-29B516E9953D}"
EndProject
Project("{2150E333-8FDC-42A3-9474-1A3956D46DE8}") = "public", "public", "{F9C1C564-A940-4974-AECA-109EC4532B50}"
EndProject
Project("{8BC9CEB8-8B4A-11D0-8D11-00A0C91BC942}") = "public", "public\public.vcproj", "{5847B53F-C291-4DDE-A619-DA0988C71492}"
EndProject
Project("{8BC9CEB8-8B4A-11D0-8D11-00A0C91BC942}") = "core", "master\core\core.vcproj", "{8BD45293-37E8-44D3-AA73-E8EEE20DAD93}"
EndProject
Project("{8BC9CEB8-8B4A-11D0-8D11-00A0C91BC942}") = "hfcsrv", "master\hfcsrv\hfcsrv.vcproj", "{C31534A3-7D71-4EF5-A424-393788B6C797}"
EndProject
Project("{8BC9CEB8-8B4A-11D0-8D11-00A0C91BC942}") = "test", "master\test\test.vcproj", "{A41CDDB8-A622-495C-8DFE-4CF7F0E0F590}"
EndProject
Project("{8BC9CEB8-8B4A-11D0-8D11-00A0C91BC942}") = "idp", "http\idp\idp.vcproj", "{57138AC2-B5B7-4629-87F7-DF44BF55F68F}"
EndProject
Project("{8BC9CEB8-8B4A-11D0-8D11-00A0C91BC942}") = "regedit", "http\regedit\regedit.vcproj", "{FB2D2623-B69F-4048-84D3-CD300E7A73AC}"
EndProject
Project("{8BC9CEB8-8B4A-11D0-8D11-00A0C91BC942}") = "usr_mgr", "master\usr_mgr\usr_mgr.vcproj", "{173E5931-EE05-40A7-9359-798FE5212859}"
EndProject
Project("{8BC9CEB8-8B4A-11D0-8D11-00A0C91BC942}") = "updateusr", "http\updateusr\updateusr.vcproj", "{5C69A06F-5336-4EB3-9DA5-15F96B762333}"
EndProject
Project("{8BC9CEB8-8B4A-11D0-8D11-00A0C91BC942}") = "userinfo", "http\userinfo\userinfo.vcproj", "{5C03FD70-6EB8-4FE2-B430-772941B8820E}"
EndProject
Project("{8BC9CEB8-8B4A-11D0-8D11-00A0C91BC942}") = "music", "http\music\music.vcproj", "{92DD89CB-1F80-428D-B11E-8179B9EA1B80}"
EndProject
Project("{8BC9CEB8-8B4A-11D0-8D11-00A0C91BC942}") = "channel", "http\channel\channel.vcproj", "{61C9C25B-78BA-4149-A3C1-B3B0052A0D26}"
EndProject
Project("{8BC9CEB8-8B4A-11D0-8D11-00A0C91BC942}") = "channel_song", "http\channel_song\channel_song.vcproj", "{6DBA6137-E5D2-479F-ACB5-CE458083BD02}"
EndProject
Project("{2150E333-8FDC-42A3-9474-1A3956D46DE8}") = "robot", "robot", "{40BAED83-E840-479B-A7C9-D41432C3E61D}"
EndProject
Project("{8BC9CEB8-8B4A-11D0-8D11-00A0C91BC942}") = "robot", "robot\robot.vcproj", "{A718FC61-E954-470C-A498-748C3D3E7201}"
EndProject
Project("{8BC9CEB8-8B4A-11D0-8D11-00A0C91BC942}") = "getword", "http\getword\getword.vcproj", "{A34379A3-3D4A-4DCB-AD33-63859D71CA91}"
EndProject
Project("{8BC9CEB8-8B4A-11D0-8D11-00A0C91BC942}") = "word_song", "http\word_song\word_song.vcproj", "{4D9DEE19-57E3-41DE-917A-2AA764438760}"
EndProject
Project("{8BC9CEB8-8B4A-11D0-8D11-00A0C91BC942}") = "guest", "http\guest\guest.vcproj", "{1A89CC58-74AD-44EE-8852-DF6863C53EDB}"
EndProject
Project("{8BC9CEB8-8B4A-11D0-8D11-00A0C91BC942}") = "mzlib", "http\mzlib\mzlib.vcproj", "{9B4E0417-FCE3-459E-91C7-8D2BE2F75F19}"
EndProject
Project("{8BC9CEB8-8B4A-11D0-8D11-00A0C91BC942}") = "songid", "http\songid\songid.vcproj", "{6D131653-1561-4D0D-B97E-69C6FE47D852}"
EndProject
Project("{8BC9CEB8-8B4A-11D0-8D11-00A0C91BC942}") = "moodmap", "http\moodmap\moodmap.vcproj", "{AB85C030-31EE-4C35-B817-ABAF8AFFB351}"
EndProject
Project("{8BC9CEB8-8B4A-11D0-8D11-00A0C91BC942}") = "moodparent", "http\moodparent\moodparent.vcproj", "{16B0C870-6588-4E94-B9E1-2259A27E1CB7}"
EndProject
Project("{8BC9CEB8-8B4A-11D0-8D11-00A0C91BC942}") = "collectsong", "http\collectsong\collectsong.vcproj", "{B24E0E3A-2563-45E5-BD88-90AF3FD9CDEF}"
EndProject
Project("{8BC9CEB8-8B4A-11D0-8D11-00A0C91BC942}") = "delcltsong", "http\delcltsong\delcltsong.vcproj", "{7341FCF2-42EC-462F-AAED-A670E6324B6F}"
EndProject
Project("{8BC9CEB8-8B4A-11D0-8D11-00A0C91BC942}") = "sethtsong", "http\sethtsong\sethtsong.vcproj", "{4644C491-28DF-49C2-BBCA-5D920A04A82C}"
EndProject
Project("{8BC9CEB8-8B4A-11D0-8D11-00A0C91BC942}") = "getcltsongs", "http\getcltsongs\getcltsongs.vcproj", "{1A2F824C-6374-4471-B168-01E49C62F4A7}"
EndProject
Project("{8BC9CEB8-8B4A-11D0-8D11-00A0C91BC942}") = "delthsong", "http\delthsong\delthsong.vcproj", "{30336F48-9754-45B8-8A45-6EB3C5B82823}"
EndProject
Project("{8BC9CEB8-8B4A-11D0-8D11-00A0C91BC942}") = "getdefsongs", "http\getdefsongs\getdefsongs.vcproj", "{EA2C0180-E2C5-4FDB-A927-895FFC803589}"
EndProject
Project("{8BC9CEB8-8B4A-11D0-8D11-00A0C91BC942}") = "sp", "http\sp\sp.vcproj", "{48CC7900-CAF1-4C80-9305-EE6DB00D1BB7}"
EndProject
Project("{8BC9CEB8-8B4A-11D0-8D11-00A0C91BC942}") = "service_provider", "master\service_provider\service_provider.vcproj", "{1BBD554B-2EB7-400E-AD00-987E34BE9169}"
EndProject
Project("{8BC9CEB8-8B4A-11D0-8D11-00A0C91BC942}") = "identity_provider", "master\identity_provider\identity_provider.vcproj", "{3AD18CEC-F200-427D-A0A1-7927AFD6A96A}"
EndProject
Project("{8BC9CEB8-8B4A-11D0-8D11-00A0C91BC942}") = "service_provider", "http\service_provider\service_provider.vcproj", "{40C9D811-7FD5-46CD-BB29-FAB5E0FCD4EC}"
EndProject
Project("{8BC9CEB8-8B4A-11D0-8D11-00A0C91BC942}") = "db_channel_song", "http\db_channel_song\db_channel_song.vcproj", "{3D788FD4-C375-41E2-BA9F-8E823BE3EFDE}"
EndProject
Project("{8BC9CEB8-8B4A-11D0-8D11-00A0C91BC942}") = "recordcursong", "http\recordcursong\recordcursong.vcproj", "{E0DAEB7C-6D12-4B39-9247-34D5F79EBC90}"
EndProject
Project("{8BC9CEB8-8B4A-11D0-8D11-00A0C91BC942}") = "gettypesongs", "http\gettypesongs\gettypesongs.vcproj", "{D0DFDA2C-4A95-4752-9B55-D976A8F3DEFE}"
EndProject
Project("{8BC9CEB8-8B4A-11D0-8D11-00A0C91BC942}") = "recordlocalsongs", "http\recordlocalsongs\recordlocalsongs.vcproj", "{F3DD9865-2384-4511-B723-66F8FD09E95A}"
EndProject
Project("{8BC9CEB8-8B4A-11D0-8D11-00A0C91BC942}") = "updateconfigfile", "http\updateconfigfile\updateconfigfile.vcproj", "{5D6D6C62-5FE3-46E0-AD49-020574300891}"
EndProject
Project("{8BC9CEB8-8B4A-11D0-8D11-00A0C91BC942}") = "collectandnearnum", "http\collectandnearnum\collectandnearnum.vcproj", "{461DA80D-FDC1-45CF-93FA-CDC1A203A33E}"
EndProject
Project("{8BC9CEB8-8B4A-11D0-8D11-00A0C91BC942}") = "lbs", "master\lbs\lbs.vcproj", "{1CD3CEBE-E431-4A79-BE80-0355BE880464}"
EndProject
Project("{8BC9CEB8-8B4A-11D0-8D11-00A0C91BC942}") = "nearmusic", "http\nearmusic\nearmusic.vcproj", "{C8066627-D7A2-44ED-917B-54C4DE468A3A}"
EndProject
Project("{8BC9CEB8-8B4A-11D0-8D11-00A0C91BC942}") = "sociality", "master\sociality\sociality.vcproj", "{2BE2C486-C230-4A17-A830-8FD427CECC7B}"
EndProject
Project("{8BC9CEB8-8B4A-11D0-8D11-00A0C91BC942}") = "login", "http\login\login.vcproj", "{CBB60042-2312-4EF8-B4AF-2E011E95FC41}"
EndProject
Project("{8BC9CEB8-8B4A-11D0-8D11-00A0C91BC942}") = "musicfri", "http\musicfri\musicfri.vcproj", "{B4877A15-A76F-414E-98EA-D5D0A09B2040}"
EndProject
Project("{8BC9CEB8-8B4A-11D0-8D11-00A0C91BC942}") = "nearuser", "http\nearuser\nearuser.vcproj", "{6A47FB3E-C462-4674-AA5B-6FC4872937FF}"
EndProject
Project("{8BC9CEB8-8B4A-11D0-8D11-00A0C91BC942}") = "samemusic", "http\samemusic\samemusic.vcproj", "{05BFA5BF-B394-4398-9EEA-DB61CA51F9AD}"
EndProject
Project("{2150E333-8FDC-42A3-9474-1A3956D46DE8}") = "chat", "chat", "{2727AC2F-D5F9-4AD3-9D30-733332275A93}"
EndProject
Project("{8BC9CEB8-8B4A-11D0-8D11-00A0C91BC942}") = "core", "chat\core\core.vcproj", "{372DB713-AE97-4A9F-8DBB-DC7942D91A96}"
EndProject
Project("{8BC9CEB8-8B4A-11D0-8D11-00A0C91BC942}") = "chat", "chat\chat\chat.vcproj", "{7C8F9547-6F3A-4A3B-815A-50FD8C2454CE}"
EndProject
Project("{2150E333-8FDC-42A3-9474-1A3956D46DE8}") = "migfm", "migfm", "{5FB57A4B-4A03-4A56-A671-1C24043717C5}"
EndProject
Project("{8BC9CEB8-8B4A-11D0-8D11-00A0C91BC942}") = "uploadpic", "master\uploadpic\uploadpic.vcproj", "{E20B17AC-F5BC-4BDA-B481-57768688D1FB}"
EndProject
Global
	GlobalSection(SolutionConfigurationPlatforms) = preSolution
		Debug|Win32 = Debug|Win32
		Release|Win32 = Release|Win32
	EndGlobalSection
	GlobalSection(ProjectConfigurationPlatforms) = postSolution
		{F8D3727D-F611-4B04-8BA8-29B516E9953D}.Debug|Win32.ActiveCfg = Debug|Win32
		{F8D3727D-F611-4B04-8BA8-29B516E9953D}.Debug|Win32.Build.0 = Debug|Win32
		{F8D3727D-F611-4B04-8BA8-29B516E9953D}.Release|Win32.ActiveCfg = Release|Win32
		{F8D3727D-F611-4B04-8BA8-29B516E9953D}.Release|Win32.Build.0 = Release|Win32
		{5847B53F-C291-4DDE-A619-DA0988C71492}.Debug|Win32.ActiveCfg = Debug|Win32
		{5847B53F-C291-4DDE-A619-DA0988C71492}.Debug|Win32.Build.0 = Debug|Win32
		{5847B53F-C291-4DDE-A619-DA0988C71492}.Release|Win32.ActiveCfg = Release|Win32
		{5847B53F-C291-4DDE-A619-DA0988C71492}.Release|Win32.Build.0 = Release|Win32
		{8BD45293-37E8-44D3-AA73-E8EEE20DAD93}.Debug|Win32.ActiveCfg = Debug|Win32
		{8BD45293-37E8-44D3-AA73-E8EEE20DAD93}.Debug|Win32.Build.0 = Debug|Win32
		{8BD45293-37E8-44D3-AA73-E8EEE20DAD93}.Release|Win32.ActiveCfg = Release|Win32
		{8BD45293-37E8-44D3-AA73-E8EEE20DAD93}.Release|Win32.Build.0 = Release|Win32
		{C31534A3-7D71-4EF5-A424-393788B6C797}.Debug|Win32.ActiveCfg = Debug|Win32
		{C31534A3-7D71-4EF5-A424-393788B6C797}.Debug|Win32.Build.0 = Debug|Win32
		{C31534A3-7D71-4EF5-A424-393788B6C797}.Release|Win32.ActiveCfg = Release|Win32
		{C31534A3-7D71-4EF5-A424-393788B6C797}.Release|Win32.Build.0 = Release|Win32
		{A41CDDB8-A622-495C-8DFE-4CF7F0E0F590}.Debug|Win32.ActiveCfg = Debug|Win32
		{A41CDDB8-A622-495C-8DFE-4CF7F0E0F590}.Debug|Win32.Build.0 = Debug|Win32
		{A41CDDB8-A622-495C-8DFE-4CF7F0E0F590}.Release|Win32.ActiveCfg = Release|Win32
		{A41CDDB8-A622-495C-8DFE-4CF7F0E0F590}.Release|Win32.Build.0 = Release|Win32
		{57138AC2-B5B7-4629-87F7-DF44BF55F68F}.Debug|Win32.ActiveCfg = Debug|Win32
		{57138AC2-B5B7-4629-87F7-DF44BF55F68F}.Debug|Win32.Build.0 = Debug|Win32
		{57138AC2-B5B7-4629-87F7-DF44BF55F68F}.Release|Win32.ActiveCfg = Release|Win32
		{57138AC2-B5B7-4629-87F7-DF44BF55F68F}.Release|Win32.Build.0 = Release|Win32
		{FB2D2623-B69F-4048-84D3-CD300E7A73AC}.Debug|Win32.ActiveCfg = Debug|Win32
		{FB2D2623-B69F-4048-84D3-CD300E7A73AC}.Debug|Win32.Build.0 = Debug|Win32
		{FB2D2623-B69F-4048-84D3-CD300E7A73AC}.Release|Win32.ActiveCfg = Release|Win32
		{FB2D2623-B69F-4048-84D3-CD300E7A73AC}.Release|Win32.Build.0 = Release|Win32
		{173E5931-EE05-40A7-9359-798FE5212859}.Debug|Win32.ActiveCfg = Debug|Win32
		{173E5931-EE05-40A7-9359-798FE5212859}.Debug|Win32.Build.0 = Debug|Win32
		{173E5931-EE05-40A7-9359-798FE5212859}.Release|Win32.ActiveCfg = Release|Win32
		{173E5931-EE05-40A7-9359-798FE5212859}.Release|Win32.Build.0 = Release|Win32
		{5C69A06F-5336-4EB3-9DA5-15F96B762333}.Debug|Win32.ActiveCfg = Debug|Win32
		{5C69A06F-5336-4EB3-9DA5-15F96B762333}.Debug|Win32.Build.0 = Debug|Win32
		{5C69A06F-5336-4EB3-9DA5-15F96B762333}.Release|Win32.ActiveCfg = Release|Win32
		{5C69A06F-5336-4EB3-9DA5-15F96B762333}.Release|Win32.Build.0 = Release|Win32
		{5C03FD70-6EB8-4FE2-B430-772941B8820E}.Debug|Win32.ActiveCfg = Debug|Win32
		{5C03FD70-6EB8-4FE2-B430-772941B8820E}.Debug|Win32.Build.0 = Debug|Win32
		{5C03FD70-6EB8-4FE2-B430-772941B8820E}.Release|Win32.ActiveCfg = Release|Win32
		{5C03FD70-6EB8-4FE2-B430-772941B8820E}.Release|Win32.Build.0 = Release|Win32
		{92DD89CB-1F80-428D-B11E-8179B9EA1B80}.Debug|Win32.ActiveCfg = Debug|Win32
		{92DD89CB-1F80-428D-B11E-8179B9EA1B80}.Debug|Win32.Build.0 = Debug|Win32
		{92DD89CB-1F80-428D-B11E-8179B9EA1B80}.Release|Win32.ActiveCfg = Release|Win32
		{92DD89CB-1F80-428D-B11E-8179B9EA1B80}.Release|Win32.Build.0 = Release|Win32
		{61C9C25B-78BA-4149-A3C1-B3B0052A0D26}.Debug|Win32.ActiveCfg = Debug|Win32
		{61C9C25B-78BA-4149-A3C1-B3B0052A0D26}.Debug|Win32.Build.0 = Debug|Win32
		{61C9C25B-78BA-4149-A3C1-B3B0052A0D26}.Release|Win32.ActiveCfg = Release|Win32
		{61C9C25B-78BA-4149-A3C1-B3B0052A0D26}.Release|Win32.Build.0 = Release|Win32
		{6DBA6137-E5D2-479F-ACB5-CE458083BD02}.Debug|Win32.ActiveCfg = Debug|Win32
		{6DBA6137-E5D2-479F-ACB5-CE458083BD02}.Debug|Win32.Build.0 = Debug|Win32
		{6DBA6137-E5D2-479F-ACB5-CE458083BD02}.Release|Win32.ActiveCfg = Release|Win32
		{6DBA6137-E5D2-479F-ACB5-CE458083BD02}.Release|Win32.Build.0 = Release|Win32
		{A718FC61-E954-470C-A498-748C3D3E7201}.Debug|Win32.ActiveCfg = Debug|Win32
		{A718FC61-E954-470C-A498-748C3D3E7201}.Debug|Win32.Build.0 = Debug|Win32
		{A718FC61-E954-470C-A498-748C3D3E7201}.Release|Win32.ActiveCfg = Release|Win32
		{A718FC61-E954-470C-A498-748C3D3E7201}.Release|Win32.Build.0 = Release|Win32
		{A34379A3-3D4A-4DCB-AD33-63859D71CA91}.Debug|Win32.ActiveCfg = Debug|Win32
		{A34379A3-3D4A-4DCB-AD33-63859D71CA91}.Debug|Win32.Build.0 = Debug|Win32
		{A34379A3-3D4A-4DCB-AD33-63859D71CA91}.Release|Win32.ActiveCfg = Release|Win32
		{A34379A3-3D4A-4DCB-AD33-63859D71CA91}.Release|Win32.Build.0 = Release|Win32
		{4D9DEE19-57E3-41DE-917A-2AA764438760}.Debug|Win32.ActiveCfg = Debug|Win32
		{4D9DEE19-57E3-41DE-917A-2AA764438760}.Debug|Win32.Build.0 = Debug|Win32
		{4D9DEE19-57E3-41DE-917A-2AA764438760}.Release|Win32.ActiveCfg = Release|Win32
		{4D9DEE19-57E3-41DE-917A-2AA764438760}.Release|Win32.Build.0 = Release|Win32
		{1A89CC58-74AD-44EE-8852-DF6863C53EDB}.Debug|Win32.ActiveCfg = Debug|Win32
		{1A89CC58-74AD-44EE-8852-DF6863C53EDB}.Debug|Win32.Build.0 = Debug|Win32
		{1A89CC58-74AD-44EE-8852-DF6863C53EDB}.Release|Win32.ActiveCfg = Release|Win32
		{1A89CC58-74AD-44EE-8852-DF6863C53EDB}.Release|Win32.Build.0 = Release|Win32
		{9B4E0417-FCE3-459E-91C7-8D2BE2F75F19}.Debug|Win32.ActiveCfg = Debug|Win32
		{9B4E0417-FCE3-459E-91C7-8D2BE2F75F19}.Debug|Win32.Build.0 = Debug|Win32
		{9B4E0417-FCE3-459E-91C7-8D2BE2F75F19}.Release|Win32.ActiveCfg = Release|Win32
		{9B4E0417-FCE3-459E-91C7-8D2BE2F75F19}.Release|Win32.Build.0 = Release|Win32
		{6D131653-1561-4D0D-B97E-69C6FE47D852}.Debug|Win32.ActiveCfg = Debug|Win32
		{6D131653-1561-4D0D-B97E-69C6FE47D852}.Debug|Win32.Build.0 = Debug|Win32
		{6D131653-1561-4D0D-B97E-69C6FE47D852}.Release|Win32.ActiveCfg = Release|Win32
		{6D131653-1561-4D0D-B97E-69C6FE47D852}.Release|Win32.Build.0 = Release|Win32
		{AB85C030-31EE-4C35-B817-ABAF8AFFB351}.Debug|Win32.ActiveCfg = Debug|Win32
		{AB85C030-31EE-4C35-B817-ABAF8AFFB351}.Debug|Win32.Build.0 = Debug|Win32
		{AB85C030-31EE-4C35-B817-ABAF8AFFB351}.Release|Win32.ActiveCfg = Release|Win32
		{AB85C030-31EE-4C35-B817-ABAF8AFFB351}.Release|Win32.Build.0 = Release|Win32
		{16B0C870-6588-4E94-B9E1-2259A27E1CB7}.Debug|Win32.ActiveCfg = Debug|Win32
		{16B0C870-6588-4E94-B9E1-2259A27E1CB7}.Debug|Win32.Build.0 = Debug|Win32
		{16B0C870-6588-4E94-B9E1-2259A27E1CB7}.Release|Win32.ActiveCfg = Release|Win32
		{16B0C870-6588-4E94-B9E1-2259A27E1CB7}.Release|Win32.Build.0 = Release|Win32
		{B24E0E3A-2563-45E5-BD88-90AF3FD9CDEF}.Debug|Win32.ActiveCfg = Debug|Win32
		{B24E0E3A-2563-45E5-BD88-90AF3FD9CDEF}.Debug|Win32.Build.0 = Debug|Win32
		{B24E0E3A-2563-45E5-BD88-90AF3FD9CDEF}.Release|Win32.ActiveCfg = Release|Win32
		{B24E0E3A-2563-45E5-BD88-90AF3FD9CDEF}.Release|Win32.Build.0 = Release|Win32
		{7341FCF2-42EC-462F-AAED-A670E6324B6F}.Debug|Win32.ActiveCfg = Debug|Win32
		{7341FCF2-42EC-462F-AAED-A670E6324B6F}.Debug|Win32.Build.0 = Debug|Win32
		{7341FCF2-42EC-462F-AAED-A670E6324B6F}.Release|Win32.ActiveCfg = Release|Win32
		{7341FCF2-42EC-462F-AAED-A670E6324B6F}.Release|Win32.Build.0 = Release|Win32
		{4644C491-28DF-49C2-BBCA-5D920A04A82C}.Debug|Win32.ActiveCfg = Debug|Win32
		{4644C491-28DF-49C2-BBCA-5D920A04A82C}.Debug|Win32.Build.0 = Debug|Win32
		{4644C491-28DF-49C2-BBCA-5D920A04A82C}.Release|Win32.ActiveCfg = Release|Win32
		{4644C491-28DF-49C2-BBCA-5D920A04A82C}.Release|Win32.Build.0 = Release|Win32
		{1A2F824C-6374-4471-B168-01E49C62F4A7}.Debug|Win32.ActiveCfg = Debug|Win32
		{1A2F824C-6374-4471-B168-01E49C62F4A7}.Debug|Win32.Build.0 = Debug|Win32
		{1A2F824C-6374-4471-B168-01E49C62F4A7}.Release|Win32.ActiveCfg = Release|Win32
		{1A2F824C-6374-4471-B168-01E49C62F4A7}.Release|Win32.Build.0 = Release|Win32
		{30336F48-9754-45B8-8A45-6EB3C5B82823}.Debug|Win32.ActiveCfg = Debug|Win32
		{30336F48-9754-45B8-8A45-6EB3C5B82823}.Debug|Win32.Build.0 = Debug|Win32
		{30336F48-9754-45B8-8A45-6EB3C5B82823}.Release|Win32.ActiveCfg = Release|Win32
		{30336F48-9754-45B8-8A45-6EB3C5B82823}.Release|Win32.Build.0 = Release|Win32
		{EA2C0180-E2C5-4FDB-A927-895FFC803589}.Debug|Win32.ActiveCfg = Debug|Win32
		{EA2C0180-E2C5-4FDB-A927-895FFC803589}.Debug|Win32.Build.0 = Debug|Win32
		{EA2C0180-E2C5-4FDB-A927-895FFC803589}.Release|Win32.ActiveCfg = Release|Win32
		{EA2C0180-E2C5-4FDB-A927-895FFC803589}.Release|Win32.Build.0 = Release|Win32
		{48CC7900-CAF1-4C80-9305-EE6DB00D1BB7}.Debug|Win32.ActiveCfg = Debug|Win32
		{48CC7900-CAF1-4C80-9305-EE6DB00D1BB7}.Debug|Win32.Build.0 = Debug|Win32
		{48CC7900-CAF1-4C80-9305-EE6DB00D1BB7}.Release|Win32.ActiveCfg = Release|Win32
		{48CC7900-CAF1-4C80-9305-EE6DB00D1BB7}.Release|Win32.Build.0 = Release|Win32
		{1BBD554B-2EB7-400E-AD00-987E34BE9169}.Debug|Win32.ActiveCfg = Debug|Win32
		{1BBD554B-2EB7-400E-AD00-987E34BE9169}.Debug|Win32.Build.0 = Debug|Win32
		{1BBD554B-2EB7-400E-AD00-987E34BE9169}.Release|Win32.ActiveCfg = Release|Win32
		{1BBD554B-2EB7-400E-AD00-987E34BE9169}.Release|Win32.Build.0 = Release|Win32
		{3AD18CEC-F200-427D-A0A1-7927AFD6A96A}.Debug|Win32.ActiveCfg = Debug|Win32
		{3AD18CEC-F200-427D-A0A1-7927AFD6A96A}.Debug|Win32.Build.0 = Debug|Win32
		{3AD18CEC-F200-427D-A0A1-7927AFD6A96A}.Release|Win32.ActiveCfg = Release|Win32
		{3AD18CEC-F200-427D-A0A1-7927AFD6A96A}.Release|Win32.Build.0 = Release|Win32
		{40C9D811-7FD5-46CD-BB29-FAB5E0FCD4EC}.Debug|Win32.ActiveCfg = Debug|Win32
		{40C9D811-7FD5-46CD-BB29-FAB5E0FCD4EC}.Debug|Win32.Build.0 = Debug|Win32
		{40C9D811-7FD5-46CD-BB29-FAB5E0FCD4EC}.Release|Win32.ActiveCfg = Release|Win32
		{40C9D811-7FD5-46CD-BB29-FAB5E0FCD4EC}.Release|Win32.Build.0 = Release|Win32
		{3D788FD4-C375-41E2-BA9F-8E823BE3EFDE}.Debug|Win32.ActiveCfg = Debug|Win32
		{3D788FD4-C375-41E2-BA9F-8E823BE3EFDE}.Debug|Win32.Build.0 = Debug|Win32
		{3D788FD4-C375-41E2-BA9F-8E823BE3EFDE}.Release|Win32.ActiveCfg = Release|Win32
		{3D788FD4-C375-41E2-BA9F-8E823BE3EFDE}.Release|Win32.Build.0 = Release|Win32
		{E0DAEB7C-6D12-4B39-9247-34D5F79EBC90}.Debug|Win32.ActiveCfg = Debug|Win32
		{E0DAEB7C-6D12-4B39-9247-34D5F79EBC90}.Debug|Win32.Build.0 = Debug|Win32
		{E0DAEB7C-6D12-4B39-9247-34D5F79EBC90}.Release|Win32.ActiveCfg = Release|Win32
		{E0DAEB7C-6D12-4B39-9247-34D5F79EBC90}.Release|Win32.Build.0 = Release|Win32
		{D0DFDA2C-4A95-4752-9B55-D976A8F3DEFE}.Debug|Win32.ActiveCfg = Debug|Win32
		{D0DFDA2C-4A95-4752-9B55-D976A8F3DEFE}.Debug|Win32.Build.0 = Debug|Win32
		{D0DFDA2C-4A95-4752-9B55-D976A8F3DEFE}.Release|Win32.ActiveCfg = Release|Win32
		{D0DFDA2C-4A95-4752-9B55-D976A8F3DEFE}.Release|Win32.Build.0 = Release|Win32
		{F3DD9865-2384-4511-B723-66F8FD09E95A}.Debug|Win32.ActiveCfg = Debug|Win32
		{F3DD9865-2384-4511-B723-66F8FD09E95A}.Debug|Win32.Build.0 = Debug|Win32
		{F3DD9865-2384-4511-B723-66F8FD09E95A}.Release|Win32.ActiveCfg = Release|Win32
		{F3DD9865-2384-4511-B723-66F8FD09E95A}.Release|Win32.Build.0 = Release|Win32
		{5D6D6C62-5FE3-46E0-AD49-020574300891}.Debug|Win32.ActiveCfg = Debug|Win32
		{5D6D6C62-5FE3-46E0-AD49-020574300891}.Debug|Win32.Build.0 = Debug|Win32
		{5D6D6C62-5FE3-46E0-AD49-020574300891}.Release|Win32.ActiveCfg = Release|Win32
		{5D6D6C62-5FE3-46E0-AD49-020574300891}.Release|Win32.Build.0 = Release|Win32
		{461DA80D-FDC1-45CF-93FA-CDC1A203A33E}.Debug|Win32.ActiveCfg = Debug|Win32
		{461DA80D-FDC1-45CF-93FA-CDC1A203A33E}.Debug|Win32.Build.0 = Debug|Win32
		{461DA80D-FDC1-45CF-93FA-CDC1A203A33E}.Release|Win32.ActiveCfg = Release|Win32
		{461DA80D-FDC1-45CF-93FA-CDC1A203A33E}.Release|Win32.Build.0 = Release|Win32
		{1CD3CEBE-E431-4A79-BE80-0355BE880464}.Debug|Win32.ActiveCfg = Debug|Win32
		{1CD3CEBE-E431-4A79-BE80-0355BE880464}.Debug|Win32.Build.0 = Debug|Win32
		{1CD3CEBE-E431-4A79-BE80-0355BE880464}.Release|Win32.ActiveCfg = Release|Win32
		{1CD3CEBE-E431-4A79-BE80-0355BE880464}.Release|Win32.Build.0 = Release|Win32
		{C8066627-D7A2-44ED-917B-54C4DE468A3A}.Debug|Win32.ActiveCfg = Debug|Win32
		{C8066627-D7A2-44ED-917B-54C4DE468A3A}.Debug|Win32.Build.0 = Debug|Win32
		{C8066627-D7A2-44ED-917B-54C4DE468A3A}.Release|Win32.ActiveCfg = Release|Win32
		{C8066627-D7A2-44ED-917B-54C4DE468A3A}.Release|Win32.Build.0 = Release|Win32
		{2BE2C486-C230-4A17-A830-8FD427CECC7B}.Debug|Win32.ActiveCfg = Debug|Win32
		{2BE2C486-C230-4A17-A830-8FD427CECC7B}.Debug|Win32.Build.0 = Debug|Win32
		{2BE2C486-C230-4A17-A830-8FD427CECC7B}.Release|Win32.ActiveCfg = Release|Win32
		{2BE2C486-C230-4A17-A830-8FD427CECC7B}.Release|Win32.Build.0 = Release|Win32
		{CBB60042-2312-4EF8-B4AF-2E011E95FC41}.Debug|Win32.ActiveCfg = Debug|Win32
		{CBB60042-2312-4EF8-B4AF-2E011E95FC41}.Debug|Win32.Build.0 = Debug|Win32
		{CBB60042-2312-4EF8-B4AF-2E011E95FC41}.Release|Win32.ActiveCfg = Release|Win32
		{CBB60042-2312-4EF8-B4AF-2E011E95FC41}.Release|Win32.Build.0 = Release|Win32
		{B4877A15-A76F-414E-98EA-D5D0A09B2040}.Debug|Win32.ActiveCfg = Debug|Win32
		{B4877A15-A76F-414E-98EA-D5D0A09B2040}.Debug|Win32.Build.0 = Debug|Win32
		{B4877A15-A76F-414E-98EA-D5D0A09B2040}.Release|Win32.ActiveCfg = Release|Win32
		{B4877A15-A76F-414E-98EA-D5D0A09B2040}.Release|Win32.Build.0 = Release|Win32
		{6A47FB3E-C462-4674-AA5B-6FC4872937FF}.Debug|Win32.ActiveCfg = Debug|Win32
		{6A47FB3E-C462-4674-AA5B-6FC4872937FF}.Debug|Win32.Build.0 = Debug|Win32
		{6A47FB3E-C462-4674-AA5B-6FC4872937FF}.Release|Win32.ActiveCfg = Release|Win32
		{6A47FB3E-C462-4674-AA5B-6FC4872937FF}.Release|Win32.Build.0 = Release|Win32
		{05BFA5BF-B394-4398-9EEA-DB61CA51F9AD}.Debug|Win32.ActiveCfg = Debug|Win32
		{05BFA5BF-B394-4398-9EEA-DB61CA51F9AD}.Debug|Win32.Build.0 = Debug|Win32
		{05BFA5BF-B394-4398-9EEA-DB61CA51F9AD}.Release|Win32.ActiveCfg = Release|Win32
		{05BFA5BF-B394-4398-9EEA-DB61CA51F9AD}.Release|Win32.Build.0 = Release|Win32
		{372DB713-AE97-4A9F-8DBB-DC7942D91A96}.Debug|Win32.ActiveCfg = Debug|Win32
		{372DB713-AE97-4A9F-8DBB-DC7942D91A96}.Debug|Win32.Build.0 = Debug|Win32
		{372DB713-AE97-4A9F-8DBB-DC7942D91A96}.Release|Win32.ActiveCfg = Release|Win32
		{372DB713-AE97-4A9F-8DBB-DC7942D91A96}.Release|Win32.Build.0 = Release|Win32
		{7C8F9547-6F3A-4A3B-815A-50FD8C2454CE}.Debug|Win32.ActiveCfg = Debug|Win32
		{7C8F9547-6F3A-4A3B-815A-50FD8C2454CE}.Debug|Win32.Build.0 = Debug|Win32
		{7C8F9547-6F3A-4A3B-815A-50FD8C2454CE}.Release|Win32.ActiveCfg = Release|Win32
		{7C8F9547-6F3A-4A3B-815A-50FD8C2454CE}.Release|Win32.Build.0 = Release|Win32
		{E20B17AC-F5BC-4BDA-B481-57768688D1FB}.Debug|Win32.ActiveCfg = Debug|Win32
		{E20B17AC-F5BC-4BDA-B481-57768688D1FB}.Debug|Win32.Build.0 = Debug|Win32
		{E20B17AC-F5BC-4BDA-B481-57768688D1FB}.Release|Win32.ActiveCfg = Release|Win32
		{E20B17AC-F5BC-4BDA-B481-57768688D1FB}.Release|Win32.Build.0 = Release|Win32
	EndGlobalSection
	GlobalSection(SolutionProperties) = preSolution
		HideSolutionNode = FALSE
	EndGlobalSection
	GlobalSection(NestedProjects) = preSolution
		{02CEF714-8D1D-474A-9E27-AC3E31AE3E07} = {5FB57A4B-4A03-4A56-A671-1C24043717C5}
		{D4816F17-E0FA-4BA2-9DCE-BFD285EEBE10} = {5FB57A4B-4A03-4A56-A671-1C24043717C5}
		{8BD45293-37E8-44D3-AA73-E8EEE20DAD93} = {02CEF714-8D1D-474A-9E27-AC3E31AE3E07}
		{C31534A3-7D71-4EF5-A424-393788B6C797} = {02CEF714-8D1D-474A-9E27-AC3E31AE3E07}
		{A41CDDB8-A622-495C-8DFE-4CF7F0E0F590} = {02CEF714-8D1D-474A-9E27-AC3E31AE3E07}
		{173E5931-EE05-40A7-9359-798FE5212859} = {02CEF714-8D1D-474A-9E27-AC3E31AE3E07}
		{92DD89CB-1F80-428D-B11E-8179B9EA1B80} = {02CEF714-8D1D-474A-9E27-AC3E31AE3E07}
		{1BBD554B-2EB7-400E-AD00-987E34BE9169} = {02CEF714-8D1D-474A-9E27-AC3E31AE3E07}
		{3AD18CEC-F200-427D-A0A1-7927AFD6A96A} = {02CEF714-8D1D-474A-9E27-AC3E31AE3E07}
		{1CD3CEBE-E431-4A79-BE80-0355BE880464} = {02CEF714-8D1D-474A-9E27-AC3E31AE3E07}
		{2BE2C486-C230-4A17-A830-8FD427CECC7B} = {02CEF714-8D1D-474A-9E27-AC3E31AE3E07}
		{E20B17AC-F5BC-4BDA-B481-57768688D1FB} = {02CEF714-8D1D-474A-9E27-AC3E31AE3E07}
		{57138AC2-B5B7-4629-87F7-DF44BF55F68F} = {D4816F17-E0FA-4BA2-9DCE-BFD285EEBE10}
		{FB2D2623-B69F-4048-84D3-CD300E7A73AC} = {D4816F17-E0FA-4BA2-9DCE-BFD285EEBE10}
		{5C69A06F-5336-4EB3-9DA5-15F96B762333} = {D4816F17-E0FA-4BA2-9DCE-BFD285EEBE10}
		{5C03FD70-6EB8-4FE2-B430-772941B8820E} = {D4816F17-E0FA-4BA2-9DCE-BFD285EEBE10}
		{61C9C25B-78BA-4149-A3C1-B3B0052A0D26} = {D4816F17-E0FA-4BA2-9DCE-BFD285EEBE10}
		{6DBA6137-E5D2-479F-ACB5-CE458083BD02} = {D4816F17-E0FA-4BA2-9DCE-BFD285EEBE10}
		{A34379A3-3D4A-4DCB-AD33-63859D71CA91} = {D4816F17-E0FA-4BA2-9DCE-BFD285EEBE10}
		{4D9DEE19-57E3-41DE-917A-2AA764438760} = {D4816F17-E0FA-4BA2-9DCE-BFD285EEBE10}
		{1A89CC58-74AD-44EE-8852-DF6863C53EDB} = {D4816F17-E0FA-4BA2-9DCE-BFD285EEBE10}
		{9B4E0417-FCE3-459E-91C7-8D2BE2F75F19} = {D4816F17-E0FA-4BA2-9DCE-BFD285EEBE10}
		{6D131653-1561-4D0D-B97E-69C6FE47D852} = {D4816F17-E0FA-4BA2-9DCE-BFD285EEBE10}
		{AB85C030-31EE-4C35-B817-ABAF8AFFB351} = {D4816F17-E0FA-4BA2-9DCE-BFD285EEBE10}
		{16B0C870-6588-4E94-B9E1-2259A27E1CB7} = {D4816F17-E0FA-4BA2-9DCE-BFD285EEBE10}
		{B24E0E3A-2563-45E5-BD88-90AF3FD9CDEF} = {D4816F17-E0FA-4BA2-9DCE-BFD285EEBE10}
		{7341FCF2-42EC-462F-AAED-A670E6324B6F} = {D4816F17-E0FA-4BA2-9DCE-BFD285EEBE10}
		{4644C491-28DF-49C2-BBCA-5D920A04A82C} = {D4816F17-E0FA-4BA2-9DCE-BFD285EEBE10}
		{1A2F824C-6374-4471-B168-01E49C62F4A7} = {D4816F17-E0FA-4BA2-9DCE-BFD285EEBE10}
		{30336F48-9754-45B8-8A45-6EB3C5B82823} = {D4816F17-E0FA-4BA2-9DCE-BFD285EEBE10}
		{EA2C0180-E2C5-4FDB-A927-895FFC803589} = {D4816F17-E0FA-4BA2-9DCE-BFD285EEBE10}
		{48CC7900-CAF1-4C80-9305-EE6DB00D1BB7} = {D4816F17-E0FA-4BA2-9DCE-BFD285EEBE10}
		{40C9D811-7FD5-46CD-BB29-FAB5E0FCD4EC} = {D4816F17-E0FA-4BA2-9DCE-BFD285EEBE10}
		{3D788FD4-C375-41E2-BA9F-8E823BE3EFDE} = {D4816F17-E0FA-4BA2-9DCE-BFD285EEBE10}
		{E0DAEB7C-6D12-4B39-9247-34D5F79EBC90} = {D4816F17-E0FA-4BA2-9DCE-BFD285EEBE10}
		{D0DFDA2C-4A95-4752-9B55-D976A8F3DEFE} = {D4816F17-E0FA-4BA2-9DCE-BFD285EEBE10}
		{F3DD9865-2384-4511-B723-66F8FD09E95A} = {D4816F17-E0FA-4BA2-9DCE-BFD285EEBE10}
		{5D6D6C62-5FE3-46E0-AD49-020574300891} = {D4816F17-E0FA-4BA2-9DCE-BFD285EEBE10}
		{461DA80D-FDC1-45CF-93FA-CDC1A203A33E} = {D4816F17-E0FA-4BA2-9DCE-BFD285EEBE10}
		{C8066627-D7A2-44ED-917B-54C4DE468A3A} = {D4816F17-E0FA-4BA2-9DCE-BFD285EEBE10}
		{CBB60042-2312-4EF8-B4AF-2E011E95FC41} = {D4816F17-E0FA-4BA2-9DCE-BFD285EEBE10}
		{B4877A15-A76F-414E-98EA-D5D0A09B2040} = {D4816F17-E0FA-4BA2-9DCE-BFD285EEBE10}
		{6A47FB3E-C462-4674-AA5B-6FC4872937FF} = {D4816F17-E0FA-4BA2-9DCE-BFD285EEBE10}
		{05BFA5BF-B394-4398-9EEA-DB61CA51F9AD} = {D4816F17-E0FA-4BA2-9DCE-BFD285EEBE10}
		{F8D3727D-F611-4B04-8BA8-29B516E9953D} = {D4816F17-E0FA-4BA2-9DCE-BFD285EEBE10}
		{5847B53F-C291-4DDE-A619-DA0988C71492} = {F9C1C564-A940-4974-AECA-109EC4532B50}
		{A718FC61-E954-470C-A498-748C3D3E7201} = {40BAED83-E840-479B-A7C9-D41432C3E61D}
		{372DB713-AE97-4A9F-8DBB-DC7942D91A96} = {2727AC2F-D5F9-4AD3-9D30-733332275A93}
		{7C8F9547-6F3A-4A3B-815A-50FD8C2454CE} = {2727AC2F-D5F9-4AD3-9D30-733332275A93}
	EndGlobalSection
EndGlobal
