
Microsoft Visual Studio Solution File, Format Version 9.00
# Visual Studio 2005
Project("{2150E333-8FDC-42A3-9474-1A3956D46DE8}") = "http", "http", "{D4816F17-E0FA-4BA2-9DCE-BFD285EEBE10}"
EndProject
Project("{2150E333-8FDC-42A3-9474-1A3956D46DE8}") = "master", "master", "{02CEF714-8D1D-474A-9E27-AC3E31AE3E07}"
EndProject
Project("{8BC9CEB8-8B4A-11D0-8D11-00A0C91BC942}") = "wx", "http\wx\wx.vcproj", "{F8D3727D-F611-4B04-8BA8-29B516E9953D}"
EndProject
Project("{2150E333-8FDC-42A3-9474-1A3956D46DE8}") = "public", "public", "{F9C1C564-A940-4974-AECA-109EC4532B50}"
EndProject
Project("{8BC9CEB8-8B4A-11D0-8D11-00A0C91BC942}") = "public", "public\public.vcproj", "{5847B53F-C291-4DDE-A619-DA0988C71492}"
EndProject
Project("{8BC9CEB8-8B4A-11D0-8D11-00A0C91BC942}") = "core", "master\core\core.vcproj", "{8BD45293-37E8-44D3-AA73-E8EEE20DAD93}"
EndProject
Project("{8BC9CEB8-8B4A-11D0-8D11-00A0C91BC942}") = "hfcsrv", "master\hfcsrv\hfcsrv.vcproj", "{C31534A3-7D71-4EF5-A424-393788B6C797}"
EndProject
Project("{8BC9CEB8-8B4A-11D0-8D11-00A0C91BC942}") = "test", "master\test\test.vcproj", "{A41CDDB8-A622-495C-8DFE-4CF7F0E0F590}"
EndProject
Project("{8BC9CEB8-8B4A-11D0-8D11-00A0C91BC942}") = "idp", "http\idp\idp.vcproj", "{57138AC2-B5B7-4629-87F7-DF44BF55F68F}"
EndProject
Project("{8BC9CEB8-8B4A-11D0-8D11-00A0C91BC942}") = "regedit", "http\regedit\regedit.vcproj", "{FB2D2623-B69F-4048-84D3-CD300E7A73AC}"
EndProject
Project("{8BC9CEB8-8B4A-11D0-8D11-00A0C91BC942}") = "usr_mgr", "master\usr_mgr\usr_mgr.vcproj", "{173E5931-EE05-40A7-9359-798FE5212859}"
EndProject
Project("{8BC9CEB8-8B4A-11D0-8D11-00A0C91BC942}") = "updateusr", "http\updateusr\updateusr.vcproj", "{5C69A06F-5336-4EB3-9DA5-15F96B762333}"
EndProject
Project("{8BC9CEB8-8B4A-11D0-8D11-00A0C91BC942}") = "userinfo", "http\userinfo\userinfo.vcproj", "{5C03FD70-6EB8-4FE2-B430-772941B8820E}"
EndProject
Project("{8BC9CEB8-8B4A-11D0-8D11-00A0C91BC942}") = "music", "http\music\music.vcproj", "{92DD89CB-1F80-428D-B11E-8179B9EA1B80}"
EndProject
Project("{8BC9CEB8-8B4A-11D0-8D11-00A0C91BC942}") = "channel", "http\channel\channel.vcproj", "{61C9C25B-78BA-4149-A3C1-B3B0052A0D26}"
EndProject
Project("{8BC9CEB8-8B4A-11D0-8D11-00A0C91BC942}") = "channel_song", "http\channel_song\channel_song.vcproj", "{6DBA6137-E5D2-479F-ACB5-CE458083BD02}"
EndProject
Project("{2150E333-8FDC-42A3-9474-1A3956D46DE8}") = "robot", "robot", "{40BAED83-E840-479B-A7C9-D41432C3E61D}"
EndProject
Project("{8BC9CEB8-8B4A-11D0-8D11-00A0C91BC942}") = "robot", "robot\robot.vcproj", "{A718FC61-E954-470C-A498-748C3D3E7201}"
EndProject
Project("{8BC9CEB8-8B4A-11D0-8D11-00A0C91BC942}") = "getword", "http\getword\getword.vcproj", "{A34379A3-3D4A-4DCB-AD33-63859D71CA91}"
EndProject
Project("{8BC9CEB8-8B4A-11D0-8D11-00A0C91BC942}") = "word_song", "http\word_song\word_song.vcproj", "{4D9DEE19-57E3-41DE-917A-2AA764438760}"
EndProject
Project("{8BC9CEB8-8B4A-11D0-8D11-00A0C91BC942}") = "guest", "http\guest\guest.vcproj", "{1A89CC58-74AD-44EE-8852-DF6863C53EDB}"
EndProject
Project("{8BC9CEB8-8B4A-11D0-8D11-00A0C91BC942}") = "mzlib", "http\mzlib\mzlib.vcproj", "{9B4E0417-FCE3-459E-91C7-8D2BE2F75F19}"
EndProject
Project("{8BC9CEB8-8B4A-11D0-8D11-00A0C91BC942}") = "songid", "http\songid\songid.vcproj", "{6D131653-1561-4D0D-B97E-69C6FE47D852}"
EndProject
Global
	GlobalSection(SolutionConfigurationPlatforms) = preSolution
		Debug|Win32 = Debug|Win32
		Release|Win32 = Release|Win32
	EndGlobalSection
	GlobalSection(ProjectConfigurationPlatforms) = postSolution
		{F8D3727D-F611-4B04-8BA8-29B516E9953D}.Debug|Win32.ActiveCfg = Debug|Win32
		{F8D3727D-F611-4B04-8BA8-29B516E9953D}.Debug|Win32.Build.0 = Debug|Win32
		{F8D3727D-F611-4B04-8BA8-29B516E9953D}.Release|Win32.ActiveCfg = Release|Win32
		{F8D3727D-F611-4B04-8BA8-29B516E9953D}.Release|Win32.Build.0 = Release|Win32
		{5847B53F-C291-4DDE-A619-DA0988C71492}.Debug|Win32.ActiveCfg = Debug|Win32
		{5847B53F-C291-4DDE-A619-DA0988C71492}.Debug|Win32.Build.0 = Debug|Win32
		{5847B53F-C291-4DDE-A619-DA0988C71492}.Release|Win32.ActiveCfg = Release|Win32
		{5847B53F-C291-4DDE-A619-DA0988C71492}.Release|Win32.Build.0 = Release|Win32
		{8BD45293-37E8-44D3-AA73-E8EEE20DAD93}.Debug|Win32.ActiveCfg = Debug|Win32
		{8BD45293-37E8-44D3-AA73-E8EEE20DAD93}.Debug|Win32.Build.0 = Debug|Win32
		{8BD45293-37E8-44D3-AA73-E8EEE20DAD93}.Release|Win32.ActiveCfg = Release|Win32
		{8BD45293-37E8-44D3-AA73-E8EEE20DAD93}.Release|Win32.Build.0 = Release|Win32
		{C31534A3-7D71-4EF5-A424-393788B6C797}.Debug|Win32.ActiveCfg = Debug|Win32
		{C31534A3-7D71-4EF5-A424-393788B6C797}.Debug|Win32.Build.0 = Debug|Win32
		{C31534A3-7D71-4EF5-A424-393788B6C797}.Release|Win32.ActiveCfg = Release|Win32
		{C31534A3-7D71-4EF5-A424-393788B6C797}.Release|Win32.Build.0 = Release|Win32
		{A41CDDB8-A622-495C-8DFE-4CF7F0E0F590}.Debug|Win32.ActiveCfg = Debug|Win32
		{A41CDDB8-A622-495C-8DFE-4CF7F0E0F590}.Debug|Win32.Build.0 = Debug|Win32
		{A41CDDB8-A622-495C-8DFE-4CF7F0E0F590}.Release|Win32.ActiveCfg = Release|Win32
		{A41CDDB8-A622-495C-8DFE-4CF7F0E0F590}.Release|Win32.Build.0 = Release|Win32
		{57138AC2-B5B7-4629-87F7-DF44BF55F68F}.Debug|Win32.ActiveCfg = Debug|Win32
		{57138AC2-B5B7-4629-87F7-DF44BF55F68F}.Debug|Win32.Build.0 = Debug|Win32
		{57138AC2-B5B7-4629-87F7-DF44BF55F68F}.Release|Win32.ActiveCfg = Release|Win32
		{57138AC2-B5B7-4629-87F7-DF44BF55F68F}.Release|Win32.Build.0 = Release|Win32
		{FB2D2623-B69F-4048-84D3-CD300E7A73AC}.Debug|Win32.ActiveCfg = Debug|Win32
		{FB2D2623-B69F-4048-84D3-CD300E7A73AC}.Debug|Win32.Build.0 = Debug|Win32
		{FB2D2623-B69F-4048-84D3-CD300E7A73AC}.Release|Win32.ActiveCfg = Release|Win32
		{FB2D2623-B69F-4048-84D3-CD300E7A73AC}.Release|Win32.Build.0 = Release|Win32
		{173E5931-EE05-40A7-9359-798FE5212859}.Debug|Win32.ActiveCfg = Debug|Win32
		{173E5931-EE05-40A7-9359-798FE5212859}.Debug|Win32.Build.0 = Debug|Win32
		{173E5931-EE05-40A7-9359-798FE5212859}.Release|Win32.ActiveCfg = Release|Win32
		{173E5931-EE05-40A7-9359-798FE5212859}.Release|Win32.Build.0 = Release|Win32
		{5C69A06F-5336-4EB3-9DA5-15F96B762333}.Debug|Win32.ActiveCfg = Debug|Win32
		{5C69A06F-5336-4EB3-9DA5-15F96B762333}.Debug|Win32.Build.0 = Debug|Win32
		{5C69A06F-5336-4EB3-9DA5-15F96B762333}.Release|Win32.ActiveCfg = Release|Win32
		{5C69A06F-5336-4EB3-9DA5-15F96B762333}.Release|Win32.Build.0 = Release|Win32
		{5C03FD70-6EB8-4FE2-B430-772941B8820E}.Debug|Win32.ActiveCfg = Debug|Win32
		{5C03FD70-6EB8-4FE2-B430-772941B8820E}.Debug|Win32.Build.0 = Debug|Win32
		{5C03FD70-6EB8-4FE2-B430-772941B8820E}.Release|Win32.ActiveCfg = Release|Win32
		{5C03FD70-6EB8-4FE2-B430-772941B8820E}.Release|Win32.Build.0 = Release|Win32
		{92DD89CB-1F80-428D-B11E-8179B9EA1B80}.Debug|Win32.ActiveCfg = Debug|Win32
		{92DD89CB-1F80-428D-B11E-8179B9EA1B80}.Debug|Win32.Build.0 = Debug|Win32
		{92DD89CB-1F80-428D-B11E-8179B9EA1B80}.Release|Win32.ActiveCfg = Release|Win32
		{92DD89CB-1F80-428D-B11E-8179B9EA1B80}.Release|Win32.Build.0 = Release|Win32
		{61C9C25B-78BA-4149-A3C1-B3B0052A0D26}.Debug|Win32.ActiveCfg = Debug|Win32
		{61C9C25B-78BA-4149-A3C1-B3B0052A0D26}.Debug|Win32.Build.0 = Debug|Win32
		{61C9C25B-78BA-4149-A3C1-B3B0052A0D26}.Release|Win32.ActiveCfg = Release|Win32
		{61C9C25B-78BA-4149-A3C1-B3B0052A0D26}.Release|Win32.Build.0 = Release|Win32
		{6DBA6137-E5D2-479F-ACB5-CE458083BD02}.Debug|Win32.ActiveCfg = Debug|Win32
		{6DBA6137-E5D2-479F-ACB5-CE458083BD02}.Debug|Win32.Build.0 = Debug|Win32
		{6DBA6137-E5D2-479F-ACB5-CE458083BD02}.Release|Win32.ActiveCfg = Release|Win32
		{6DBA6137-E5D2-479F-ACB5-CE458083BD02}.Release|Win32.Build.0 = Release|Win32
		{A718FC61-E954-470C-A498-748C3D3E7201}.Debug|Win32.ActiveCfg = Debug|Win32
		{A718FC61-E954-470C-A498-748C3D3E7201}.Debug|Win32.Build.0 = Debug|Win32
		{A718FC61-E954-470C-A498-748C3D3E7201}.Release|Win32.ActiveCfg = Release|Win32
		{A718FC61-E954-470C-A498-748C3D3E7201}.Release|Win32.Build.0 = Release|Win32
		{A34379A3-3D4A-4DCB-AD33-63859D71CA91}.Debug|Win32.ActiveCfg = Debug|Win32
		{A34379A3-3D4A-4DCB-AD33-63859D71CA91}.Debug|Win32.Build.0 = Debug|Win32
		{A34379A3-3D4A-4DCB-AD33-63859D71CA91}.Release|Win32.ActiveCfg = Release|Win32
		{A34379A3-3D4A-4DCB-AD33-63859D71CA91}.Release|Win32.Build.0 = Release|Win32
		{4D9DEE19-57E3-41DE-917A-2AA764438760}.Debug|Win32.ActiveCfg = Debug|Win32
		{4D9DEE19-57E3-41DE-917A-2AA764438760}.Debug|Win32.Build.0 = Debug|Win32
		{4D9DEE19-57E3-41DE-917A-2AA764438760}.Release|Win32.ActiveCfg = Release|Win32
		{4D9DEE19-57E3-41DE-917A-2AA764438760}.Release|Win32.Build.0 = Release|Win32
		{1A89CC58-74AD-44EE-8852-DF6863C53EDB}.Debug|Win32.ActiveCfg = Debug|Win32
		{1A89CC58-74AD-44EE-8852-DF6863C53EDB}.Debug|Win32.Build.0 = Debug|Win32
		{1A89CC58-74AD-44EE-8852-DF6863C53EDB}.Release|Win32.ActiveCfg = Release|Win32
		{1A89CC58-74AD-44EE-8852-DF6863C53EDB}.Release|Win32.Build.0 = Release|Win32
		{9B4E0417-FCE3-459E-91C7-8D2BE2F75F19}.Debug|Win32.ActiveCfg = Debug|Win32
		{9B4E0417-FCE3-459E-91C7-8D2BE2F75F19}.Debug|Win32.Build.0 = Debug|Win32
		{9B4E0417-FCE3-459E-91C7-8D2BE2F75F19}.Release|Win32.ActiveCfg = Release|Win32
		{9B4E0417-FCE3-459E-91C7-8D2BE2F75F19}.Release|Win32.Build.0 = Release|Win32
		{6D131653-1561-4D0D-B97E-69C6FE47D852}.Debug|Win32.ActiveCfg = Debug|Win32
		{6D131653-1561-4D0D-B97E-69C6FE47D852}.Debug|Win32.Build.0 = Debug|Win32
		{6D131653-1561-4D0D-B97E-69C6FE47D852}.Release|Win32.ActiveCfg = Release|Win32
		{6D131653-1561-4D0D-B97E-69C6FE47D852}.Release|Win32.Build.0 = Release|Win32
	EndGlobalSection
	GlobalSection(SolutionProperties) = preSolution
		HideSolutionNode = FALSE
	EndGlobalSection
	GlobalSection(NestedProjects) = preSolution
		{F8D3727D-F611-4B04-8BA8-29B516E9953D} = {D4816F17-E0FA-4BA2-9DCE-BFD285EEBE10}
		{57138AC2-B5B7-4629-87F7-DF44BF55F68F} = {D4816F17-E0FA-4BA2-9DCE-BFD285EEBE10}
		{FB2D2623-B69F-4048-84D3-CD300E7A73AC} = {D4816F17-E0FA-4BA2-9DCE-BFD285EEBE10}
		{5C69A06F-5336-4EB3-9DA5-15F96B762333} = {D4816F17-E0FA-4BA2-9DCE-BFD285EEBE10}
		{5C03FD70-6EB8-4FE2-B430-772941B8820E} = {D4816F17-E0FA-4BA2-9DCE-BFD285EEBE10}
		{61C9C25B-78BA-4149-A3C1-B3B0052A0D26} = {D4816F17-E0FA-4BA2-9DCE-BFD285EEBE10}
		{6DBA6137-E5D2-479F-ACB5-CE458083BD02} = {D4816F17-E0FA-4BA2-9DCE-BFD285EEBE10}
		{A34379A3-3D4A-4DCB-AD33-63859D71CA91} = {D4816F17-E0FA-4BA2-9DCE-BFD285EEBE10}
		{4D9DEE19-57E3-41DE-917A-2AA764438760} = {D4816F17-E0FA-4BA2-9DCE-BFD285EEBE10}
		{1A89CC58-74AD-44EE-8852-DF6863C53EDB} = {D4816F17-E0FA-4BA2-9DCE-BFD285EEBE10}
		{9B4E0417-FCE3-459E-91C7-8D2BE2F75F19} = {D4816F17-E0FA-4BA2-9DCE-BFD285EEBE10}
		{6D131653-1561-4D0D-B97E-69C6FE47D852} = {D4816F17-E0FA-4BA2-9DCE-BFD285EEBE10}
		{8BD45293-37E8-44D3-AA73-E8EEE20DAD93} = {02CEF714-8D1D-474A-9E27-AC3E31AE3E07}
		{C31534A3-7D71-4EF5-A424-393788B6C797} = {02CEF714-8D1D-474A-9E27-AC3E31AE3E07}
		{A41CDDB8-A622-495C-8DFE-4CF7F0E0F590} = {02CEF714-8D1D-474A-9E27-AC3E31AE3E07}
		{173E5931-EE05-40A7-9359-798FE5212859} = {02CEF714-8D1D-474A-9E27-AC3E31AE3E07}
		{92DD89CB-1F80-428D-B11E-8179B9EA1B80} = {02CEF714-8D1D-474A-9E27-AC3E31AE3E07}
		{5847B53F-C291-4DDE-A619-DA0988C71492} = {F9C1C564-A940-4974-AECA-109EC4532B50}
		{A718FC61-E954-470C-A498-748C3D3E7201} = {40BAED83-E840-479B-A7C9-D41432C3E61D}
	EndGlobalSection
EndGlobal
