
Microsoft Visual Studio Solution File, Format Version 9.00
# Visual Studio 2005
Project("{2150E333-8FDC-42A3-9474-1A3956D46DE8}") = "http", "http", "{D4816F17-E0FA-4BA2-9DCE-BFD285EEBE10}"
EndProject
Project("{2150E333-8FDC-42A3-9474-1A3956D46DE8}") = "master", "master", "{02CEF714-8D1D-474A-9E27-AC3E31AE3E07}"
EndProject
Project("{8BC9CEB8-8B4A-11D0-8D11-00A0C91BC942}") = "wx", "http\wx\wx.vcproj", "{F8D3727D-F611-4B04-8BA8-29B516E9953D}"
EndProject
Project("{2150E333-8FDC-42A3-9474-1A3956D46DE8}") = "public", "public", "{F9C1C564-A940-4974-AECA-109EC4532B50}"
EndProject
Project("{8BC9CEB8-8B4A-11D0-8D11-00A0C91BC942}") = "public", "public\public.vcproj", "{5847B53F-C291-4DDE-A619-DA0988C71492}"
EndProject
Project("{8BC9CEB8-8B4A-11D0-8D11-00A0C91BC942}") = "core", "master\core\core.vcproj", "{8BD45293-37E8-44D3-AA73-E8EEE20DAD93}"
EndProject
Project("{8BC9CEB8-8B4A-11D0-8D11-00A0C91BC942}") = "hfcsrv", "master\hfcsrv\hfcsrv.vcproj", "{C31534A3-7D71-4EF5-A424-393788B6C797}"
EndProject
Project("{8BC9CEB8-8B4A-11D0-8D11-00A0C91BC942}") = "test", "master\test\test.vcproj", "{A41CDDB8-A622-495C-8DFE-4CF7F0E0F590}"
EndProject
Project("{8BC9CEB8-8B4A-11D0-8D11-00A0C91BC942}") = "idp", "http\idp\idp.vcproj", "{57138AC2-B5B7-4629-87F7-DF44BF55F68F}"
EndProject
Global
	GlobalSection(SolutionConfigurationPlatforms) = preSolution
		Debug|Win32 = Debug|Win32
		Release|Win32 = Release|Win32
	EndGlobalSection
	GlobalSection(ProjectConfigurationPlatforms) = postSolution
		{F8D3727D-F611-4B04-8BA8-29B516E9953D}.Debug|Win32.ActiveCfg = Debug|Win32
		{F8D3727D-F611-4B04-8BA8-29B516E9953D}.Debug|Win32.Build.0 = Debug|Win32
		{F8D3727D-F611-4B04-8BA8-29B516E9953D}.Release|Win32.ActiveCfg = Release|Win32
		{F8D3727D-F611-4B04-8BA8-29B516E9953D}.Release|Win32.Build.0 = Release|Win32
		{5847B53F-C291-4DDE-A619-DA0988C71492}.Debug|Win32.ActiveCfg = Debug|Win32
		{5847B53F-C291-4DDE-A619-DA0988C71492}.Debug|Win32.Build.0 = Debug|Win32
		{5847B53F-C291-4DDE-A619-DA0988C71492}.Release|Win32.ActiveCfg = Release|Win32
		{5847B53F-C291-4DDE-A619-DA0988C71492}.Release|Win32.Build.0 = Release|Win32
		{8BD45293-37E8-44D3-AA73-E8EEE20DAD93}.Debug|Win32.ActiveCfg = Debug|Win32
		{8BD45293-37E8-44D3-AA73-E8EEE20DAD93}.Debug|Win32.Build.0 = Debug|Win32
		{8BD45293-37E8-44D3-AA73-E8EEE20DAD93}.Release|Win32.ActiveCfg = Release|Win32
		{8BD45293-37E8-44D3-AA73-E8EEE20DAD93}.Release|Win32.Build.0 = Release|Win32
		{C31534A3-7D71-4EF5-A424-393788B6C797}.Debug|Win32.ActiveCfg = Debug|Win32
		{C31534A3-7D71-4EF5-A424-393788B6C797}.Debug|Win32.Build.0 = Debug|Win32
		{C31534A3-7D71-4EF5-A424-393788B6C797}.Release|Win32.ActiveCfg = Release|Win32
		{C31534A3-7D71-4EF5-A424-393788B6C797}.Release|Win32.Build.0 = Release|Win32
		{A41CDDB8-A622-495C-8DFE-4CF7F0E0F590}.Debug|Win32.ActiveCfg = Debug|Win32
		{A41CDDB8-A622-495C-8DFE-4CF7F0E0F590}.Debug|Win32.Build.0 = Debug|Win32
		{A41CDDB8-A622-495C-8DFE-4CF7F0E0F590}.Release|Win32.ActiveCfg = Release|Win32
		{A41CDDB8-A622-495C-8DFE-4CF7F0E0F590}.Release|Win32.Build.0 = Release|Win32
		{57138AC2-B5B7-4629-87F7-DF44BF55F68F}.Debug|Win32.ActiveCfg = Debug|Win32
		{57138AC2-B5B7-4629-87F7-DF44BF55F68F}.Debug|Win32.Build.0 = Debug|Win32
		{57138AC2-B5B7-4629-87F7-DF44BF55F68F}.Release|Win32.ActiveCfg = Release|Win32
		{57138AC2-B5B7-4629-87F7-DF44BF55F68F}.Release|Win32.Build.0 = Release|Win32
	EndGlobalSection
	GlobalSection(SolutionProperties) = preSolution
		HideSolutionNode = FALSE
	EndGlobalSection
	GlobalSection(NestedProjects) = preSolution
		{F8D3727D-F611-4B04-8BA8-29B516E9953D} = {D4816F17-E0FA-4BA2-9DCE-BFD285EEBE10}
		{57138AC2-B5B7-4629-87F7-DF44BF55F68F} = {D4816F17-E0FA-4BA2-9DCE-BFD285EEBE10}
		{8BD45293-37E8-44D3-AA73-E8EEE20DAD93} = {02CEF714-8D1D-474A-9E27-AC3E31AE3E07}
		{C31534A3-7D71-4EF5-A424-393788B6C797} = {02CEF714-8D1D-474A-9E27-AC3E31AE3E07}
		{A41CDDB8-A622-495C-8DFE-4CF7F0E0F590} = {02CEF714-8D1D-474A-9E27-AC3E31AE3E07}
		{5847B53F-C291-4DDE-A619-DA0988C71492} = {F9C1C564-A940-4974-AECA-109EC4532B50}
	EndGlobalSection
EndGlobal
