
Microsoft Visual Studio Solution File, Format Version 10.00
# Visual Studio 2008
Project("{8BC9CEB8-8B4A-11D0-8D11-00A0C91BC942}") = "libcurl", "lib\vc6libcurl.vcproj", "{D7F48761-A255-49EF-BC5B-35ED3F32F611}"
EndProject
Project("{8BC9CEB8-8B4A-11D0-8D11-00A0C91BC942}") = "curlsrc", "src\vc6curlsrc.vcproj", "{58C9CA68-7C64-4591-8664-D4F4AE73FAB4}"
	ProjectSection(ProjectDependencies) = postProject
		{D7F48761-A255-49EF-BC5B-35ED3F32F611} = {D7F48761-A255-49EF-BC5B-35ED3F32F611}
	EndProjectSection
EndProject
Global
	GlobalSection(SolutionConfigurationPlatforms) = preSolution
		DLL Debug|Win32 = DLL Debug|Win32
		DLL Release|Win32 = DLL Release|Win32
		LIB Debug|Win32 = LIB Debug|Win32
		LIB Release|Win32 = LIB Release|Win32
		using libcurl DLL Debug|Win32 = using libcurl DLL Debug|Win32
		using libcurl DLL Release|Win32 = using libcurl DLL Release|Win32
		using libcurl LIB Debug|Win32 = using libcurl LIB Debug|Win32
		using libcurl LIB Release|Win32 = using libcurl LIB Release|Win32
	EndGlobalSection
	GlobalSection(ProjectConfigurationPlatforms) = postSolution
		{D7F48761-A255-49EF-BC5B-35ED3F32F611}.DLL Debug|Win32.ActiveCfg = DLL Debug|Win32
		{D7F48761-A255-49EF-BC5B-35ED3F32F611}.DLL Debug|Win32.Build.0 = DLL Debug|Win32
		{D7F48761-A255-49EF-BC5B-35ED3F32F611}.DLL Release|Win32.ActiveCfg = DLL Release|Win32
		{D7F48761-A255-49EF-BC5B-35ED3F32F611}.DLL Release|Win32.Build.0 = DLL Release|Win32
		{D7F48761-A255-49EF-BC5B-35ED3F32F611}.LIB Debug|Win32.ActiveCfg = LIB Debug|Win32
		{D7F48761-A255-49EF-BC5B-35ED3F32F611}.LIB Debug|Win32.Build.0 = LIB Debug|Win32
		{D7F48761-A255-49EF-BC5B-35ED3F32F611}.LIB Release|Win32.ActiveCfg = LIB Release|Win32
		{D7F48761-A255-49EF-BC5B-35ED3F32F611}.LIB Release|Win32.Build.0 = LIB Release|Win32
		{D7F48761-A255-49EF-BC5B-35ED3F32F611}.using libcurl DLL Debug|Win32.ActiveCfg = DLL Debug|Win32
		{D7F48761-A255-49EF-BC5B-35ED3F32F611}.using libcurl DLL Debug|Win32.Build.0 = DLL Debug|Win32
		{D7F48761-A255-49EF-BC5B-35ED3F32F611}.using libcurl DLL Release|Win32.ActiveCfg = DLL Release|Win32
		{D7F48761-A255-49EF-BC5B-35ED3F32F611}.using libcurl DLL Release|Win32.Build.0 = DLL Release|Win32
		{D7F48761-A255-49EF-BC5B-35ED3F32F611}.using libcurl LIB Debug|Win32.ActiveCfg = LIB Debug|Win32
		{D7F48761-A255-49EF-BC5B-35ED3F32F611}.using libcurl LIB Debug|Win32.Build.0 = LIB Debug|Win32
		{D7F48761-A255-49EF-BC5B-35ED3F32F611}.using libcurl LIB Release|Win32.ActiveCfg = LIB Release|Win32
		{D7F48761-A255-49EF-BC5B-35ED3F32F611}.using libcurl LIB Release|Win32.Build.0 = LIB Release|Win32
		{58C9CA68-7C64-4591-8664-D4F4AE73FAB4}.DLL Debug|Win32.ActiveCfg = using libcurl DLL Debug|Win32
		{58C9CA68-7C64-4591-8664-D4F4AE73FAB4}.DLL Debug|Win32.Build.0 = using libcurl DLL Debug|Win32
		{58C9CA68-7C64-4591-8664-D4F4AE73FAB4}.DLL Release|Win32.ActiveCfg = using libcurl DLL Release|Win32
		{58C9CA68-7C64-4591-8664-D4F4AE73FAB4}.DLL Release|Win32.Build.0 = using libcurl DLL Release|Win32
		{58C9CA68-7C64-4591-8664-D4F4AE73FAB4}.LIB Debug|Win32.ActiveCfg = using libcurl LIB Debug|Win32
		{58C9CA68-7C64-4591-8664-D4F4AE73FAB4}.LIB Debug|Win32.Build.0 = using libcurl LIB Debug|Win32
		{58C9CA68-7C64-4591-8664-D4F4AE73FAB4}.LIB Release|Win32.ActiveCfg = using libcurl LIB Release|Win32
		{58C9CA68-7C64-4591-8664-D4F4AE73FAB4}.LIB Release|Win32.Build.0 = using libcurl LIB Release|Win32
		{58C9CA68-7C64-4591-8664-D4F4AE73FAB4}.using libcurl DLL Debug|Win32.ActiveCfg = using libcurl DLL Debug|Win32
		{58C9CA68-7C64-4591-8664-D4F4AE73FAB4}.using libcurl DLL Debug|Win32.Build.0 = using libcurl DLL Debug|Win32
		{58C9CA68-7C64-4591-8664-D4F4AE73FAB4}.using libcurl DLL Release|Win32.ActiveCfg = using libcurl DLL Release|Win32
		{58C9CA68-7C64-4591-8664-D4F4AE73FAB4}.using libcurl DLL Release|Win32.Build.0 = using libcurl DLL Release|Win32
		{58C9CA68-7C64-4591-8664-D4F4AE73FAB4}.using libcurl LIB Debug|Win32.ActiveCfg = using libcurl LIB Debug|Win32
		{58C9CA68-7C64-4591-8664-D4F4AE73FAB4}.using libcurl LIB Debug|Win32.Build.0 = using libcurl LIB Debug|Win32
		{58C9CA68-7C64-4591-8664-D4F4AE73FAB4}.using libcurl LIB Release|Win32.ActiveCfg = using libcurl LIB Release|Win32
		{58C9CA68-7C64-4591-8664-D4F4AE73FAB4}.using libcurl LIB Release|Win32.Build.0 = using libcurl LIB Release|Win32
	EndGlobalSection
	GlobalSection(SolutionProperties) = preSolution
		HideSolutionNode = FALSE
	EndGlobalSection
EndGlobal
