
Microsoft Visual Studio Solution File, Format Version 11.00
# Visual Studio 2010
Project("{8BC9CEB8-8B4A-11D0-8D11-00A0C91BC942}") = "muspl", "muspl\muspl.vcxproj", "{44D35825-A7C8-474C-A4E0-8191B98975F3}"
EndProject
Project("{8BC9CEB8-8B4A-11D0-8D11-00A0C91BC942}") = "playerTest", "playerTest\playerTest.vcxproj", "{0213D6D2-D8A0-49D5-8AF8-4FF5661CD88F}"
EndProject
Global
	GlobalSection(SolutionConfigurationPlatforms) = preSolution
		Debug|Win32 = Debug|Win32
		Release|Win32 = Release|Win32
	EndGlobalSection
	GlobalSection(ProjectConfigurationPlatforms) = postSolution
		{44D35825-A7C8-474C-A4E0-8191B98975F3}.Debug|Win32.ActiveCfg = Debug|Win32
		{44D35825-A7C8-474C-A4E0-8191B98975F3}.Debug|Win32.Build.0 = Debug|Win32
		{44D35825-A7C8-474C-A4E0-8191B98975F3}.Release|Win32.ActiveCfg = Release|Win32
		{44D35825-A7C8-474C-A4E0-8191B98975F3}.Release|Win32.Build.0 = Release|Win32
		{0213D6D2-D8A0-49D5-8AF8-4FF5661CD88F}.Debug|Win32.ActiveCfg = Debug|Win32
		{0213D6D2-D8A0-49D5-8AF8-4FF5661CD88F}.Debug|Win32.Build.0 = Debug|Win32
		{0213D6D2-D8A0-49D5-8AF8-4FF5661CD88F}.Release|Win32.ActiveCfg = Release|Win32
		{0213D6D2-D8A0-49D5-8AF8-4FF5661CD88F}.Release|Win32.Build.0 = Release|Win32
	EndGlobalSection
	GlobalSection(SolutionProperties) = preSolution
		HideSolutionNode = FALSE
	EndGlobalSection
EndGlobal
