
Microsoft Visual Studio Solution File, Format Version 10.00
# Visual Studio 2008
Project("{8BC9CEB8-8B4A-11D0-8D11-00A0C91BC942}") = "net_comm", "net_comm\net_comm.vcproj", "{8D15A9FC-8218-4B97-B176-AEE7934A2CB1}"
EndProject
Project("{8BC9CEB8-8B4A-11D0-8D11-00A0C91BC942}") = "breakpad_handler", "..\..\..\3rd\breakpad(win)\breakpad_handler.vcproj", "{B55CA863-B374-4BAF-95AC-539E4FA4C90C}"
EndProject
Project("{2150E333-8FDC-42A3-9474-1A3956D46DE8}") = "3rd", "3rd", "{64C5D39E-E6F2-4F03-987C-44EEDFC0CAF6}"
EndProject
Project("{8BC9CEB8-8B4A-11D0-8D11-00A0C91BC942}") = "base", "..\..\..\3rd\base\base.vcproj", "{1832A374-8A74-4F9E-B536-69A699B3E165}"
EndProject
Project("{8BC9CEB8-8B4A-11D0-8D11-00A0C91BC942}") = "libprotobuf", "..\..\..\3rd\protobuf-2.3.0\vsprojects\libprotobuf.vcproj", "{3E283F37-A4ED-41B7-A3E6-A2D89D131A30}"
EndProject
Project("{8BC9CEB8-8B4A-11D0-8D11-00A0C91BC942}") = "protoc", "..\..\..\3rd\protobuf-2.3.0\vsprojects\protoc.vcproj", "{1738D5F6-ED1E-47E0-B2F0-456864B93C1E}"
EndProject
Project("{8BC9CEB8-8B4A-11D0-8D11-00A0C91BC942}") = "libprotoc", "..\..\..\3rd\protobuf-2.3.0\vsprojects\libprotoc.vcproj", "{B84FF31A-5F9A-46F8-AB22-DBFC9BECE3BE}"
EndProject
Project("{8BC9CEB8-8B4A-11D0-8D11-00A0C91BC942}") = "libcurl", "..\..\..\3rd\curl\lib\libcurl.vcproj", "{87EE9DA4-DE1E-4448-8324-183C98DCA588}"
EndProject
Project("{8BC9CEB8-8B4A-11D0-8D11-00A0C91BC942}") = "TestNet", "..\TestNet\TestNet\TestNet.vcproj", "{E5F6E48B-26FE-4123-AC2A-233D1D29FF1B}"
EndProject
Global
	GlobalSection(SolutionConfigurationPlatforms) = preSolution
		Debug_dep|Win32 = Debug_dep|Win32
		Debug_dep|x64 = Debug_dep|x64
		Debug|Win32 = Debug|Win32
		Debug|x64 = Debug|x64
		DLL Debug|Win32 = DLL Debug|Win32
		DLL Debug|x64 = DLL Debug|x64
		DLL Release|Win32 = DLL Release|Win32
		DLL Release|x64 = DLL Release|x64
		LIB Debug|Win32 = LIB Debug|Win32
		LIB Debug|x64 = LIB Debug|x64
		LIB Release|Win32 = LIB Release|Win32
		LIB Release|x64 = LIB Release|x64
		Purify|Win32 = Purify|Win32
		Purify|x64 = Purify|x64
		Release_dep|Win32 = Release_dep|Win32
		Release_dep|x64 = Release_dep|x64
		Release|Win32 = Release|Win32
		Release|x64 = Release|x64
		using libcurl DLL Debug|Win32 = using libcurl DLL Debug|Win32
		using libcurl DLL Debug|x64 = using libcurl DLL Debug|x64
		using libcurl DLL Release|Win32 = using libcurl DLL Release|Win32
		using libcurl DLL Release|x64 = using libcurl DLL Release|x64
		using libcurl LIB Debug|Win32 = using libcurl LIB Debug|Win32
		using libcurl LIB Debug|x64 = using libcurl LIB Debug|x64
		using libcurl LIB Release|Win32 = using libcurl LIB Release|Win32
		using libcurl LIB Release|x64 = using libcurl LIB Release|x64
	EndGlobalSection
	GlobalSection(ProjectConfigurationPlatforms) = postSolution
		{8D15A9FC-8218-4B97-B176-AEE7934A2CB1}.Debug_dep|Win32.ActiveCfg = Debug|Win32
		{8D15A9FC-8218-4B97-B176-AEE7934A2CB1}.Debug_dep|Win32.Build.0 = Debug|Win32
		{8D15A9FC-8218-4B97-B176-AEE7934A2CB1}.Debug_dep|x64.ActiveCfg = Debug|Win32
		{8D15A9FC-8218-4B97-B176-AEE7934A2CB1}.Debug|Win32.ActiveCfg = Debug|Win32
		{8D15A9FC-8218-4B97-B176-AEE7934A2CB1}.Debug|Win32.Build.0 = Debug|Win32
		{8D15A9FC-8218-4B97-B176-AEE7934A2CB1}.Debug|x64.ActiveCfg = Debug|Win32
		{8D15A9FC-8218-4B97-B176-AEE7934A2CB1}.DLL Debug|Win32.ActiveCfg = Debug|Win32
		{8D15A9FC-8218-4B97-B176-AEE7934A2CB1}.DLL Debug|Win32.Build.0 = Debug|Win32
		{8D15A9FC-8218-4B97-B176-AEE7934A2CB1}.DLL Debug|x64.ActiveCfg = Debug|Win32
		{8D15A9FC-8218-4B97-B176-AEE7934A2CB1}.DLL Release|Win32.ActiveCfg = Release|Win32
		{8D15A9FC-8218-4B97-B176-AEE7934A2CB1}.DLL Release|Win32.Build.0 = Release|Win32
		{8D15A9FC-8218-4B97-B176-AEE7934A2CB1}.DLL Release|x64.ActiveCfg = Release|Win32
		{8D15A9FC-8218-4B97-B176-AEE7934A2CB1}.LIB Debug|Win32.ActiveCfg = Debug|Win32
		{8D15A9FC-8218-4B97-B176-AEE7934A2CB1}.LIB Debug|Win32.Build.0 = Debug|Win32
		{8D15A9FC-8218-4B97-B176-AEE7934A2CB1}.LIB Debug|x64.ActiveCfg = Debug|Win32
		{8D15A9FC-8218-4B97-B176-AEE7934A2CB1}.LIB Release|Win32.ActiveCfg = Release|Win32
		{8D15A9FC-8218-4B97-B176-AEE7934A2CB1}.LIB Release|Win32.Build.0 = Release|Win32
		{8D15A9FC-8218-4B97-B176-AEE7934A2CB1}.LIB Release|x64.ActiveCfg = Release|Win32
		{8D15A9FC-8218-4B97-B176-AEE7934A2CB1}.Purify|Win32.ActiveCfg = Release|Win32
		{8D15A9FC-8218-4B97-B176-AEE7934A2CB1}.Purify|Win32.Build.0 = Release|Win32
		{8D15A9FC-8218-4B97-B176-AEE7934A2CB1}.Purify|x64.ActiveCfg = Release|Win32
		{8D15A9FC-8218-4B97-B176-AEE7934A2CB1}.Release_dep|Win32.ActiveCfg = Release|Win32
		{8D15A9FC-8218-4B97-B176-AEE7934A2CB1}.Release_dep|Win32.Build.0 = Release|Win32
		{8D15A9FC-8218-4B97-B176-AEE7934A2CB1}.Release_dep|x64.ActiveCfg = Release|Win32
		{8D15A9FC-8218-4B97-B176-AEE7934A2CB1}.Release|Win32.ActiveCfg = Release|Win32
		{8D15A9FC-8218-4B97-B176-AEE7934A2CB1}.Release|Win32.Build.0 = Release|Win32
		{8D15A9FC-8218-4B97-B176-AEE7934A2CB1}.Release|x64.ActiveCfg = Release|Win32
		{8D15A9FC-8218-4B97-B176-AEE7934A2CB1}.using libcurl DLL Debug|Win32.ActiveCfg = Debug|Win32
		{8D15A9FC-8218-4B97-B176-AEE7934A2CB1}.using libcurl DLL Debug|Win32.Build.0 = Debug|Win32
		{8D15A9FC-8218-4B97-B176-AEE7934A2CB1}.using libcurl DLL Debug|x64.ActiveCfg = Debug|Win32
		{8D15A9FC-8218-4B97-B176-AEE7934A2CB1}.using libcurl DLL Release|Win32.ActiveCfg = Release|Win32
		{8D15A9FC-8218-4B97-B176-AEE7934A2CB1}.using libcurl DLL Release|Win32.Build.0 = Release|Win32
		{8D15A9FC-8218-4B97-B176-AEE7934A2CB1}.using libcurl DLL Release|x64.ActiveCfg = Release|Win32
		{8D15A9FC-8218-4B97-B176-AEE7934A2CB1}.using libcurl LIB Debug|Win32.ActiveCfg = Debug|Win32
		{8D15A9FC-8218-4B97-B176-AEE7934A2CB1}.using libcurl LIB Debug|Win32.Build.0 = Debug|Win32
		{8D15A9FC-8218-4B97-B176-AEE7934A2CB1}.using libcurl LIB Debug|x64.ActiveCfg = Debug|Win32
		{8D15A9FC-8218-4B97-B176-AEE7934A2CB1}.using libcurl LIB Release|Win32.ActiveCfg = Release|Win32
		{8D15A9FC-8218-4B97-B176-AEE7934A2CB1}.using libcurl LIB Release|Win32.Build.0 = Release|Win32
		{8D15A9FC-8218-4B97-B176-AEE7934A2CB1}.using libcurl LIB Release|x64.ActiveCfg = Release|Win32
		{B55CA863-B374-4BAF-95AC-539E4FA4C90C}.Debug_dep|Win32.ActiveCfg = Debug|x64
		{B55CA863-B374-4BAF-95AC-539E4FA4C90C}.Debug_dep|x64.ActiveCfg = Debug|x64
		{B55CA863-B374-4BAF-95AC-539E4FA4C90C}.Debug_dep|x64.Build.0 = Debug|x64
		{B55CA863-B374-4BAF-95AC-539E4FA4C90C}.Debug|Win32.ActiveCfg = Debug|Win32
		{B55CA863-B374-4BAF-95AC-539E4FA4C90C}.Debug|Win32.Build.0 = Debug|Win32
		{B55CA863-B374-4BAF-95AC-539E4FA4C90C}.Debug|x64.ActiveCfg = Debug|x64
		{B55CA863-B374-4BAF-95AC-539E4FA4C90C}.Debug|x64.Build.0 = Debug|x64
		{B55CA863-B374-4BAF-95AC-539E4FA4C90C}.DLL Debug|Win32.ActiveCfg = Debug|Win32
		{B55CA863-B374-4BAF-95AC-539E4FA4C90C}.DLL Debug|Win32.Build.0 = Debug|Win32
		{B55CA863-B374-4BAF-95AC-539E4FA4C90C}.DLL Debug|x64.ActiveCfg = Debug|x64
		{B55CA863-B374-4BAF-95AC-539E4FA4C90C}.DLL Debug|x64.Build.0 = Debug|x64
		{B55CA863-B374-4BAF-95AC-539E4FA4C90C}.DLL Release|Win32.ActiveCfg = Release|Win32
		{B55CA863-B374-4BAF-95AC-539E4FA4C90C}.DLL Release|Win32.Build.0 = Release|Win32
		{B55CA863-B374-4BAF-95AC-539E4FA4C90C}.DLL Release|x64.ActiveCfg = Release|x64
		{B55CA863-B374-4BAF-95AC-539E4FA4C90C}.DLL Release|x64.Build.0 = Release|x64
		{B55CA863-B374-4BAF-95AC-539E4FA4C90C}.LIB Debug|Win32.ActiveCfg = Debug|Win32
		{B55CA863-B374-4BAF-95AC-539E4FA4C90C}.LIB Debug|Win32.Build.0 = Debug|Win32
		{B55CA863-B374-4BAF-95AC-539E4FA4C90C}.LIB Debug|x64.ActiveCfg = Debug|x64
		{B55CA863-B374-4BAF-95AC-539E4FA4C90C}.LIB Debug|x64.Build.0 = Debug|x64
		{B55CA863-B374-4BAF-95AC-539E4FA4C90C}.LIB Release|Win32.ActiveCfg = Release|Win32
		{B55CA863-B374-4BAF-95AC-539E4FA4C90C}.LIB Release|Win32.Build.0 = Release|Win32
		{B55CA863-B374-4BAF-95AC-539E4FA4C90C}.LIB Release|x64.ActiveCfg = Release|x64
		{B55CA863-B374-4BAF-95AC-539E4FA4C90C}.LIB Release|x64.Build.0 = Release|x64
		{B55CA863-B374-4BAF-95AC-539E4FA4C90C}.Purify|Win32.ActiveCfg = Purify|Win32
		{B55CA863-B374-4BAF-95AC-539E4FA4C90C}.Purify|Win32.Build.0 = Purify|Win32
		{B55CA863-B374-4BAF-95AC-539E4FA4C90C}.Purify|x64.ActiveCfg = Purify|x64
		{B55CA863-B374-4BAF-95AC-539E4FA4C90C}.Purify|x64.Build.0 = Purify|x64
		{B55CA863-B374-4BAF-95AC-539E4FA4C90C}.Release_dep|Win32.ActiveCfg = Release|x64
		{B55CA863-B374-4BAF-95AC-539E4FA4C90C}.Release_dep|x64.ActiveCfg = Release|x64
		{B55CA863-B374-4BAF-95AC-539E4FA4C90C}.Release_dep|x64.Build.0 = Release|x64
		{B55CA863-B374-4BAF-95AC-539E4FA4C90C}.Release|Win32.ActiveCfg = Release|Win32
		{B55CA863-B374-4BAF-95AC-539E4FA4C90C}.Release|Win32.Build.0 = Release|Win32
		{B55CA863-B374-4BAF-95AC-539E4FA4C90C}.Release|x64.ActiveCfg = Release|x64
		{B55CA863-B374-4BAF-95AC-539E4FA4C90C}.Release|x64.Build.0 = Release|x64
		{B55CA863-B374-4BAF-95AC-539E4FA4C90C}.using libcurl DLL Debug|Win32.ActiveCfg = Debug|Win32
		{B55CA863-B374-4BAF-95AC-539E4FA4C90C}.using libcurl DLL Debug|Win32.Build.0 = Debug|Win32
		{B55CA863-B374-4BAF-95AC-539E4FA4C90C}.using libcurl DLL Debug|x64.ActiveCfg = Debug|x64
		{B55CA863-B374-4BAF-95AC-539E4FA4C90C}.using libcurl DLL Debug|x64.Build.0 = Debug|x64
		{B55CA863-B374-4BAF-95AC-539E4FA4C90C}.using libcurl DLL Release|Win32.ActiveCfg = Release|Win32
		{B55CA863-B374-4BAF-95AC-539E4FA4C90C}.using libcurl DLL Release|Win32.Build.0 = Release|Win32
		{B55CA863-B374-4BAF-95AC-539E4FA4C90C}.using libcurl DLL Release|x64.ActiveCfg = Release|x64
		{B55CA863-B374-4BAF-95AC-539E4FA4C90C}.using libcurl DLL Release|x64.Build.0 = Release|x64
		{B55CA863-B374-4BAF-95AC-539E4FA4C90C}.using libcurl LIB Debug|Win32.ActiveCfg = Debug|Win32
		{B55CA863-B374-4BAF-95AC-539E4FA4C90C}.using libcurl LIB Debug|Win32.Build.0 = Debug|Win32
		{B55CA863-B374-4BAF-95AC-539E4FA4C90C}.using libcurl LIB Debug|x64.ActiveCfg = Debug|x64
		{B55CA863-B374-4BAF-95AC-539E4FA4C90C}.using libcurl LIB Debug|x64.Build.0 = Debug|x64
		{B55CA863-B374-4BAF-95AC-539E4FA4C90C}.using libcurl LIB Release|Win32.ActiveCfg = Release|Win32
		{B55CA863-B374-4BAF-95AC-539E4FA4C90C}.using libcurl LIB Release|Win32.Build.0 = Release|Win32
		{B55CA863-B374-4BAF-95AC-539E4FA4C90C}.using libcurl LIB Release|x64.ActiveCfg = Release|x64
		{B55CA863-B374-4BAF-95AC-539E4FA4C90C}.using libcurl LIB Release|x64.Build.0 = Release|x64
		{1832A374-8A74-4F9E-B536-69A699B3E165}.Debug_dep|Win32.ActiveCfg = Debug_dep|Win32
		{1832A374-8A74-4F9E-B536-69A699B3E165}.Debug_dep|Win32.Build.0 = Debug_dep|Win32
		{1832A374-8A74-4F9E-B536-69A699B3E165}.Debug_dep|x64.ActiveCfg = Debug_dep|x64
		{1832A374-8A74-4F9E-B536-69A699B3E165}.Debug_dep|x64.Build.0 = Debug_dep|x64
		{1832A374-8A74-4F9E-B536-69A699B3E165}.Debug|Win32.ActiveCfg = Debug|Win32
		{1832A374-8A74-4F9E-B536-69A699B3E165}.Debug|Win32.Build.0 = Debug|Win32
		{1832A374-8A74-4F9E-B536-69A699B3E165}.Debug|x64.ActiveCfg = Debug|x64
		{1832A374-8A74-4F9E-B536-69A699B3E165}.Debug|x64.Build.0 = Debug|x64
		{1832A374-8A74-4F9E-B536-69A699B3E165}.DLL Debug|Win32.ActiveCfg = Debug|Win32
		{1832A374-8A74-4F9E-B536-69A699B3E165}.DLL Debug|Win32.Build.0 = Debug|Win32
		{1832A374-8A74-4F9E-B536-69A699B3E165}.DLL Debug|x64.ActiveCfg = Debug|x64
		{1832A374-8A74-4F9E-B536-69A699B3E165}.DLL Debug|x64.Build.0 = Debug|x64
		{1832A374-8A74-4F9E-B536-69A699B3E165}.DLL Release|Win32.ActiveCfg = Release|Win32
		{1832A374-8A74-4F9E-B536-69A699B3E165}.DLL Release|Win32.Build.0 = Release|Win32
		{1832A374-8A74-4F9E-B536-69A699B3E165}.DLL Release|x64.ActiveCfg = Release|x64
		{1832A374-8A74-4F9E-B536-69A699B3E165}.DLL Release|x64.Build.0 = Release|x64
		{1832A374-8A74-4F9E-B536-69A699B3E165}.LIB Debug|Win32.ActiveCfg = Debug|Win32
		{1832A374-8A74-4F9E-B536-69A699B3E165}.LIB Debug|Win32.Build.0 = Debug|Win32
		{1832A374-8A74-4F9E-B536-69A699B3E165}.LIB Debug|x64.ActiveCfg = Debug|x64
		{1832A374-8A74-4F9E-B536-69A699B3E165}.LIB Debug|x64.Build.0 = Debug|x64
		{1832A374-8A74-4F9E-B536-69A699B3E165}.LIB Release|Win32.ActiveCfg = Release|Win32
		{1832A374-8A74-4F9E-B536-69A699B3E165}.LIB Release|Win32.Build.0 = Release|Win32
		{1832A374-8A74-4F9E-B536-69A699B3E165}.LIB Release|x64.ActiveCfg = Release|x64
		{1832A374-8A74-4F9E-B536-69A699B3E165}.LIB Release|x64.Build.0 = Release|x64
		{1832A374-8A74-4F9E-B536-69A699B3E165}.Purify|Win32.ActiveCfg = Purify|Win32
		{1832A374-8A74-4F9E-B536-69A699B3E165}.Purify|Win32.Build.0 = Purify|Win32
		{1832A374-8A74-4F9E-B536-69A699B3E165}.Purify|x64.ActiveCfg = Purify|x64
		{1832A374-8A74-4F9E-B536-69A699B3E165}.Purify|x64.Build.0 = Purify|x64
		{1832A374-8A74-4F9E-B536-69A699B3E165}.Release_dep|Win32.ActiveCfg = Release_dep|Win32
		{1832A374-8A74-4F9E-B536-69A699B3E165}.Release_dep|Win32.Build.0 = Release_dep|Win32
		{1832A374-8A74-4F9E-B536-69A699B3E165}.Release_dep|x64.ActiveCfg = Release_dep|x64
		{1832A374-8A74-4F9E-B536-69A699B3E165}.Release_dep|x64.Build.0 = Release_dep|x64
		{1832A374-8A74-4F9E-B536-69A699B3E165}.Release|Win32.ActiveCfg = Release|Win32
		{1832A374-8A74-4F9E-B536-69A699B3E165}.Release|Win32.Build.0 = Release|Win32
		{1832A374-8A74-4F9E-B536-69A699B3E165}.Release|x64.ActiveCfg = Release|x64
		{1832A374-8A74-4F9E-B536-69A699B3E165}.Release|x64.Build.0 = Release|x64
		{1832A374-8A74-4F9E-B536-69A699B3E165}.using libcurl DLL Debug|Win32.ActiveCfg = Debug|Win32
		{1832A374-8A74-4F9E-B536-69A699B3E165}.using libcurl DLL Debug|Win32.Build.0 = Debug|Win32
		{1832A374-8A74-4F9E-B536-69A699B3E165}.using libcurl DLL Debug|x64.ActiveCfg = Debug|x64
		{1832A374-8A74-4F9E-B536-69A699B3E165}.using libcurl DLL Debug|x64.Build.0 = Debug|x64
		{1832A374-8A74-4F9E-B536-69A699B3E165}.using libcurl DLL Release|Win32.ActiveCfg = Release|Win32
		{1832A374-8A74-4F9E-B536-69A699B3E165}.using libcurl DLL Release|Win32.Build.0 = Release|Win32
		{1832A374-8A74-4F9E-B536-69A699B3E165}.using libcurl DLL Release|x64.ActiveCfg = Release|x64
		{1832A374-8A74-4F9E-B536-69A699B3E165}.using libcurl DLL Release|x64.Build.0 = Release|x64
		{1832A374-8A74-4F9E-B536-69A699B3E165}.using libcurl LIB Debug|Win32.ActiveCfg = Debug|Win32
		{1832A374-8A74-4F9E-B536-69A699B3E165}.using libcurl LIB Debug|Win32.Build.0 = Debug|Win32
		{1832A374-8A74-4F9E-B536-69A699B3E165}.using libcurl LIB Debug|x64.ActiveCfg = Debug|x64
		{1832A374-8A74-4F9E-B536-69A699B3E165}.using libcurl LIB Debug|x64.Build.0 = Debug|x64
		{1832A374-8A74-4F9E-B536-69A699B3E165}.using libcurl LIB Release|Win32.ActiveCfg = Release|Win32
		{1832A374-8A74-4F9E-B536-69A699B3E165}.using libcurl LIB Release|Win32.Build.0 = Release|Win32
		{1832A374-8A74-4F9E-B536-69A699B3E165}.using libcurl LIB Release|x64.ActiveCfg = Release|x64
		{1832A374-8A74-4F9E-B536-69A699B3E165}.using libcurl LIB Release|x64.Build.0 = Release|x64
		{3E283F37-A4ED-41B7-A3E6-A2D89D131A30}.Debug_dep|Win32.ActiveCfg = Debug|Win32
		{3E283F37-A4ED-41B7-A3E6-A2D89D131A30}.Debug_dep|Win32.Build.0 = Debug|Win32
		{3E283F37-A4ED-41B7-A3E6-A2D89D131A30}.Debug_dep|x64.ActiveCfg = Debug|Win32
		{3E283F37-A4ED-41B7-A3E6-A2D89D131A30}.Debug|Win32.ActiveCfg = Debug|Win32
		{3E283F37-A4ED-41B7-A3E6-A2D89D131A30}.Debug|Win32.Build.0 = Debug|Win32
		{3E283F37-A4ED-41B7-A3E6-A2D89D131A30}.Debug|x64.ActiveCfg = Debug|Win32
		{3E283F37-A4ED-41B7-A3E6-A2D89D131A30}.DLL Debug|Win32.ActiveCfg = Debug|Win32
		{3E283F37-A4ED-41B7-A3E6-A2D89D131A30}.DLL Debug|Win32.Build.0 = Debug|Win32
		{3E283F37-A4ED-41B7-A3E6-A2D89D131A30}.DLL Debug|x64.ActiveCfg = Debug|Win32
		{3E283F37-A4ED-41B7-A3E6-A2D89D131A30}.DLL Release|Win32.ActiveCfg = Release|Win32
		{3E283F37-A4ED-41B7-A3E6-A2D89D131A30}.DLL Release|Win32.Build.0 = Release|Win32
		{3E283F37-A4ED-41B7-A3E6-A2D89D131A30}.DLL Release|x64.ActiveCfg = Release|Win32
		{3E283F37-A4ED-41B7-A3E6-A2D89D131A30}.LIB Debug|Win32.ActiveCfg = Debug|Win32
		{3E283F37-A4ED-41B7-A3E6-A2D89D131A30}.LIB Debug|Win32.Build.0 = Debug|Win32
		{3E283F37-A4ED-41B7-A3E6-A2D89D131A30}.LIB Debug|x64.ActiveCfg = Debug|Win32
		{3E283F37-A4ED-41B7-A3E6-A2D89D131A30}.LIB Release|Win32.ActiveCfg = Release|Win32
		{3E283F37-A4ED-41B7-A3E6-A2D89D131A30}.LIB Release|Win32.Build.0 = Release|Win32
		{3E283F37-A4ED-41B7-A3E6-A2D89D131A30}.LIB Release|x64.ActiveCfg = Release|Win32
		{3E283F37-A4ED-41B7-A3E6-A2D89D131A30}.Purify|Win32.ActiveCfg = Release|Win32
		{3E283F37-A4ED-41B7-A3E6-A2D89D131A30}.Purify|Win32.Build.0 = Release|Win32
		{3E283F37-A4ED-41B7-A3E6-A2D89D131A30}.Purify|x64.ActiveCfg = Release|Win32
		{3E283F37-A4ED-41B7-A3E6-A2D89D131A30}.Release_dep|Win32.ActiveCfg = Release|Win32
		{3E283F37-A4ED-41B7-A3E6-A2D89D131A30}.Release_dep|Win32.Build.0 = Release|Win32
		{3E283F37-A4ED-41B7-A3E6-A2D89D131A30}.Release_dep|x64.ActiveCfg = Release|Win32
		{3E283F37-A4ED-41B7-A3E6-A2D89D131A30}.Release|Win32.ActiveCfg = Release|Win32
		{3E283F37-A4ED-41B7-A3E6-A2D89D131A30}.Release|Win32.Build.0 = Release|Win32
		{3E283F37-A4ED-41B7-A3E6-A2D89D131A30}.Release|x64.ActiveCfg = Release|Win32
		{3E283F37-A4ED-41B7-A3E6-A2D89D131A30}.using libcurl DLL Debug|Win32.ActiveCfg = Debug|Win32
		{3E283F37-A4ED-41B7-A3E6-A2D89D131A30}.using libcurl DLL Debug|Win32.Build.0 = Debug|Win32
		{3E283F37-A4ED-41B7-A3E6-A2D89D131A30}.using libcurl DLL Debug|x64.ActiveCfg = Debug|Win32
		{3E283F37-A4ED-41B7-A3E6-A2D89D131A30}.using libcurl DLL Release|Win32.ActiveCfg = Release|Win32
		{3E283F37-A4ED-41B7-A3E6-A2D89D131A30}.using libcurl DLL Release|Win32.Build.0 = Release|Win32
		{3E283F37-A4ED-41B7-A3E6-A2D89D131A30}.using libcurl DLL Release|x64.ActiveCfg = Release|Win32
		{3E283F37-A4ED-41B7-A3E6-A2D89D131A30}.using libcurl LIB Debug|Win32.ActiveCfg = Debug|Win32
		{3E283F37-A4ED-41B7-A3E6-A2D89D131A30}.using libcurl LIB Debug|Win32.Build.0 = Debug|Win32
		{3E283F37-A4ED-41B7-A3E6-A2D89D131A30}.using libcurl LIB Debug|x64.ActiveCfg = Debug|Win32
		{3E283F37-A4ED-41B7-A3E6-A2D89D131A30}.using libcurl LIB Release|Win32.ActiveCfg = Release|Win32
		{3E283F37-A4ED-41B7-A3E6-A2D89D131A30}.using libcurl LIB Release|Win32.Build.0 = Release|Win32
		{3E283F37-A4ED-41B7-A3E6-A2D89D131A30}.using libcurl LIB Release|x64.ActiveCfg = Release|Win32
		{1738D5F6-ED1E-47E0-B2F0-456864B93C1E}.Debug_dep|Win32.ActiveCfg = Debug|Win32
		{1738D5F6-ED1E-47E0-B2F0-456864B93C1E}.Debug_dep|Win32.Build.0 = Debug|Win32
		{1738D5F6-ED1E-47E0-B2F0-456864B93C1E}.Debug_dep|x64.ActiveCfg = Debug|Win32
		{1738D5F6-ED1E-47E0-B2F0-456864B93C1E}.Debug|Win32.ActiveCfg = Debug|Win32
		{1738D5F6-ED1E-47E0-B2F0-456864B93C1E}.Debug|Win32.Build.0 = Debug|Win32
		{1738D5F6-ED1E-47E0-B2F0-456864B93C1E}.Debug|x64.ActiveCfg = Debug|Win32
		{1738D5F6-ED1E-47E0-B2F0-456864B93C1E}.DLL Debug|Win32.ActiveCfg = Debug|Win32
		{1738D5F6-ED1E-47E0-B2F0-456864B93C1E}.DLL Debug|Win32.Build.0 = Debug|Win32
		{1738D5F6-ED1E-47E0-B2F0-456864B93C1E}.DLL Debug|x64.ActiveCfg = Debug|Win32
		{1738D5F6-ED1E-47E0-B2F0-456864B93C1E}.DLL Release|Win32.ActiveCfg = Release|Win32
		{1738D5F6-ED1E-47E0-B2F0-456864B93C1E}.DLL Release|Win32.Build.0 = Release|Win32
		{1738D5F6-ED1E-47E0-B2F0-456864B93C1E}.DLL Release|x64.ActiveCfg = Release|Win32
		{1738D5F6-ED1E-47E0-B2F0-456864B93C1E}.LIB Debug|Win32.ActiveCfg = Debug|Win32
		{1738D5F6-ED1E-47E0-B2F0-456864B93C1E}.LIB Debug|Win32.Build.0 = Debug|Win32
		{1738D5F6-ED1E-47E0-B2F0-456864B93C1E}.LIB Debug|x64.ActiveCfg = Debug|Win32
		{1738D5F6-ED1E-47E0-B2F0-456864B93C1E}.LIB Release|Win32.ActiveCfg = Release|Win32
		{1738D5F6-ED1E-47E0-B2F0-456864B93C1E}.LIB Release|Win32.Build.0 = Release|Win32
		{1738D5F6-ED1E-47E0-B2F0-456864B93C1E}.LIB Release|x64.ActiveCfg = Release|Win32
		{1738D5F6-ED1E-47E0-B2F0-456864B93C1E}.Purify|Win32.ActiveCfg = Release|Win32
		{1738D5F6-ED1E-47E0-B2F0-456864B93C1E}.Purify|Win32.Build.0 = Release|Win32
		{1738D5F6-ED1E-47E0-B2F0-456864B93C1E}.Purify|x64.ActiveCfg = Release|Win32
		{1738D5F6-ED1E-47E0-B2F0-456864B93C1E}.Release_dep|Win32.ActiveCfg = Release|Win32
		{1738D5F6-ED1E-47E0-B2F0-456864B93C1E}.Release_dep|Win32.Build.0 = Release|Win32
		{1738D5F6-ED1E-47E0-B2F0-456864B93C1E}.Release_dep|x64.ActiveCfg = Release|Win32
		{1738D5F6-ED1E-47E0-B2F0-456864B93C1E}.Release|Win32.ActiveCfg = Release|Win32
		{1738D5F6-ED1E-47E0-B2F0-456864B93C1E}.Release|Win32.Build.0 = Release|Win32
		{1738D5F6-ED1E-47E0-B2F0-456864B93C1E}.Release|x64.ActiveCfg = Release|Win32
		{1738D5F6-ED1E-47E0-B2F0-456864B93C1E}.using libcurl DLL Debug|Win32.ActiveCfg = Debug|Win32
		{1738D5F6-ED1E-47E0-B2F0-456864B93C1E}.using libcurl DLL Debug|Win32.Build.0 = Debug|Win32
		{1738D5F6-ED1E-47E0-B2F0-456864B93C1E}.using libcurl DLL Debug|x64.ActiveCfg = Debug|Win32
		{1738D5F6-ED1E-47E0-B2F0-456864B93C1E}.using libcurl DLL Release|Win32.ActiveCfg = Release|Win32
		{1738D5F6-ED1E-47E0-B2F0-456864B93C1E}.using libcurl DLL Release|Win32.Build.0 = Release|Win32
		{1738D5F6-ED1E-47E0-B2F0-456864B93C1E}.using libcurl DLL Release|x64.ActiveCfg = Release|Win32
		{1738D5F6-ED1E-47E0-B2F0-456864B93C1E}.using libcurl LIB Debug|Win32.ActiveCfg = Debug|Win32
		{1738D5F6-ED1E-47E0-B2F0-456864B93C1E}.using libcurl LIB Debug|Win32.Build.0 = Debug|Win32
		{1738D5F6-ED1E-47E0-B2F0-456864B93C1E}.using libcurl LIB Debug|x64.ActiveCfg = Debug|Win32
		{1738D5F6-ED1E-47E0-B2F0-456864B93C1E}.using libcurl LIB Release|Win32.ActiveCfg = Release|Win32
		{1738D5F6-ED1E-47E0-B2F0-456864B93C1E}.using libcurl LIB Release|Win32.Build.0 = Release|Win32
		{1738D5F6-ED1E-47E0-B2F0-456864B93C1E}.using libcurl LIB Release|x64.ActiveCfg = Release|Win32
		{B84FF31A-5F9A-46F8-AB22-DBFC9BECE3BE}.Debug_dep|Win32.ActiveCfg = Debug|Win32
		{B84FF31A-5F9A-46F8-AB22-DBFC9BECE3BE}.Debug_dep|Win32.Build.0 = Debug|Win32
		{B84FF31A-5F9A-46F8-AB22-DBFC9BECE3BE}.Debug_dep|x64.ActiveCfg = Debug|Win32
		{B84FF31A-5F9A-46F8-AB22-DBFC9BECE3BE}.Debug|Win32.ActiveCfg = Debug|Win32
		{B84FF31A-5F9A-46F8-AB22-DBFC9BECE3BE}.Debug|Win32.Build.0 = Debug|Win32
		{B84FF31A-5F9A-46F8-AB22-DBFC9BECE3BE}.Debug|x64.ActiveCfg = Debug|Win32
		{B84FF31A-5F9A-46F8-AB22-DBFC9BECE3BE}.DLL Debug|Win32.ActiveCfg = Debug|Win32
		{B84FF31A-5F9A-46F8-AB22-DBFC9BECE3BE}.DLL Debug|Win32.Build.0 = Debug|Win32
		{B84FF31A-5F9A-46F8-AB22-DBFC9BECE3BE}.DLL Debug|x64.ActiveCfg = Debug|Win32
		{B84FF31A-5F9A-46F8-AB22-DBFC9BECE3BE}.DLL Release|Win32.ActiveCfg = Release|Win32
		{B84FF31A-5F9A-46F8-AB22-DBFC9BECE3BE}.DLL Release|Win32.Build.0 = Release|Win32
		{B84FF31A-5F9A-46F8-AB22-DBFC9BECE3BE}.DLL Release|x64.ActiveCfg = Release|Win32
		{B84FF31A-5F9A-46F8-AB22-DBFC9BECE3BE}.LIB Debug|Win32.ActiveCfg = Debug|Win32
		{B84FF31A-5F9A-46F8-AB22-DBFC9BECE3BE}.LIB Debug|Win32.Build.0 = Debug|Win32
		{B84FF31A-5F9A-46F8-AB22-DBFC9BECE3BE}.LIB Debug|x64.ActiveCfg = Debug|Win32
		{B84FF31A-5F9A-46F8-AB22-DBFC9BECE3BE}.LIB Release|Win32.ActiveCfg = Release|Win32
		{B84FF31A-5F9A-46F8-AB22-DBFC9BECE3BE}.LIB Release|Win32.Build.0 = Release|Win32
		{B84FF31A-5F9A-46F8-AB22-DBFC9BECE3BE}.LIB Release|x64.ActiveCfg = Release|Win32
		{B84FF31A-5F9A-46F8-AB22-DBFC9BECE3BE}.Purify|Win32.ActiveCfg = Release|Win32
		{B84FF31A-5F9A-46F8-AB22-DBFC9BECE3BE}.Purify|Win32.Build.0 = Release|Win32
		{B84FF31A-5F9A-46F8-AB22-DBFC9BECE3BE}.Purify|x64.ActiveCfg = Release|Win32
		{B84FF31A-5F9A-46F8-AB22-DBFC9BECE3BE}.Release_dep|Win32.ActiveCfg = Release|Win32
		{B84FF31A-5F9A-46F8-AB22-DBFC9BECE3BE}.Release_dep|Win32.Build.0 = Release|Win32
		{B84FF31A-5F9A-46F8-AB22-DBFC9BECE3BE}.Release_dep|x64.ActiveCfg = Release|Win32
		{B84FF31A-5F9A-46F8-AB22-DBFC9BECE3BE}.Release|Win32.ActiveCfg = Release|Win32
		{B84FF31A-5F9A-46F8-AB22-DBFC9BECE3BE}.Release|Win32.Build.0 = Release|Win32
		{B84FF31A-5F9A-46F8-AB22-DBFC9BECE3BE}.Release|x64.ActiveCfg = Release|Win32
		{B84FF31A-5F9A-46F8-AB22-DBFC9BECE3BE}.using libcurl DLL Debug|Win32.ActiveCfg = Debug|Win32
		{B84FF31A-5F9A-46F8-AB22-DBFC9BECE3BE}.using libcurl DLL Debug|Win32.Build.0 = Debug|Win32
		{B84FF31A-5F9A-46F8-AB22-DBFC9BECE3BE}.using libcurl DLL Debug|x64.ActiveCfg = Debug|Win32
		{B84FF31A-5F9A-46F8-AB22-DBFC9BECE3BE}.using libcurl DLL Release|Win32.ActiveCfg = Release|Win32
		{B84FF31A-5F9A-46F8-AB22-DBFC9BECE3BE}.using libcurl DLL Release|Win32.Build.0 = Release|Win32
		{B84FF31A-5F9A-46F8-AB22-DBFC9BECE3BE}.using libcurl DLL Release|x64.ActiveCfg = Release|Win32
		{B84FF31A-5F9A-46F8-AB22-DBFC9BECE3BE}.using libcurl LIB Debug|Win32.ActiveCfg = Debug|Win32
		{B84FF31A-5F9A-46F8-AB22-DBFC9BECE3BE}.using libcurl LIB Debug|Win32.Build.0 = Debug|Win32
		{B84FF31A-5F9A-46F8-AB22-DBFC9BECE3BE}.using libcurl LIB Debug|x64.ActiveCfg = Debug|Win32
		{B84FF31A-5F9A-46F8-AB22-DBFC9BECE3BE}.using libcurl LIB Release|Win32.ActiveCfg = Release|Win32
		{B84FF31A-5F9A-46F8-AB22-DBFC9BECE3BE}.using libcurl LIB Release|Win32.Build.0 = Release|Win32
		{B84FF31A-5F9A-46F8-AB22-DBFC9BECE3BE}.using libcurl LIB Release|x64.ActiveCfg = Release|Win32
		{87EE9DA4-DE1E-4448-8324-183C98DCA588}.Debug_dep|Win32.ActiveCfg = Debug|Win32
		{87EE9DA4-DE1E-4448-8324-183C98DCA588}.Debug_dep|Win32.Build.0 = Debug|Win32
		{87EE9DA4-DE1E-4448-8324-183C98DCA588}.Debug_dep|x64.ActiveCfg = Debug|Win32
		{87EE9DA4-DE1E-4448-8324-183C98DCA588}.Debug|Win32.ActiveCfg = Debug|Win32
		{87EE9DA4-DE1E-4448-8324-183C98DCA588}.Debug|Win32.Build.0 = Debug|Win32
		{87EE9DA4-DE1E-4448-8324-183C98DCA588}.Debug|x64.ActiveCfg = Debug|Win32
		{87EE9DA4-DE1E-4448-8324-183C98DCA588}.DLL Debug|Win32.ActiveCfg = Debug|Win32
		{87EE9DA4-DE1E-4448-8324-183C98DCA588}.DLL Debug|Win32.Build.0 = Debug|Win32
		{87EE9DA4-DE1E-4448-8324-183C98DCA588}.DLL Debug|x64.ActiveCfg = Debug|Win32
		{87EE9DA4-DE1E-4448-8324-183C98DCA588}.DLL Release|Win32.ActiveCfg = Release|Win32
		{87EE9DA4-DE1E-4448-8324-183C98DCA588}.DLL Release|Win32.Build.0 = Release|Win32
		{87EE9DA4-DE1E-4448-8324-183C98DCA588}.DLL Release|x64.ActiveCfg = Release|Win32
		{87EE9DA4-DE1E-4448-8324-183C98DCA588}.LIB Debug|Win32.ActiveCfg = Debug|Win32
		{87EE9DA4-DE1E-4448-8324-183C98DCA588}.LIB Debug|Win32.Build.0 = Debug|Win32
		{87EE9DA4-DE1E-4448-8324-183C98DCA588}.LIB Debug|x64.ActiveCfg = Debug|Win32
		{87EE9DA4-DE1E-4448-8324-183C98DCA588}.LIB Release|Win32.ActiveCfg = Release|Win32
		{87EE9DA4-DE1E-4448-8324-183C98DCA588}.LIB Release|Win32.Build.0 = Release|Win32
		{87EE9DA4-DE1E-4448-8324-183C98DCA588}.LIB Release|x64.ActiveCfg = Release|Win32
		{87EE9DA4-DE1E-4448-8324-183C98DCA588}.Purify|Win32.ActiveCfg = Debug|Win32
		{87EE9DA4-DE1E-4448-8324-183C98DCA588}.Purify|Win32.Build.0 = Debug|Win32
		{87EE9DA4-DE1E-4448-8324-183C98DCA588}.Purify|x64.ActiveCfg = Debug|Win32
		{87EE9DA4-DE1E-4448-8324-183C98DCA588}.Release_dep|Win32.ActiveCfg = Release|Win32
		{87EE9DA4-DE1E-4448-8324-183C98DCA588}.Release_dep|Win32.Build.0 = Release|Win32
		{87EE9DA4-DE1E-4448-8324-183C98DCA588}.Release_dep|x64.ActiveCfg = Release|Win32
		{87EE9DA4-DE1E-4448-8324-183C98DCA588}.Release|Win32.ActiveCfg = Release|Win32
		{87EE9DA4-DE1E-4448-8324-183C98DCA588}.Release|Win32.Build.0 = Release|Win32
		{87EE9DA4-DE1E-4448-8324-183C98DCA588}.Release|x64.ActiveCfg = Release|Win32
		{87EE9DA4-DE1E-4448-8324-183C98DCA588}.using libcurl DLL Debug|Win32.ActiveCfg = Debug|Win32
		{87EE9DA4-DE1E-4448-8324-183C98DCA588}.using libcurl DLL Debug|Win32.Build.0 = Debug|Win32
		{87EE9DA4-DE1E-4448-8324-183C98DCA588}.using libcurl DLL Debug|x64.ActiveCfg = Debug|Win32
		{87EE9DA4-DE1E-4448-8324-183C98DCA588}.using libcurl DLL Release|Win32.ActiveCfg = Release|Win32
		{87EE9DA4-DE1E-4448-8324-183C98DCA588}.using libcurl DLL Release|Win32.Build.0 = Release|Win32
		{87EE9DA4-DE1E-4448-8324-183C98DCA588}.using libcurl DLL Release|x64.ActiveCfg = Release|Win32
		{87EE9DA4-DE1E-4448-8324-183C98DCA588}.using libcurl LIB Debug|Win32.ActiveCfg = Debug|Win32
		{87EE9DA4-DE1E-4448-8324-183C98DCA588}.using libcurl LIB Debug|Win32.Build.0 = Debug|Win32
		{87EE9DA4-DE1E-4448-8324-183C98DCA588}.using libcurl LIB Debug|x64.ActiveCfg = Debug|Win32
		{87EE9DA4-DE1E-4448-8324-183C98DCA588}.using libcurl LIB Release|Win32.ActiveCfg = Release|Win32
		{87EE9DA4-DE1E-4448-8324-183C98DCA588}.using libcurl LIB Release|Win32.Build.0 = Release|Win32
		{87EE9DA4-DE1E-4448-8324-183C98DCA588}.using libcurl LIB Release|x64.ActiveCfg = Release|Win32
		{E5F6E48B-26FE-4123-AC2A-233D1D29FF1B}.Debug_dep|Win32.ActiveCfg = Debug|Win32
		{E5F6E48B-26FE-4123-AC2A-233D1D29FF1B}.Debug_dep|Win32.Build.0 = Debug|Win32
		{E5F6E48B-26FE-4123-AC2A-233D1D29FF1B}.Debug_dep|x64.ActiveCfg = Debug|Win32
		{E5F6E48B-26FE-4123-AC2A-233D1D29FF1B}.Debug|Win32.ActiveCfg = Debug|Win32
		{E5F6E48B-26FE-4123-AC2A-233D1D29FF1B}.Debug|Win32.Build.0 = Debug|Win32
		{E5F6E48B-26FE-4123-AC2A-233D1D29FF1B}.Debug|x64.ActiveCfg = Debug|Win32
		{E5F6E48B-26FE-4123-AC2A-233D1D29FF1B}.DLL Debug|Win32.ActiveCfg = Debug|Win32
		{E5F6E48B-26FE-4123-AC2A-233D1D29FF1B}.DLL Debug|Win32.Build.0 = Debug|Win32
		{E5F6E48B-26FE-4123-AC2A-233D1D29FF1B}.DLL Debug|x64.ActiveCfg = Debug|Win32
		{E5F6E48B-26FE-4123-AC2A-233D1D29FF1B}.DLL Release|Win32.ActiveCfg = Release|Win32
		{E5F6E48B-26FE-4123-AC2A-233D1D29FF1B}.DLL Release|Win32.Build.0 = Release|Win32
		{E5F6E48B-26FE-4123-AC2A-233D1D29FF1B}.DLL Release|x64.ActiveCfg = Release|Win32
		{E5F6E48B-26FE-4123-AC2A-233D1D29FF1B}.LIB Debug|Win32.ActiveCfg = Debug|Win32
		{E5F6E48B-26FE-4123-AC2A-233D1D29FF1B}.LIB Debug|Win32.Build.0 = Debug|Win32
		{E5F6E48B-26FE-4123-AC2A-233D1D29FF1B}.LIB Debug|x64.ActiveCfg = Debug|Win32
		{E5F6E48B-26FE-4123-AC2A-233D1D29FF1B}.LIB Release|Win32.ActiveCfg = Release|Win32
		{E5F6E48B-26FE-4123-AC2A-233D1D29FF1B}.LIB Release|Win32.Build.0 = Release|Win32
		{E5F6E48B-26FE-4123-AC2A-233D1D29FF1B}.LIB Release|x64.ActiveCfg = Release|Win32
		{E5F6E48B-26FE-4123-AC2A-233D1D29FF1B}.Purify|Win32.ActiveCfg = Release|Win32
		{E5F6E48B-26FE-4123-AC2A-233D1D29FF1B}.Purify|Win32.Build.0 = Release|Win32
		{E5F6E48B-26FE-4123-AC2A-233D1D29FF1B}.Purify|x64.ActiveCfg = Release|Win32
		{E5F6E48B-26FE-4123-AC2A-233D1D29FF1B}.Release_dep|Win32.ActiveCfg = Release|Win32
		{E5F6E48B-26FE-4123-AC2A-233D1D29FF1B}.Release_dep|Win32.Build.0 = Release|Win32
		{E5F6E48B-26FE-4123-AC2A-233D1D29FF1B}.Release_dep|x64.ActiveCfg = Release|Win32
		{E5F6E48B-26FE-4123-AC2A-233D1D29FF1B}.Release|Win32.ActiveCfg = Release|Win32
		{E5F6E48B-26FE-4123-AC2A-233D1D29FF1B}.Release|Win32.Build.0 = Release|Win32
		{E5F6E48B-26FE-4123-AC2A-233D1D29FF1B}.Release|x64.ActiveCfg = Release|Win32
		{E5F6E48B-26FE-4123-AC2A-233D1D29FF1B}.using libcurl DLL Debug|Win32.ActiveCfg = Debug|Win32
		{E5F6E48B-26FE-4123-AC2A-233D1D29FF1B}.using libcurl DLL Debug|Win32.Build.0 = Debug|Win32
		{E5F6E48B-26FE-4123-AC2A-233D1D29FF1B}.using libcurl DLL Debug|x64.ActiveCfg = Debug|Win32
		{E5F6E48B-26FE-4123-AC2A-233D1D29FF1B}.using libcurl DLL Release|Win32.ActiveCfg = Release|Win32
		{E5F6E48B-26FE-4123-AC2A-233D1D29FF1B}.using libcurl DLL Release|Win32.Build.0 = Release|Win32
		{E5F6E48B-26FE-4123-AC2A-233D1D29FF1B}.using libcurl DLL Release|x64.ActiveCfg = Release|Win32
		{E5F6E48B-26FE-4123-AC2A-233D1D29FF1B}.using libcurl LIB Debug|Win32.ActiveCfg = Debug|Win32
		{E5F6E48B-26FE-4123-AC2A-233D1D29FF1B}.using libcurl LIB Debug|Win32.Build.0 = Debug|Win32
		{E5F6E48B-26FE-4123-AC2A-233D1D29FF1B}.using libcurl LIB Debug|x64.ActiveCfg = Debug|Win32
		{E5F6E48B-26FE-4123-AC2A-233D1D29FF1B}.using libcurl LIB Release|Win32.ActiveCfg = Release|Win32
		{E5F6E48B-26FE-4123-AC2A-233D1D29FF1B}.using libcurl LIB Release|Win32.Build.0 = Release|Win32
		{E5F6E48B-26FE-4123-AC2A-233D1D29FF1B}.using libcurl LIB Release|x64.ActiveCfg = Release|Win32
	EndGlobalSection
	GlobalSection(SolutionProperties) = preSolution
		HideSolutionNode = FALSE
	EndGlobalSection
	GlobalSection(NestedProjects) = preSolution
		{B55CA863-B374-4BAF-95AC-539E4FA4C90C} = {64C5D39E-E6F2-4F03-987C-44EEDFC0CAF6}
		{1832A374-8A74-4F9E-B536-69A699B3E165} = {64C5D39E-E6F2-4F03-987C-44EEDFC0CAF6}
		{3E283F37-A4ED-41B7-A3E6-A2D89D131A30} = {64C5D39E-E6F2-4F03-987C-44EEDFC0CAF6}
		{1738D5F6-ED1E-47E0-B2F0-456864B93C1E} = {64C5D39E-E6F2-4F03-987C-44EEDFC0CAF6}
		{B84FF31A-5F9A-46F8-AB22-DBFC9BECE3BE} = {64C5D39E-E6F2-4F03-987C-44EEDFC0CAF6}
		{87EE9DA4-DE1E-4448-8324-183C98DCA588} = {64C5D39E-E6F2-4F03-987C-44EEDFC0CAF6}
	EndGlobalSection
EndGlobal
