// !$*UTF8*$!
{
	archiveVersion = 1;
	classes = {
	};
	objectVersion = 46;
	objects = {

/* Begin PBXBuildFile section */
		CB091440174CF25600E15DF7 /* PlayerViewController.m in Sources */ = {isa = PBXBuildFile; fileRef = CB09143F174CF25600E15DF7 /* PlayerViewController.m */; };
		CB091457174CFCD700E15DF7 /* DOUAudioDecoder.m in Sources */ = {isa = PBXBuildFile; fileRef = CB091442174CFCD700E15DF7 /* DOUAudioDecoder.m */; };
		CB091458174CFCD700E15DF7 /* DOUAudioEventLoop.m in Sources */ = {isa = PBXBuildFile; fileRef = CB091444174CFCD700E15DF7 /* DOUAudioEventLoop.m */; };
		CB091459174CFCD700E15DF7 /* DOUAudioFilePreprocessor.m in Sources */ = {isa = PBXBuildFile; fileRef = CB091447174CFCD700E15DF7 /* DOUAudioFilePreprocessor.m */; };
		CB09145A174CFCD700E15DF7 /* DOUAudioFileProvider.m in Sources */ = {isa = PBXBuildFile; fileRef = CB091449174CFCD700E15DF7 /* DOUAudioFileProvider.m */; };
		CB09145B174CFCD700E15DF7 /* DOUAudioLPCM.m in Sources */ = {isa = PBXBuildFile; fileRef = CB09144B174CFCD700E15DF7 /* DOUAudioLPCM.m */; };
		CB09145C174CFCD700E15DF7 /* DOUAudioPlaybackItem.m in Sources */ = {isa = PBXBuildFile; fileRef = CB09144D174CFCD700E15DF7 /* DOUAudioPlaybackItem.m */; };
		CB09145D174CFCD700E15DF7 /* DOUAudioRenderer.m in Sources */ = {isa = PBXBuildFile; fileRef = CB09144F174CFCD700E15DF7 /* DOUAudioRenderer.m */; };
		CB09145E174CFCD700E15DF7 /* DOUAudioStreamer.m in Sources */ = {isa = PBXBuildFile; fileRef = CB091452174CFCD700E15DF7 /* DOUAudioStreamer.m */; };
		CB09145F174CFCD700E15DF7 /* DOUSimpleHTTPRequest.m in Sources */ = {isa = PBXBuildFile; fileRef = CB091454174CFCD700E15DF7 /* DOUSimpleHTTPRequest.m */; };
		CB091460174CFCD700E15DF7 /* NSData+DOUMappedFile.m in Sources */ = {isa = PBXBuildFile; fileRef = CB091456174CFCD700E15DF7 /* NSData+DOUMappedFile.m */; };
		CB8ACFAB174A574700F8EEBB /* UIKit.framework in Frameworks */ = {isa = PBXBuildFile; fileRef = CB8ACFAA174A574700F8EEBB /* UIKit.framework */; };
		CB8ACFAD174A574700F8EEBB /* Foundation.framework in Frameworks */ = {isa = PBXBuildFile; fileRef = CB8ACFAC174A574700F8EEBB /* Foundation.framework */; };
		CB8ACFAF174A574700F8EEBB /* CoreGraphics.framework in Frameworks */ = {isa = PBXBuildFile; fileRef = CB8ACFAE174A574700F8EEBB /* CoreGraphics.framework */; };
		CB8ACFB5174A574700F8EEBB /* InfoPlist.strings in Resources */ = {isa = PBXBuildFile; fileRef = CB8ACFB3174A574700F8EEBB /* InfoPlist.strings */; };
		CB8ACFB7174A574700F8EEBB /* main.m in Sources */ = {isa = PBXBuildFile; fileRef = CB8ACFB6174A574700F8EEBB /* main.m */; };
		CB8ACFBB174A574700F8EEBB /* AppDelegate.m in Sources */ = {isa = PBXBuildFile; fileRef = CB8ACFBA174A574700F8EEBB /* AppDelegate.m */; };
		CB8ACFBD174A574700F8EEBB /* Default.png in Resources */ = {isa = PBXBuildFile; fileRef = CB8ACFBC174A574700F8EEBB /* Default.png */; };
		CB8ACFBF174A574700F8EEBB /* Default@2x.png in Resources */ = {isa = PBXBuildFile; fileRef = CB8ACFBE174A574700F8EEBB /* Default@2x.png */; };
		CB8ACFC1174A574700F8EEBB /* Default-568h@2x.png in Resources */ = {isa = PBXBuildFile; fileRef = CB8ACFC0174A574700F8EEBB /* Default-568h@2x.png */; };
		CB8ACFC4174A574700F8EEBB /* MainStoryboard.storyboard in Resources */ = {isa = PBXBuildFile; fileRef = CB8ACFC2174A574700F8EEBB /* MainStoryboard.storyboard */; };
		CB8ACFC7174A574700F8EEBB /* ViewController.m in Sources */ = {isa = PBXBuildFile; fileRef = CB8ACFC6174A574700F8EEBB /* ViewController.m */; };
		CB8ACFD1174A57A100F8EEBB /* Accelerate.framework in Frameworks */ = {isa = PBXBuildFile; fileRef = CB8ACFCD174A57A100F8EEBB /* Accelerate.framework */; };
		CB8ACFD2174A57A100F8EEBB /* AudioToolbox.framework in Frameworks */ = {isa = PBXBuildFile; fileRef = CB8ACFCE174A57A100F8EEBB /* AudioToolbox.framework */; };
		CB8ACFD3174A57A100F8EEBB /* CFNetwork.framework in Frameworks */ = {isa = PBXBuildFile; fileRef = CB8ACFCF174A57A100F8EEBB /* CFNetwork.framework */; };
		CB8ACFD4174A57A100F8EEBB /* CoreAudio.framework in Frameworks */ = {isa = PBXBuildFile; fileRef = CB8ACFD0174A57A100F8EEBB /* CoreAudio.framework */; };
/* End PBXBuildFile section */

/* Begin PBXFileReference section */
		CB09143E174CF25600E15DF7 /* PlayerViewController.h */ = {isa = PBXFileReference; fileEncoding = 4; lastKnownFileType = sourcecode.c.h; path = PlayerViewController.h; sourceTree = "<group>"; };
		CB09143F174CF25600E15DF7 /* PlayerViewController.m */ = {isa = PBXFileReference; fileEncoding = 4; lastKnownFileType = sourcecode.c.objc; path = PlayerViewController.m; sourceTree = "<group>"; };
		CB091441174CFCD700E15DF7 /* DOUAudioDecoder.h */ = {isa = PBXFileReference; fileEncoding = 4; lastKnownFileType = sourcecode.c.h; name = DOUAudioDecoder.h; path = audio/DOUAudioDecoder.h; sourceTree = "<group>"; };
		CB091442174CFCD700E15DF7 /* DOUAudioDecoder.m */ = {isa = PBXFileReference; fileEncoding = 4; lastKnownFileType = sourcecode.c.objc; name = DOUAudioDecoder.m; path = audio/DOUAudioDecoder.m; sourceTree = "<group>"; };
		CB091443174CFCD700E15DF7 /* DOUAudioEventLoop.h */ = {isa = PBXFileReference; fileEncoding = 4; lastKnownFileType = sourcecode.c.h; name = DOUAudioEventLoop.h; path = audio/DOUAudioEventLoop.h; sourceTree = "<group>"; };
		CB091444174CFCD700E15DF7 /* DOUAudioEventLoop.m */ = {isa = PBXFileReference; fileEncoding = 4; lastKnownFileType = sourcecode.c.objc; name = DOUAudioEventLoop.m; path = audio/DOUAudioEventLoop.m; sourceTree = "<group>"; };
		CB091445174CFCD700E15DF7 /* DOUAudioFile.h */ = {isa = PBXFileReference; fileEncoding = 4; lastKnownFileType = sourcecode.c.h; name = DOUAudioFile.h; path = audio/DOUAudioFile.h; sourceTree = "<group>"; };
		CB091446174CFCD700E15DF7 /* DOUAudioFilePreprocessor.h */ = {isa = PBXFileReference; fileEncoding = 4; lastKnownFileType = sourcecode.c.h; name = DOUAudioFilePreprocessor.h; path = audio/DOUAudioFilePreprocessor.h; sourceTree = "<group>"; };
		CB091447174CFCD700E15DF7 /* DOUAudioFilePreprocessor.m */ = {isa = PBXFileReference; fileEncoding = 4; lastKnownFileType = sourcecode.c.objc; name = DOUAudioFilePreprocessor.m; path = audio/DOUAudioFilePreprocessor.m; sourceTree = "<group>"; };
		CB091448174CFCD700E15DF7 /* DOUAudioFileProvider.h */ = {isa = PBXFileReference; fileEncoding = 4; lastKnownFileType = sourcecode.c.h; name = DOUAudioFileProvider.h; path = audio/DOUAudioFileProvider.h; sourceTree = "<group>"; };
		CB091449174CFCD700E15DF7 /* DOUAudioFileProvider.m */ = {isa = PBXFileReference; fileEncoding = 4; lastKnownFileType = sourcecode.c.objc; name = DOUAudioFileProvider.m; path = audio/DOUAudioFileProvider.m; sourceTree = "<group>"; };
		CB09144A174CFCD700E15DF7 /* DOUAudioLPCM.h */ = {isa = PBXFileReference; fileEncoding = 4; lastKnownFileType = sourcecode.c.h; name = DOUAudioLPCM.h; path = audio/DOUAudioLPCM.h; sourceTree = "<group>"; };
		CB09144B174CFCD700E15DF7 /* DOUAudioLPCM.m */ = {isa = PBXFileReference; fileEncoding = 4; lastKnownFileType = sourcecode.c.objc; name = DOUAudioLPCM.m; path = audio/DOUAudioLPCM.m; sourceTree = "<group>"; };
		CB09144C174CFCD700E15DF7 /* DOUAudioPlaybackItem.h */ = {isa = PBXFileReference; fileEncoding = 4; lastKnownFileType = sourcecode.c.h; name = DOUAudioPlaybackItem.h; path = audio/DOUAudioPlaybackItem.h; sourceTree = "<group>"; };
		CB09144D174CFCD700E15DF7 /* DOUAudioPlaybackItem.m */ = {isa = PBXFileReference; fileEncoding = 4; lastKnownFileType = sourcecode.c.objc; name = DOUAudioPlaybackItem.m; path = audio/DOUAudioPlaybackItem.m; sourceTree = "<group>"; };
		CB09144E174CFCD700E15DF7 /* DOUAudioRenderer.h */ = {isa = PBXFileReference; fileEncoding = 4; lastKnownFileType = sourcecode.c.h; name = DOUAudioRenderer.h; path = audio/DOUAudioRenderer.h; sourceTree = "<group>"; };
		CB09144F174CFCD700E15DF7 /* DOUAudioRenderer.m */ = {isa = PBXFileReference; fileEncoding = 4; lastKnownFileType = sourcecode.c.objc; name = DOUAudioRenderer.m; path = audio/DOUAudioRenderer.m; sourceTree = "<group>"; };
		CB091450174CFCD700E15DF7 /* DOUAudioStreamer_Private.h */ = {isa = PBXFileReference; fileEncoding = 4; lastKnownFileType = sourcecode.c.h; name = DOUAudioStreamer_Private.h; path = audio/DOUAudioStreamer_Private.h; sourceTree = "<group>"; };
		CB091451174CFCD700E15DF7 /* DOUAudioStreamer.h */ = {isa = PBXFileReference; fileEncoding = 4; lastKnownFileType = sourcecode.c.h; name = DOUAudioStreamer.h; path = audio/DOUAudioStreamer.h; sourceTree = "<group>"; };
		CB091452174CFCD700E15DF7 /* DOUAudioStreamer.m */ = {isa = PBXFileReference; fileEncoding = 4; lastKnownFileType = sourcecode.c.objc; name = DOUAudioStreamer.m; path = audio/DOUAudioStreamer.m; sourceTree = "<group>"; };
		CB091453174CFCD700E15DF7 /* DOUSimpleHTTPRequest.h */ = {isa = PBXFileReference; fileEncoding = 4; lastKnownFileType = sourcecode.c.h; name = DOUSimpleHTTPRequest.h; path = audio/DOUSimpleHTTPRequest.h; sourceTree = "<group>"; };
		CB091454174CFCD700E15DF7 /* DOUSimpleHTTPRequest.m */ = {isa = PBXFileReference; fileEncoding = 4; lastKnownFileType = sourcecode.c.objc; name = DOUSimpleHTTPRequest.m; path = audio/DOUSimpleHTTPRequest.m; sourceTree = "<group>"; };
		CB091455174CFCD700E15DF7 /* NSData+DOUMappedFile.h */ = {isa = PBXFileReference; fileEncoding = 4; lastKnownFileType = sourcecode.c.h; name = "NSData+DOUMappedFile.h"; path = "audio/NSData+DOUMappedFile.h"; sourceTree = "<group>"; };
		CB091456174CFCD700E15DF7 /* NSData+DOUMappedFile.m */ = {isa = PBXFileReference; fileEncoding = 4; lastKnownFileType = sourcecode.c.objc; name = "NSData+DOUMappedFile.m"; path = "audio/NSData+DOUMappedFile.m"; sourceTree = "<group>"; };
		CB8ACFA7174A574700F8EEBB /* carbonarrow.app */ = {isa = PBXFileReference; explicitFileType = wrapper.application; includeInIndex = 0; path = carbonarrow.app; sourceTree = BUILT_PRODUCTS_DIR; };
		CB8ACFAA174A574700F8EEBB /* UIKit.framework */ = {isa = PBXFileReference; lastKnownFileType = wrapper.framework; name = UIKit.framework; path = System/Library/Frameworks/UIKit.framework; sourceTree = SDKROOT; };
		CB8ACFAC174A574700F8EEBB /* Foundation.framework */ = {isa = PBXFileReference; lastKnownFileType = wrapper.framework; name = Foundation.framework; path = System/Library/Frameworks/Foundation.framework; sourceTree = SDKROOT; };
		CB8ACFAE174A574700F8EEBB /* CoreGraphics.framework */ = {isa = PBXFileReference; lastKnownFileType = wrapper.framework; name = CoreGraphics.framework; path = System/Library/Frameworks/CoreGraphics.framework; sourceTree = SDKROOT; };
		CB8ACFB2174A574700F8EEBB /* carbonarrow-Info.plist */ = {isa = PBXFileReference; lastKnownFileType = text.plist.xml; path = "carbonarrow-Info.plist"; sourceTree = "<group>"; };
		CB8ACFB4174A574700F8EEBB /* en */ = {isa = PBXFileReference; lastKnownFileType = text.plist.strings; name = en; path = en.lproj/InfoPlist.strings; sourceTree = "<group>"; };
		CB8ACFB6174A574700F8EEBB /* main.m */ = {isa = PBXFileReference; lastKnownFileType = sourcecode.c.objc; path = main.m; sourceTree = "<group>"; };
		CB8ACFB8174A574700F8EEBB /* carbonarrow-Prefix.pch */ = {isa = PBXFileReference; lastKnownFileType = sourcecode.c.h; path = "carbonarrow-Prefix.pch"; sourceTree = "<group>"; };
		CB8ACFB9174A574700F8EEBB /* AppDelegate.h */ = {isa = PBXFileReference; lastKnownFileType = sourcecode.c.h; path = AppDelegate.h; sourceTree = "<group>"; };
		CB8ACFBA174A574700F8EEBB /* AppDelegate.m */ = {isa = PBXFileReference; lastKnownFileType = sourcecode.c.objc; path = AppDelegate.m; sourceTree = "<group>"; };
		CB8ACFBC174A574700F8EEBB /* Default.png */ = {isa = PBXFileReference; lastKnownFileType = image.png; path = Default.png; sourceTree = "<group>"; };
		CB8ACFBE174A574700F8EEBB /* Default@2x.png */ = {isa = PBXFileReference; lastKnownFileType = image.png; path = "Default@2x.png"; sourceTree = "<group>"; };
		CB8ACFC0174A574700F8EEBB /* Default-568h@2x.png */ = {isa = PBXFileReference; lastKnownFileType = image.png; path = "Default-568h@2x.png"; sourceTree = "<group>"; };
		CB8ACFC3174A574700F8EEBB /* en */ = {isa = PBXFileReference; lastKnownFileType = file.storyboard; name = en; path = en.lproj/MainStoryboard.storyboard; sourceTree = "<group>"; };
		CB8ACFC5174A574700F8EEBB /* ViewController.h */ = {isa = PBXFileReference; lastKnownFileType = sourcecode.c.h; path = ViewController.h; sourceTree = "<group>"; };
		CB8ACFC6174A574700F8EEBB /* ViewController.m */ = {isa = PBXFileReference; lastKnownFileType = sourcecode.c.objc; path = ViewController.m; sourceTree = "<group>"; };
		CB8ACFCD174A57A100F8EEBB /* Accelerate.framework */ = {isa = PBXFileReference; lastKnownFileType = wrapper.framework; name = Accelerate.framework; path = System/Library/Frameworks/Accelerate.framework; sourceTree = SDKROOT; };
		CB8ACFCE174A57A100F8EEBB /* AudioToolbox.framework */ = {isa = PBXFileReference; lastKnownFileType = wrapper.framework; name = AudioToolbox.framework; path = System/Library/Frameworks/AudioToolbox.framework; sourceTree = SDKROOT; };
		CB8ACFCF174A57A100F8EEBB /* CFNetwork.framework */ = {isa = PBXFileReference; lastKnownFileType = wrapper.framework; name = CFNetwork.framework; path = System/Library/Frameworks/CFNetwork.framework; sourceTree = SDKROOT; };
		CB8ACFD0174A57A100F8EEBB /* CoreAudio.framework */ = {isa = PBXFileReference; lastKnownFileType = wrapper.framework; name = CoreAudio.framework; path = System/Library/Frameworks/CoreAudio.framework; sourceTree = SDKROOT; };
/* End PBXFileReference section */

/* Begin PBXFrameworksBuildPhase section */
		CB8ACFA4174A574700F8EEBB /* Frameworks */ = {
			isa = PBXFrameworksBuildPhase;
			buildActionMask = 2147483647;
			files = (
				CB8ACFD1174A57A100F8EEBB /* Accelerate.framework in Frameworks */,
				CB8ACFD2174A57A100F8EEBB /* AudioToolbox.framework in Frameworks */,
				CB8ACFD3174A57A100F8EEBB /* CFNetwork.framework in Frameworks */,
				CB8ACFD4174A57A100F8EEBB /* CoreAudio.framework in Frameworks */,
				CB8ACFAB174A574700F8EEBB /* UIKit.framework in Frameworks */,
				CB8ACFAD174A574700F8EEBB /* Foundation.framework in Frameworks */,
				CB8ACFAF174A574700F8EEBB /* CoreGraphics.framework in Frameworks */,
			);
			runOnlyForDeploymentPostprocessing = 0;
		};
/* End PBXFrameworksBuildPhase section */

/* Begin PBXGroup section */
		CB8ACF9E174A574700F8EEBB = {
			isa = PBXGroup;
			children = (
				CB8ACFB0174A574700F8EEBB /* carbonarrow */,
				CB8ACFA9174A574700F8EEBB /* Frameworks */,
				CB8ACFA8174A574700F8EEBB /* Products */,
			);
			sourceTree = "<group>";
		};
		CB8ACFA8174A574700F8EEBB /* Products */ = {
			isa = PBXGroup;
			children = (
				CB8ACFA7174A574700F8EEBB /* carbonarrow.app */,
			);
			name = Products;
			sourceTree = "<group>";
		};
		CB8ACFA9174A574700F8EEBB /* Frameworks */ = {
			isa = PBXGroup;
			children = (
				CB8ACFCD174A57A100F8EEBB /* Accelerate.framework */,
				CB8ACFCE174A57A100F8EEBB /* AudioToolbox.framework */,
				CB8ACFCF174A57A100F8EEBB /* CFNetwork.framework */,
				CB8ACFD0174A57A100F8EEBB /* CoreAudio.framework */,
				CB8ACFAA174A574700F8EEBB /* UIKit.framework */,
				CB8ACFAC174A574700F8EEBB /* Foundation.framework */,
				CB8ACFAE174A574700F8EEBB /* CoreGraphics.framework */,
			);
			name = Frameworks;
			sourceTree = "<group>";
		};
		CB8ACFB0174A574700F8EEBB /* carbonarrow */ = {
			isa = PBXGroup;
			children = (
				CB8ACFD5174A57AD00F8EEBB /* audio */,
				CB8ACFB9174A574700F8EEBB /* AppDelegate.h */,
				CB8ACFBA174A574700F8EEBB /* AppDelegate.m */,
				CB8ACFC2174A574700F8EEBB /* MainStoryboard.storyboard */,
				CB8ACFC5174A574700F8EEBB /* ViewController.h */,
				CB8ACFC6174A574700F8EEBB /* ViewController.m */,
				CB09143E174CF25600E15DF7 /* PlayerViewController.h */,
				CB09143F174CF25600E15DF7 /* PlayerViewController.m */,
				CB8ACFB1174A574700F8EEBB /* Supporting Files */,
			);
			path = carbonarrow;
			sourceTree = "<group>";
		};
		CB8ACFB1174A574700F8EEBB /* Supporting Files */ = {
			isa = PBXGroup;
			children = (
				CB8ACFB2174A574700F8EEBB /* carbonarrow-Info.plist */,
				CB8ACFB3174A574700F8EEBB /* InfoPlist.strings */,
				CB8ACFB6174A574700F8EEBB /* main.m */,
				CB8ACFB8174A574700F8EEBB /* carbonarrow-Prefix.pch */,
				CB8ACFBC174A574700F8EEBB /* Default.png */,
				CB8ACFBE174A574700F8EEBB /* Default@2x.png */,
				CB8ACFC0174A574700F8EEBB /* Default-568h@2x.png */,
			);
			name = "Supporting Files";
			sourceTree = "<group>";
		};
		CB8ACFD5174A57AD00F8EEBB /* audio */ = {
			isa = PBXGroup;
			children = (
				CB091441174CFCD700E15DF7 /* DOUAudioDecoder.h */,
				CB091442174CFCD700E15DF7 /* DOUAudioDecoder.m */,
				CB091443174CFCD700E15DF7 /* DOUAudioEventLoop.h */,
				CB091444174CFCD700E15DF7 /* DOUAudioEventLoop.m */,
				CB091445174CFCD700E15DF7 /* DOUAudioFile.h */,
				CB091446174CFCD700E15DF7 /* DOUAudioFilePreprocessor.h */,
				CB091447174CFCD700E15DF7 /* DOUAudioFilePreprocessor.m */,
				CB091448174CFCD700E15DF7 /* DOUAudioFileProvider.h */,
				CB091449174CFCD700E15DF7 /* DOUAudioFileProvider.m */,
				CB09144A174CFCD700E15DF7 /* DOUAudioLPCM.h */,
				CB09144B174CFCD700E15DF7 /* DOUAudioLPCM.m */,
				CB09144C174CFCD700E15DF7 /* DOUAudioPlaybackItem.h */,
				CB09144D174CFCD700E15DF7 /* DOUAudioPlaybackItem.m */,
				CB09144E174CFCD700E15DF7 /* DOUAudioRenderer.h */,
				CB09144F174CFCD700E15DF7 /* DOUAudioRenderer.m */,
				CB091450174CFCD700E15DF7 /* DOUAudioStreamer_Private.h */,
				CB091451174CFCD700E15DF7 /* DOUAudioStreamer.h */,
				CB091452174CFCD700E15DF7 /* DOUAudioStreamer.m */,
				CB091453174CFCD700E15DF7 /* DOUSimpleHTTPRequest.h */,
				CB091454174CFCD700E15DF7 /* DOUSimpleHTTPRequest.m */,
				CB091455174CFCD700E15DF7 /* NSData+DOUMappedFile.h */,
				CB091456174CFCD700E15DF7 /* NSData+DOUMappedFile.m */,
			);
			name = audio;
			sourceTree = "<group>";
		};
/* End PBXGroup section */

/* Begin PBXNativeTarget section */
		CB8ACFA6174A574700F8EEBB /* carbonarrow */ = {
			isa = PBXNativeTarget;
			buildConfigurationList = CB8ACFCA174A574700F8EEBB /* Build configuration list for PBXNativeTarget "carbonarrow" */;
			buildPhases = (
				CB8ACFA3174A574700F8EEBB /* Sources */,
				CB8ACFA4174A574700F8EEBB /* Frameworks */,
				CB8ACFA5174A574700F8EEBB /* Resources */,
			);
			buildRules = (
			);
			dependencies = (
			);
			name = carbonarrow;
			productName = carbonarrow;
			productReference = CB8ACFA7174A574700F8EEBB /* carbonarrow.app */;
			productType = "com.apple.product-type.application";
		};
/* End PBXNativeTarget section */

/* Begin PBXProject section */
		CB8ACF9F174A574700F8EEBB /* Project object */ = {
			isa = PBXProject;
			attributes = {
				LastUpgradeCheck = 0460;
				ORGANIZATIONNAME = Archer_LJ;
			};
			buildConfigurationList = CB8ACFA2174A574700F8EEBB /* Build configuration list for PBXProject "carbonarrow" */;
			compatibilityVersion = "Xcode 3.2";
			developmentRegion = English;
			hasScannedForEncodings = 0;
			knownRegions = (
				en,
			);
			mainGroup = CB8ACF9E174A574700F8EEBB;
			productRefGroup = CB8ACFA8174A574700F8EEBB /* Products */;
			projectDirPath = "";
			projectRoot = "";
			targets = (
				CB8ACFA6174A574700F8EEBB /* carbonarrow */,
			);
		};
/* End PBXProject section */

/* Begin PBXResourcesBuildPhase section */
		CB8ACFA5174A574700F8EEBB /* Resources */ = {
			isa = PBXResourcesBuildPhase;
			buildActionMask = 2147483647;
			files = (
				CB8ACFB5174A574700F8EEBB /* InfoPlist.strings in Resources */,
				CB8ACFBD174A574700F8EEBB /* Default.png in Resources */,
				CB8ACFBF174A574700F8EEBB /* Default@2x.png in Resources */,
				CB8ACFC1174A574700F8EEBB /* Default-568h@2x.png in Resources */,
				CB8ACFC4174A574700F8EEBB /* MainStoryboard.storyboard in Resources */,
			);
			runOnlyForDeploymentPostprocessing = 0;
		};
/* End PBXResourcesBuildPhase section */

/* Begin PBXSourcesBuildPhase section */
		CB8ACFA3174A574700F8EEBB /* Sources */ = {
			isa = PBXSourcesBuildPhase;
			buildActionMask = 2147483647;
			files = (
				CB8ACFB7174A574700F8EEBB /* main.m in Sources */,
				CB8ACFBB174A574700F8EEBB /* AppDelegate.m in Sources */,
				CB8ACFC7174A574700F8EEBB /* ViewController.m in Sources */,
				CB091440174CF25600E15DF7 /* PlayerViewController.m in Sources */,
				CB091457174CFCD700E15DF7 /* DOUAudioDecoder.m in Sources */,
				CB091458174CFCD700E15DF7 /* DOUAudioEventLoop.m in Sources */,
				CB091459174CFCD700E15DF7 /* DOUAudioFilePreprocessor.m in Sources */,
				CB09145A174CFCD700E15DF7 /* DOUAudioFileProvider.m in Sources */,
				CB09145B174CFCD700E15DF7 /* DOUAudioLPCM.m in Sources */,
				CB09145C174CFCD700E15DF7 /* DOUAudioPlaybackItem.m in Sources */,
				CB09145D174CFCD700E15DF7 /* DOUAudioRenderer.m in Sources */,
				CB09145E174CFCD700E15DF7 /* DOUAudioStreamer.m in Sources */,
				CB09145F174CFCD700E15DF7 /* DOUSimpleHTTPRequest.m in Sources */,
				CB091460174CFCD700E15DF7 /* NSData+DOUMappedFile.m in Sources */,
			);
			runOnlyForDeploymentPostprocessing = 0;
		};
/* End PBXSourcesBuildPhase section */

/* Begin PBXVariantGroup section */
		CB8ACFB3174A574700F8EEBB /* InfoPlist.strings */ = {
			isa = PBXVariantGroup;
			children = (
				CB8ACFB4174A574700F8EEBB /* en */,
			);
			name = InfoPlist.strings;
			sourceTree = "<group>";
		};
		CB8ACFC2174A574700F8EEBB /* MainStoryboard.storyboard */ = {
			isa = PBXVariantGroup;
			children = (
				CB8ACFC3174A574700F8EEBB /* en */,
			);
			name = MainStoryboard.storyboard;
			sourceTree = "<group>";
		};
/* End PBXVariantGroup section */

/* Begin XCBuildConfiguration section */
		CB8ACFC8174A574700F8EEBB /* Debug */ = {
			isa = XCBuildConfiguration;
			buildSettings = {
				ALWAYS_SEARCH_USER_PATHS = NO;
				CLANG_CXX_LANGUAGE_STANDARD = "gnu++0x";
				CLANG_CXX_LIBRARY = "libc++";
				CLANG_ENABLE_OBJC_ARC = YES;
				CLANG_WARN_CONSTANT_CONVERSION = YES;
				CLANG_WARN_EMPTY_BODY = YES;
				CLANG_WARN_ENUM_CONVERSION = YES;
				CLANG_WARN_INT_CONVERSION = YES;
				CLANG_WARN__DUPLICATE_METHOD_MATCH = YES;
				"CODE_SIGN_IDENTITY[sdk=iphoneos*]" = "iPhone Developer";
				COPY_PHASE_STRIP = NO;
				GCC_C_LANGUAGE_STANDARD = gnu99;
				GCC_DYNAMIC_NO_PIC = NO;
				GCC_OPTIMIZATION_LEVEL = 0;
				GCC_PREPROCESSOR_DEFINITIONS = (
					"DEBUG=1",
					"$(inherited)",
				);
				GCC_SYMBOLS_PRIVATE_EXTERN = NO;
				GCC_WARN_ABOUT_RETURN_TYPE = YES;
				GCC_WARN_UNINITIALIZED_AUTOS = YES;
				GCC_WARN_UNUSED_VARIABLE = YES;
				IPHONEOS_DEPLOYMENT_TARGET = 6.1;
				ONLY_ACTIVE_ARCH = YES;
				SDKROOT = iphoneos;
			};
			name = Debug;
		};
		CB8ACFC9174A574700F8EEBB /* Release */ = {
			isa = XCBuildConfiguration;
			buildSettings = {
				ALWAYS_SEARCH_USER_PATHS = NO;
				CLANG_CXX_LANGUAGE_STANDARD = "gnu++0x";
				CLANG_CXX_LIBRARY = "libc++";
				CLANG_ENABLE_OBJC_ARC = YES;
				CLANG_WARN_CONSTANT_CONVERSION = YES;
				CLANG_WARN_EMPTY_BODY = YES;
				CLANG_WARN_ENUM_CONVERSION = YES;
				CLANG_WARN_INT_CONVERSION = YES;
				CLANG_WARN__DUPLICATE_METHOD_MATCH = YES;
				"CODE_SIGN_IDENTITY[sdk=iphoneos*]" = "iPhone Developer";
				COPY_PHASE_STRIP = YES;
				GCC_C_LANGUAGE_STANDARD = gnu99;
				GCC_WARN_ABOUT_RETURN_TYPE = YES;
				GCC_WARN_UNINITIALIZED_AUTOS = YES;
				GCC_WARN_UNUSED_VARIABLE = YES;
				IPHONEOS_DEPLOYMENT_TARGET = 6.1;
				OTHER_CFLAGS = "-DNS_BLOCK_ASSERTIONS=1";
				SDKROOT = iphoneos;
				VALIDATE_PRODUCT = YES;
			};
			name = Release;
		};
		CB8ACFCB174A574700F8EEBB /* Debug */ = {
			isa = XCBuildConfiguration;
			buildSettings = {
				GCC_PRECOMPILE_PREFIX_HEADER = YES;
				GCC_PREFIX_HEADER = "carbonarrow/carbonarrow-Prefix.pch";
				INFOPLIST_FILE = "carbonarrow/carbonarrow-Info.plist";
				PRODUCT_NAME = "$(TARGET_NAME)";
				WRAPPER_EXTENSION = app;
			};
			name = Debug;
		};
		CB8ACFCC174A574700F8EEBB /* Release */ = {
			isa = XCBuildConfiguration;
			buildSettings = {
				GCC_PRECOMPILE_PREFIX_HEADER = YES;
				GCC_PREFIX_HEADER = "carbonarrow/carbonarrow-Prefix.pch";
				INFOPLIST_FILE = "carbonarrow/carbonarrow-Info.plist";
				PRODUCT_NAME = "$(TARGET_NAME)";
				WRAPPER_EXTENSION = app;
			};
			name = Release;
		};
/* End XCBuildConfiguration section */

/* Begin XCConfigurationList section */
		CB8ACFA2174A574700F8EEBB /* Build configuration list for PBXProject "carbonarrow" */ = {
			isa = XCConfigurationList;
			buildConfigurations = (
				CB8ACFC8174A574700F8EEBB /* Debug */,
				CB8ACFC9174A574700F8EEBB /* Release */,
			);
			defaultConfigurationIsVisible = 0;
			defaultConfigurationName = Release;
		};
		CB8ACFCA174A574700F8EEBB /* Build configuration list for PBXNativeTarget "carbonarrow" */ = {
			isa = XCConfigurationList;
			buildConfigurations = (
				CB8ACFCB174A574700F8EEBB /* Debug */,
				CB8ACFCC174A574700F8EEBB /* Release */,
			);
			defaultConfigurationIsVisible = 0;
			defaultConfigurationName = Release;
		};
/* End XCConfigurationList section */
	};
	rootObject = CB8ACF9F174A574700F8EEBB /* Project object */;
}
