
Microsoft Visual Studio Solution File, Format Version 10.00
# Visual Studio 2008
Project("{2150E333-8FDC-42A3-9474-1A3956D46DE8}") = "net_comm", "net_comm", "{F0041286-152D-4958-BCA9-511B92271320}"
EndProject
Project("{2150E333-8FDC-42A3-9474-1A3956D46DE8}") = "main", "main", "{69755E44-D420-4F25-8632-658C125D6B6C}"
EndProject
Project("{2150E333-8FDC-42A3-9474-1A3956D46DE8}") = "muspl", "muspl", "{FA91B48D-B280-4965-8B78-B6E3C665CF0E}"
EndProject
Project("{8BC9CEB8-8B4A-11D0-8D11-00A0C91BC942}") = "migfm", "main\Migfm.vcproj", "{F31D00A7-76E5-4EA5-8A32-38B1BD57585E}"
	ProjectSection(ProjectDependencies) = postProject
		{E106ACD7-4E53-4AEE-942B-D0DD426DB34E} = {E106ACD7-4E53-4AEE-942B-D0DD426DB34E}
	EndProjectSection
EndProject
Project("{8BC9CEB8-8B4A-11D0-8D11-00A0C91BC942}") = "net_comm", "http\net_comm\net_comm.vcproj", "{8D15A9FC-8218-4B97-B176-AEE7934A2CB1}"
	ProjectSection(ProjectDependencies) = postProject
		{B84FF31A-5F9A-46F8-AB22-DBFC9BECE3BE} = {B84FF31A-5F9A-46F8-AB22-DBFC9BECE3BE}
		{968F3222-9798-4D21-BE08-15ECB5EF2994} = {968F3222-9798-4D21-BE08-15ECB5EF2994}
		{3E283F37-A4ED-41B7-A3E6-A2D89D131A30} = {3E283F37-A4ED-41B7-A3E6-A2D89D131A30}
		{440ED461-70DF-415D-ADDC-39D1DEA8837E} = {440ED461-70DF-415D-ADDC-39D1DEA8837E}
		{B55CA863-B374-4BAF-95AC-539E4FA4C90C} = {B55CA863-B374-4BAF-95AC-539E4FA4C90C}
		{1832A374-8A74-4F9E-B536-69A699B3E165} = {1832A374-8A74-4F9E-B536-69A699B3E165}
		{87EE9DA4-DE1E-4448-8324-183C98DCA588} = {87EE9DA4-DE1E-4448-8324-183C98DCA588}
		{9E2EFAAB-02B7-4A82-B664-1E98DF6D1953} = {9E2EFAAB-02B7-4A82-B664-1E98DF6D1953}
		{BD4199C4-8AB1-4707-9FE2-9E4BA57DA0E2} = {BD4199C4-8AB1-4707-9FE2-9E4BA57DA0E2}
	EndProjectSection
EndProject
Project("{8BC9CEB8-8B4A-11D0-8D11-00A0C91BC942}") = "TestNet", "http\TestNet\TestNet.vcproj", "{E5F6E48B-26FE-4123-AC2A-233D1D29FF1B}"
EndProject
Project("{8BC9CEB8-8B4A-11D0-8D11-00A0C91BC942}") = "playerTest", "muspl\playerTest\playerTest.vcproj", "{0213D6D2-D8A0-49D5-8AF8-4FF5661CD88F}"
EndProject
Project("{2150E333-8FDC-42A3-9474-1A3956D46DE8}") = "3rd", "3rd", "{B7877E4C-03D7-4549-ADB4-827A5DE4A42B}"
EndProject
Project("{2150E333-8FDC-42A3-9474-1A3956D46DE8}") = "breakpad", "breakpad", "{62930E5D-ED45-4E0A-AD1A-40A22DE59976}"
EndProject
Project("{8BC9CEB8-8B4A-11D0-8D11-00A0C91BC942}") = "breakpad_handler", "..\..\3rd\breakpad(win)\breakpad_handler.vcproj", "{B55CA863-B374-4BAF-95AC-539E4FA4C90C}"
EndProject
Project("{2150E333-8FDC-42A3-9474-1A3956D46DE8}") = "base", "base", "{DB7E9395-6B97-41C3-9166-0DE3422398A5}"
EndProject
Project("{8BC9CEB8-8B4A-11D0-8D11-00A0C91BC942}") = "base", "..\..\3rd\base\base.vcproj", "{1832A374-8A74-4F9E-B536-69A699B3E165}"
EndProject
Project("{8BC9CEB8-8B4A-11D0-8D11-00A0C91BC942}") = "libprotobuf", "..\..\3rd\protobuf-2.3.0\vsprojects\libprotobuf.vcproj", "{3E283F37-A4ED-41B7-A3E6-A2D89D131A30}"
EndProject
Project("{8BC9CEB8-8B4A-11D0-8D11-00A0C91BC942}") = "libprotoc", "..\..\3rd\protobuf-2.3.0\vsprojects\libprotoc.vcproj", "{B84FF31A-5F9A-46F8-AB22-DBFC9BECE3BE}"
EndProject
Project("{2150E333-8FDC-42A3-9474-1A3956D46DE8}") = "porc", "porc", "{9F20CD3C-3369-4E9B-B4D5-8E4FA3F62933}"
EndProject
Project("{2150E333-8FDC-42A3-9474-1A3956D46DE8}") = "libcurl", "libcurl", "{F1C818F6-8DD0-4086-853F-D651847B9FC1}"
EndProject
Project("{8BC9CEB8-8B4A-11D0-8D11-00A0C91BC942}") = "libcurl", "..\..\3rd\curl\lib\libcurl.vcproj", "{87EE9DA4-DE1E-4448-8324-183C98DCA588}"
EndProject
Project("{8BC9CEB8-8B4A-11D0-8D11-00A0C91BC942}") = "base_i18n", "..\..\3rd\base\base_i18n.vcproj", "{968F3222-9798-4D21-BE08-15ECB5EF2994}"
EndProject
Project("{8BC9CEB8-8B4A-11D0-8D11-00A0C91BC942}") = "dynamic_annotations", "..\..\3rd\dynamic_annotations\dynamic_annotations.vcproj", "{EF3AD1A1-5FA6-4B70-9CCC-F5AE4C6D0892}"
EndProject
Project("{2150E333-8FDC-42A3-9474-1A3956D46DE8}") = "google_url", "google_url", "{FA80EBF8-638B-4F79-AFA9-28ABA088F4F1}"
EndProject
Project("{2150E333-8FDC-42A3-9474-1A3956D46DE8}") = "icuuc", "icuuc", "{04ABE2A0-B982-4959-ADE7-76C199546E99}"
EndProject
Project("{8BC9CEB8-8B4A-11D0-8D11-00A0C91BC942}") = "icuuc", "..\..\3rd\third_party\icu\icuuc.vcproj", "{9E2EFAAB-02B7-4A82-B664-1E98DF6D1953}"
EndProject
Project("{2150E333-8FDC-42A3-9474-1A3956D46DE8}") = "libexpat", "libexpat", "{C7735DD2-A78C-4118-AACC-F1EA15672425}"
EndProject
Project("{8BC9CEB8-8B4A-11D0-8D11-00A0C91BC942}") = "expat", "..\..\3rd\Expat-2.0.0\Source\lib\expat.vcproj", "{440ED461-70DF-415D-ADDC-39D1DEA8837E}"
EndProject
Project("{8BC9CEB8-8B4A-11D0-8D11-00A0C91BC942}") = "expat_static", "..\..\3rd\Expat-2.0.0\Source\lib\expat_static.vcproj", "{BD4199C4-8AB1-4707-9FE2-9E4BA57DA0E2}"
EndProject
Project("{2150E333-8FDC-42A3-9474-1A3956D46DE8}") = "3rd", "3rd", "{6A7EB7C5-56B9-49F9-B5FF-D8A61747AEC0}"
EndProject
Project("{8BC9CEB8-8B4A-11D0-8D11-00A0C91BC942}") = "DuiLib", "..\..\3rd\duilib\DuiLib\DuiLib.vcproj", "{E106ACD7-4E53-4AEE-942B-D0DD426DB34E}"
EndProject
Project("{8BC9CEB8-8B4A-11D0-8D11-00A0C91BC942}") = "muspl", "muspl\muspl\muspl.vcproj", "{44D35825-A7C8-474C-A4E0-8191B98975F3}"
EndProject
Global
	GlobalSection(SolutionConfigurationPlatforms) = preSolution
		Debug_dep|Win32 = Debug_dep|Win32
		Debug_dep|x64 = Debug_dep|x64
		Debug|Win32 = Debug|Win32
		Debug|x64 = Debug|x64
		Purify|Win32 = Purify|Win32
		Purify|x64 = Purify|x64
		Release_dep|Win32 = Release_dep|Win32
		Release_dep|x64 = Release_dep|x64
		Release|Win32 = Release|Win32
		Release|x64 = Release|x64
		UnicodeDebug|Win32 = UnicodeDebug|Win32
		UnicodeDebug|x64 = UnicodeDebug|x64
		UnicodeRelease|Win32 = UnicodeRelease|Win32
		UnicodeRelease|x64 = UnicodeRelease|x64
	EndGlobalSection
	GlobalSection(ProjectConfigurationPlatforms) = postSolution
		{F31D00A7-76E5-4EA5-8A32-38B1BD57585E}.Debug_dep|Win32.ActiveCfg = Debug|Win32
		{F31D00A7-76E5-4EA5-8A32-38B1BD57585E}.Debug_dep|Win32.Build.0 = Debug|Win32
		{F31D00A7-76E5-4EA5-8A32-38B1BD57585E}.Debug_dep|x64.ActiveCfg = Debug|Win32
		{F31D00A7-76E5-4EA5-8A32-38B1BD57585E}.Debug|Win32.ActiveCfg = Debug|Win32
		{F31D00A7-76E5-4EA5-8A32-38B1BD57585E}.Debug|Win32.Build.0 = Debug|Win32
		{F31D00A7-76E5-4EA5-8A32-38B1BD57585E}.Debug|x64.ActiveCfg = Debug|Win32
		{F31D00A7-76E5-4EA5-8A32-38B1BD57585E}.Purify|Win32.ActiveCfg = Release|Win32
		{F31D00A7-76E5-4EA5-8A32-38B1BD57585E}.Purify|Win32.Build.0 = Release|Win32
		{F31D00A7-76E5-4EA5-8A32-38B1BD57585E}.Purify|x64.ActiveCfg = Release|Win32
		{F31D00A7-76E5-4EA5-8A32-38B1BD57585E}.Release_dep|Win32.ActiveCfg = Release|Win32
		{F31D00A7-76E5-4EA5-8A32-38B1BD57585E}.Release_dep|Win32.Build.0 = Release|Win32
		{F31D00A7-76E5-4EA5-8A32-38B1BD57585E}.Release_dep|x64.ActiveCfg = Release|Win32
		{F31D00A7-76E5-4EA5-8A32-38B1BD57585E}.Release|Win32.ActiveCfg = Release|Win32
		{F31D00A7-76E5-4EA5-8A32-38B1BD57585E}.Release|Win32.Build.0 = Release|Win32
		{F31D00A7-76E5-4EA5-8A32-38B1BD57585E}.Release|x64.ActiveCfg = Release|Win32
		{F31D00A7-76E5-4EA5-8A32-38B1BD57585E}.UnicodeDebug|Win32.ActiveCfg = Debug|Win32
		{F31D00A7-76E5-4EA5-8A32-38B1BD57585E}.UnicodeDebug|Win32.Build.0 = Debug|Win32
		{F31D00A7-76E5-4EA5-8A32-38B1BD57585E}.UnicodeDebug|x64.ActiveCfg = Debug|Win32
		{F31D00A7-76E5-4EA5-8A32-38B1BD57585E}.UnicodeRelease|Win32.ActiveCfg = Release|Win32
		{F31D00A7-76E5-4EA5-8A32-38B1BD57585E}.UnicodeRelease|Win32.Build.0 = Release|Win32
		{F31D00A7-76E5-4EA5-8A32-38B1BD57585E}.UnicodeRelease|x64.ActiveCfg = Release|Win32
		{8D15A9FC-8218-4B97-B176-AEE7934A2CB1}.Debug_dep|Win32.ActiveCfg = Debug|Win32
		{8D15A9FC-8218-4B97-B176-AEE7934A2CB1}.Debug_dep|Win32.Build.0 = Debug|Win32
		{8D15A9FC-8218-4B97-B176-AEE7934A2CB1}.Debug_dep|x64.ActiveCfg = Debug|Win32
		{8D15A9FC-8218-4B97-B176-AEE7934A2CB1}.Debug|Win32.ActiveCfg = Debug|Win32
		{8D15A9FC-8218-4B97-B176-AEE7934A2CB1}.Debug|Win32.Build.0 = Debug|Win32
		{8D15A9FC-8218-4B97-B176-AEE7934A2CB1}.Debug|x64.ActiveCfg = Debug|Win32
		{8D15A9FC-8218-4B97-B176-AEE7934A2CB1}.Purify|Win32.ActiveCfg = Release|Win32
		{8D15A9FC-8218-4B97-B176-AEE7934A2CB1}.Purify|Win32.Build.0 = Release|Win32
		{8D15A9FC-8218-4B97-B176-AEE7934A2CB1}.Purify|x64.ActiveCfg = Release|Win32
		{8D15A9FC-8218-4B97-B176-AEE7934A2CB1}.Release_dep|Win32.ActiveCfg = Release|Win32
		{8D15A9FC-8218-4B97-B176-AEE7934A2CB1}.Release_dep|Win32.Build.0 = Release|Win32
		{8D15A9FC-8218-4B97-B176-AEE7934A2CB1}.Release_dep|x64.ActiveCfg = Release|Win32
		{8D15A9FC-8218-4B97-B176-AEE7934A2CB1}.Release|Win32.ActiveCfg = Release|Win32
		{8D15A9FC-8218-4B97-B176-AEE7934A2CB1}.Release|Win32.Build.0 = Release|Win32
		{8D15A9FC-8218-4B97-B176-AEE7934A2CB1}.Release|x64.ActiveCfg = Release|Win32
		{8D15A9FC-8218-4B97-B176-AEE7934A2CB1}.UnicodeDebug|Win32.ActiveCfg = Debug|Win32
		{8D15A9FC-8218-4B97-B176-AEE7934A2CB1}.UnicodeDebug|Win32.Build.0 = Debug|Win32
		{8D15A9FC-8218-4B97-B176-AEE7934A2CB1}.UnicodeDebug|x64.ActiveCfg = Debug|Win32
		{8D15A9FC-8218-4B97-B176-AEE7934A2CB1}.UnicodeRelease|Win32.ActiveCfg = Release|Win32
		{8D15A9FC-8218-4B97-B176-AEE7934A2CB1}.UnicodeRelease|Win32.Build.0 = Release|Win32
		{8D15A9FC-8218-4B97-B176-AEE7934A2CB1}.UnicodeRelease|x64.ActiveCfg = Release|Win32
		{E5F6E48B-26FE-4123-AC2A-233D1D29FF1B}.Debug_dep|Win32.ActiveCfg = Debug|Win32
		{E5F6E48B-26FE-4123-AC2A-233D1D29FF1B}.Debug_dep|Win32.Build.0 = Debug|Win32
		{E5F6E48B-26FE-4123-AC2A-233D1D29FF1B}.Debug_dep|x64.ActiveCfg = Debug|Win32
		{E5F6E48B-26FE-4123-AC2A-233D1D29FF1B}.Debug|Win32.ActiveCfg = Debug|Win32
		{E5F6E48B-26FE-4123-AC2A-233D1D29FF1B}.Debug|Win32.Build.0 = Debug|Win32
		{E5F6E48B-26FE-4123-AC2A-233D1D29FF1B}.Debug|x64.ActiveCfg = Debug|Win32
		{E5F6E48B-26FE-4123-AC2A-233D1D29FF1B}.Purify|Win32.ActiveCfg = Release|Win32
		{E5F6E48B-26FE-4123-AC2A-233D1D29FF1B}.Purify|Win32.Build.0 = Release|Win32
		{E5F6E48B-26FE-4123-AC2A-233D1D29FF1B}.Purify|x64.ActiveCfg = Release|Win32
		{E5F6E48B-26FE-4123-AC2A-233D1D29FF1B}.Release_dep|Win32.ActiveCfg = Release|Win32
		{E5F6E48B-26FE-4123-AC2A-233D1D29FF1B}.Release_dep|Win32.Build.0 = Release|Win32
		{E5F6E48B-26FE-4123-AC2A-233D1D29FF1B}.Release_dep|x64.ActiveCfg = Release|Win32
		{E5F6E48B-26FE-4123-AC2A-233D1D29FF1B}.Release|Win32.ActiveCfg = Release|Win32
		{E5F6E48B-26FE-4123-AC2A-233D1D29FF1B}.Release|Win32.Build.0 = Release|Win32
		{E5F6E48B-26FE-4123-AC2A-233D1D29FF1B}.Release|x64.ActiveCfg = Release|Win32
		{E5F6E48B-26FE-4123-AC2A-233D1D29FF1B}.UnicodeDebug|Win32.ActiveCfg = Debug|Win32
		{E5F6E48B-26FE-4123-AC2A-233D1D29FF1B}.UnicodeDebug|Win32.Build.0 = Debug|Win32
		{E5F6E48B-26FE-4123-AC2A-233D1D29FF1B}.UnicodeDebug|x64.ActiveCfg = Debug|Win32
		{E5F6E48B-26FE-4123-AC2A-233D1D29FF1B}.UnicodeRelease|Win32.ActiveCfg = Release|Win32
		{E5F6E48B-26FE-4123-AC2A-233D1D29FF1B}.UnicodeRelease|Win32.Build.0 = Release|Win32
		{E5F6E48B-26FE-4123-AC2A-233D1D29FF1B}.UnicodeRelease|x64.ActiveCfg = Release|Win32
		{0213D6D2-D8A0-49D5-8AF8-4FF5661CD88F}.Debug_dep|Win32.ActiveCfg = Debug|Win32
		{0213D6D2-D8A0-49D5-8AF8-4FF5661CD88F}.Debug_dep|Win32.Build.0 = Debug|Win32
		{0213D6D2-D8A0-49D5-8AF8-4FF5661CD88F}.Debug_dep|x64.ActiveCfg = Debug|Win32
		{0213D6D2-D8A0-49D5-8AF8-4FF5661CD88F}.Debug|Win32.ActiveCfg = Debug|Win32
		{0213D6D2-D8A0-49D5-8AF8-4FF5661CD88F}.Debug|Win32.Build.0 = Debug|Win32
		{0213D6D2-D8A0-49D5-8AF8-4FF5661CD88F}.Debug|x64.ActiveCfg = Debug|Win32
		{0213D6D2-D8A0-49D5-8AF8-4FF5661CD88F}.Purify|Win32.ActiveCfg = Release|Win32
		{0213D6D2-D8A0-49D5-8AF8-4FF5661CD88F}.Purify|Win32.Build.0 = Release|Win32
		{0213D6D2-D8A0-49D5-8AF8-4FF5661CD88F}.Purify|x64.ActiveCfg = Release|Win32
		{0213D6D2-D8A0-49D5-8AF8-4FF5661CD88F}.Release_dep|Win32.ActiveCfg = Release|Win32
		{0213D6D2-D8A0-49D5-8AF8-4FF5661CD88F}.Release_dep|Win32.Build.0 = Release|Win32
		{0213D6D2-D8A0-49D5-8AF8-4FF5661CD88F}.Release_dep|x64.ActiveCfg = Release|Win32
		{0213D6D2-D8A0-49D5-8AF8-4FF5661CD88F}.Release|Win32.ActiveCfg = Release|Win32
		{0213D6D2-D8A0-49D5-8AF8-4FF5661CD88F}.Release|Win32.Build.0 = Release|Win32
		{0213D6D2-D8A0-49D5-8AF8-4FF5661CD88F}.Release|x64.ActiveCfg = Release|Win32
		{0213D6D2-D8A0-49D5-8AF8-4FF5661CD88F}.UnicodeDebug|Win32.ActiveCfg = Debug|Win32
		{0213D6D2-D8A0-49D5-8AF8-4FF5661CD88F}.UnicodeDebug|Win32.Build.0 = Debug|Win32
		{0213D6D2-D8A0-49D5-8AF8-4FF5661CD88F}.UnicodeDebug|x64.ActiveCfg = Debug|Win32
		{0213D6D2-D8A0-49D5-8AF8-4FF5661CD88F}.UnicodeRelease|Win32.ActiveCfg = Release|Win32
		{0213D6D2-D8A0-49D5-8AF8-4FF5661CD88F}.UnicodeRelease|Win32.Build.0 = Release|Win32
		{0213D6D2-D8A0-49D5-8AF8-4FF5661CD88F}.UnicodeRelease|x64.ActiveCfg = Release|Win32
		{B55CA863-B374-4BAF-95AC-539E4FA4C90C}.Debug_dep|Win32.ActiveCfg = Debug|x64
		{B55CA863-B374-4BAF-95AC-539E4FA4C90C}.Debug_dep|x64.ActiveCfg = Debug|x64
		{B55CA863-B374-4BAF-95AC-539E4FA4C90C}.Debug_dep|x64.Build.0 = Debug|x64
		{B55CA863-B374-4BAF-95AC-539E4FA4C90C}.Debug|Win32.ActiveCfg = Debug|Win32
		{B55CA863-B374-4BAF-95AC-539E4FA4C90C}.Debug|Win32.Build.0 = Debug|Win32
		{B55CA863-B374-4BAF-95AC-539E4FA4C90C}.Debug|x64.ActiveCfg = Debug|x64
		{B55CA863-B374-4BAF-95AC-539E4FA4C90C}.Debug|x64.Build.0 = Debug|x64
		{B55CA863-B374-4BAF-95AC-539E4FA4C90C}.Purify|Win32.ActiveCfg = Purify|Win32
		{B55CA863-B374-4BAF-95AC-539E4FA4C90C}.Purify|Win32.Build.0 = Purify|Win32
		{B55CA863-B374-4BAF-95AC-539E4FA4C90C}.Purify|x64.ActiveCfg = Purify|x64
		{B55CA863-B374-4BAF-95AC-539E4FA4C90C}.Purify|x64.Build.0 = Purify|x64
		{B55CA863-B374-4BAF-95AC-539E4FA4C90C}.Release_dep|Win32.ActiveCfg = Release|x64
		{B55CA863-B374-4BAF-95AC-539E4FA4C90C}.Release_dep|x64.ActiveCfg = Release|x64
		{B55CA863-B374-4BAF-95AC-539E4FA4C90C}.Release_dep|x64.Build.0 = Release|x64
		{B55CA863-B374-4BAF-95AC-539E4FA4C90C}.Release|Win32.ActiveCfg = Release|Win32
		{B55CA863-B374-4BAF-95AC-539E4FA4C90C}.Release|Win32.Build.0 = Release|Win32
		{B55CA863-B374-4BAF-95AC-539E4FA4C90C}.Release|x64.ActiveCfg = Release|x64
		{B55CA863-B374-4BAF-95AC-539E4FA4C90C}.Release|x64.Build.0 = Release|x64
		{B55CA863-B374-4BAF-95AC-539E4FA4C90C}.UnicodeDebug|Win32.ActiveCfg = Debug|Win32
		{B55CA863-B374-4BAF-95AC-539E4FA4C90C}.UnicodeDebug|Win32.Build.0 = Debug|Win32
		{B55CA863-B374-4BAF-95AC-539E4FA4C90C}.UnicodeDebug|x64.ActiveCfg = Debug|x64
		{B55CA863-B374-4BAF-95AC-539E4FA4C90C}.UnicodeDebug|x64.Build.0 = Debug|x64
		{B55CA863-B374-4BAF-95AC-539E4FA4C90C}.UnicodeRelease|Win32.ActiveCfg = Release|Win32
		{B55CA863-B374-4BAF-95AC-539E4FA4C90C}.UnicodeRelease|Win32.Build.0 = Release|Win32
		{B55CA863-B374-4BAF-95AC-539E4FA4C90C}.UnicodeRelease|x64.ActiveCfg = Release|x64
		{B55CA863-B374-4BAF-95AC-539E4FA4C90C}.UnicodeRelease|x64.Build.0 = Release|x64
		{1832A374-8A74-4F9E-B536-69A699B3E165}.Debug_dep|Win32.ActiveCfg = Debug_dep|Win32
		{1832A374-8A74-4F9E-B536-69A699B3E165}.Debug_dep|Win32.Build.0 = Debug_dep|Win32
		{1832A374-8A74-4F9E-B536-69A699B3E165}.Debug_dep|x64.ActiveCfg = Debug_dep|x64
		{1832A374-8A74-4F9E-B536-69A699B3E165}.Debug_dep|x64.Build.0 = Debug_dep|x64
		{1832A374-8A74-4F9E-B536-69A699B3E165}.Debug|Win32.ActiveCfg = Debug|Win32
		{1832A374-8A74-4F9E-B536-69A699B3E165}.Debug|Win32.Build.0 = Debug|Win32
		{1832A374-8A74-4F9E-B536-69A699B3E165}.Debug|x64.ActiveCfg = Debug|x64
		{1832A374-8A74-4F9E-B536-69A699B3E165}.Debug|x64.Build.0 = Debug|x64
		{1832A374-8A74-4F9E-B536-69A699B3E165}.Purify|Win32.ActiveCfg = Purify|Win32
		{1832A374-8A74-4F9E-B536-69A699B3E165}.Purify|Win32.Build.0 = Purify|Win32
		{1832A374-8A74-4F9E-B536-69A699B3E165}.Purify|x64.ActiveCfg = Purify|x64
		{1832A374-8A74-4F9E-B536-69A699B3E165}.Purify|x64.Build.0 = Purify|x64
		{1832A374-8A74-4F9E-B536-69A699B3E165}.Release_dep|Win32.ActiveCfg = Release_dep|Win32
		{1832A374-8A74-4F9E-B536-69A699B3E165}.Release_dep|Win32.Build.0 = Release_dep|Win32
		{1832A374-8A74-4F9E-B536-69A699B3E165}.Release_dep|x64.ActiveCfg = Release_dep|x64
		{1832A374-8A74-4F9E-B536-69A699B3E165}.Release_dep|x64.Build.0 = Release_dep|x64
		{1832A374-8A74-4F9E-B536-69A699B3E165}.Release|Win32.ActiveCfg = Release|Win32
		{1832A374-8A74-4F9E-B536-69A699B3E165}.Release|Win32.Build.0 = Release|Win32
		{1832A374-8A74-4F9E-B536-69A699B3E165}.Release|x64.ActiveCfg = Release|x64
		{1832A374-8A74-4F9E-B536-69A699B3E165}.Release|x64.Build.0 = Release|x64
		{1832A374-8A74-4F9E-B536-69A699B3E165}.UnicodeDebug|Win32.ActiveCfg = Debug|Win32
		{1832A374-8A74-4F9E-B536-69A699B3E165}.UnicodeDebug|Win32.Build.0 = Debug|Win32
		{1832A374-8A74-4F9E-B536-69A699B3E165}.UnicodeDebug|x64.ActiveCfg = Debug|x64
		{1832A374-8A74-4F9E-B536-69A699B3E165}.UnicodeDebug|x64.Build.0 = Debug|x64
		{1832A374-8A74-4F9E-B536-69A699B3E165}.UnicodeRelease|Win32.ActiveCfg = Release|Win32
		{1832A374-8A74-4F9E-B536-69A699B3E165}.UnicodeRelease|Win32.Build.0 = Release|Win32
		{1832A374-8A74-4F9E-B536-69A699B3E165}.UnicodeRelease|x64.ActiveCfg = Release|x64
		{1832A374-8A74-4F9E-B536-69A699B3E165}.UnicodeRelease|x64.Build.0 = Release|x64
		{3E283F37-A4ED-41B7-A3E6-A2D89D131A30}.Debug_dep|Win32.ActiveCfg = Debug|Win32
		{3E283F37-A4ED-41B7-A3E6-A2D89D131A30}.Debug_dep|Win32.Build.0 = Debug|Win32
		{3E283F37-A4ED-41B7-A3E6-A2D89D131A30}.Debug_dep|x64.ActiveCfg = Debug|Win32
		{3E283F37-A4ED-41B7-A3E6-A2D89D131A30}.Debug|Win32.ActiveCfg = Debug|Win32
		{3E283F37-A4ED-41B7-A3E6-A2D89D131A30}.Debug|Win32.Build.0 = Debug|Win32
		{3E283F37-A4ED-41B7-A3E6-A2D89D131A30}.Debug|x64.ActiveCfg = Debug|Win32
		{3E283F37-A4ED-41B7-A3E6-A2D89D131A30}.Purify|Win32.ActiveCfg = Release|Win32
		{3E283F37-A4ED-41B7-A3E6-A2D89D131A30}.Purify|Win32.Build.0 = Release|Win32
		{3E283F37-A4ED-41B7-A3E6-A2D89D131A30}.Purify|x64.ActiveCfg = Release|Win32
		{3E283F37-A4ED-41B7-A3E6-A2D89D131A30}.Release_dep|Win32.ActiveCfg = Release|Win32
		{3E283F37-A4ED-41B7-A3E6-A2D89D131A30}.Release_dep|Win32.Build.0 = Release|Win32
		{3E283F37-A4ED-41B7-A3E6-A2D89D131A30}.Release_dep|x64.ActiveCfg = Release|Win32
		{3E283F37-A4ED-41B7-A3E6-A2D89D131A30}.Release|Win32.ActiveCfg = Release|Win32
		{3E283F37-A4ED-41B7-A3E6-A2D89D131A30}.Release|Win32.Build.0 = Release|Win32
		{3E283F37-A4ED-41B7-A3E6-A2D89D131A30}.Release|x64.ActiveCfg = Release|Win32
		{3E283F37-A4ED-41B7-A3E6-A2D89D131A30}.UnicodeDebug|Win32.ActiveCfg = Debug|Win32
		{3E283F37-A4ED-41B7-A3E6-A2D89D131A30}.UnicodeDebug|Win32.Build.0 = Debug|Win32
		{3E283F37-A4ED-41B7-A3E6-A2D89D131A30}.UnicodeDebug|x64.ActiveCfg = Debug|Win32
		{3E283F37-A4ED-41B7-A3E6-A2D89D131A30}.UnicodeRelease|Win32.ActiveCfg = Release|Win32
		{3E283F37-A4ED-41B7-A3E6-A2D89D131A30}.UnicodeRelease|Win32.Build.0 = Release|Win32
		{3E283F37-A4ED-41B7-A3E6-A2D89D131A30}.UnicodeRelease|x64.ActiveCfg = Release|Win32
		{B84FF31A-5F9A-46F8-AB22-DBFC9BECE3BE}.Debug_dep|Win32.ActiveCfg = Debug|Win32
		{B84FF31A-5F9A-46F8-AB22-DBFC9BECE3BE}.Debug_dep|Win32.Build.0 = Debug|Win32
		{B84FF31A-5F9A-46F8-AB22-DBFC9BECE3BE}.Debug_dep|x64.ActiveCfg = Debug|Win32
		{B84FF31A-5F9A-46F8-AB22-DBFC9BECE3BE}.Debug|Win32.ActiveCfg = Debug|Win32
		{B84FF31A-5F9A-46F8-AB22-DBFC9BECE3BE}.Debug|Win32.Build.0 = Debug|Win32
		{B84FF31A-5F9A-46F8-AB22-DBFC9BECE3BE}.Debug|x64.ActiveCfg = Debug|Win32
		{B84FF31A-5F9A-46F8-AB22-DBFC9BECE3BE}.Purify|Win32.ActiveCfg = Release|Win32
		{B84FF31A-5F9A-46F8-AB22-DBFC9BECE3BE}.Purify|Win32.Build.0 = Release|Win32
		{B84FF31A-5F9A-46F8-AB22-DBFC9BECE3BE}.Purify|x64.ActiveCfg = Release|Win32
		{B84FF31A-5F9A-46F8-AB22-DBFC9BECE3BE}.Release_dep|Win32.ActiveCfg = Release|Win32
		{B84FF31A-5F9A-46F8-AB22-DBFC9BECE3BE}.Release_dep|Win32.Build.0 = Release|Win32
		{B84FF31A-5F9A-46F8-AB22-DBFC9BECE3BE}.Release_dep|x64.ActiveCfg = Release|Win32
		{B84FF31A-5F9A-46F8-AB22-DBFC9BECE3BE}.Release|Win32.ActiveCfg = Release|Win32
		{B84FF31A-5F9A-46F8-AB22-DBFC9BECE3BE}.Release|Win32.Build.0 = Release|Win32
		{B84FF31A-5F9A-46F8-AB22-DBFC9BECE3BE}.Release|x64.ActiveCfg = Release|Win32
		{B84FF31A-5F9A-46F8-AB22-DBFC9BECE3BE}.UnicodeDebug|Win32.ActiveCfg = Debug|Win32
		{B84FF31A-5F9A-46F8-AB22-DBFC9BECE3BE}.UnicodeDebug|Win32.Build.0 = Debug|Win32
		{B84FF31A-5F9A-46F8-AB22-DBFC9BECE3BE}.UnicodeDebug|x64.ActiveCfg = Debug|Win32
		{B84FF31A-5F9A-46F8-AB22-DBFC9BECE3BE}.UnicodeRelease|Win32.ActiveCfg = Release|Win32
		{B84FF31A-5F9A-46F8-AB22-DBFC9BECE3BE}.UnicodeRelease|Win32.Build.0 = Release|Win32
		{B84FF31A-5F9A-46F8-AB22-DBFC9BECE3BE}.UnicodeRelease|x64.ActiveCfg = Release|Win32
		{87EE9DA4-DE1E-4448-8324-183C98DCA588}.Debug_dep|Win32.ActiveCfg = Debug|Win32
		{87EE9DA4-DE1E-4448-8324-183C98DCA588}.Debug_dep|Win32.Build.0 = Debug|Win32
		{87EE9DA4-DE1E-4448-8324-183C98DCA588}.Debug_dep|x64.ActiveCfg = Debug|Win32
		{87EE9DA4-DE1E-4448-8324-183C98DCA588}.Debug|Win32.ActiveCfg = Debug|Win32
		{87EE9DA4-DE1E-4448-8324-183C98DCA588}.Debug|Win32.Build.0 = Debug|Win32
		{87EE9DA4-DE1E-4448-8324-183C98DCA588}.Debug|x64.ActiveCfg = Debug|Win32
		{87EE9DA4-DE1E-4448-8324-183C98DCA588}.Purify|Win32.ActiveCfg = Debug|Win32
		{87EE9DA4-DE1E-4448-8324-183C98DCA588}.Purify|Win32.Build.0 = Debug|Win32
		{87EE9DA4-DE1E-4448-8324-183C98DCA588}.Purify|x64.ActiveCfg = Debug|Win32
		{87EE9DA4-DE1E-4448-8324-183C98DCA588}.Release_dep|Win32.ActiveCfg = Release|Win32
		{87EE9DA4-DE1E-4448-8324-183C98DCA588}.Release_dep|Win32.Build.0 = Release|Win32
		{87EE9DA4-DE1E-4448-8324-183C98DCA588}.Release_dep|x64.ActiveCfg = Release|Win32
		{87EE9DA4-DE1E-4448-8324-183C98DCA588}.Release|Win32.ActiveCfg = Release|Win32
		{87EE9DA4-DE1E-4448-8324-183C98DCA588}.Release|Win32.Build.0 = Release|Win32
		{87EE9DA4-DE1E-4448-8324-183C98DCA588}.Release|x64.ActiveCfg = Release|Win32
		{87EE9DA4-DE1E-4448-8324-183C98DCA588}.UnicodeDebug|Win32.ActiveCfg = Debug|Win32
		{87EE9DA4-DE1E-4448-8324-183C98DCA588}.UnicodeDebug|Win32.Build.0 = Debug|Win32
		{87EE9DA4-DE1E-4448-8324-183C98DCA588}.UnicodeDebug|x64.ActiveCfg = Debug|Win32
		{87EE9DA4-DE1E-4448-8324-183C98DCA588}.UnicodeRelease|Win32.ActiveCfg = Release|Win32
		{87EE9DA4-DE1E-4448-8324-183C98DCA588}.UnicodeRelease|Win32.Build.0 = Release|Win32
		{87EE9DA4-DE1E-4448-8324-183C98DCA588}.UnicodeRelease|x64.ActiveCfg = Release|Win32
		{968F3222-9798-4D21-BE08-15ECB5EF2994}.Debug_dep|Win32.ActiveCfg = Debug|x64
		{968F3222-9798-4D21-BE08-15ECB5EF2994}.Debug_dep|x64.ActiveCfg = Debug|x64
		{968F3222-9798-4D21-BE08-15ECB5EF2994}.Debug_dep|x64.Build.0 = Debug|x64
		{968F3222-9798-4D21-BE08-15ECB5EF2994}.Debug|Win32.ActiveCfg = Debug|Win32
		{968F3222-9798-4D21-BE08-15ECB5EF2994}.Debug|Win32.Build.0 = Debug|Win32
		{968F3222-9798-4D21-BE08-15ECB5EF2994}.Debug|x64.ActiveCfg = Debug|x64
		{968F3222-9798-4D21-BE08-15ECB5EF2994}.Debug|x64.Build.0 = Debug|x64
		{968F3222-9798-4D21-BE08-15ECB5EF2994}.Purify|Win32.ActiveCfg = Purify|Win32
		{968F3222-9798-4D21-BE08-15ECB5EF2994}.Purify|Win32.Build.0 = Purify|Win32
		{968F3222-9798-4D21-BE08-15ECB5EF2994}.Purify|x64.ActiveCfg = Purify|x64
		{968F3222-9798-4D21-BE08-15ECB5EF2994}.Purify|x64.Build.0 = Purify|x64
		{968F3222-9798-4D21-BE08-15ECB5EF2994}.Release_dep|Win32.ActiveCfg = Release_dep|Win32
		{968F3222-9798-4D21-BE08-15ECB5EF2994}.Release_dep|Win32.Build.0 = Release_dep|Win32
		{968F3222-9798-4D21-BE08-15ECB5EF2994}.Release_dep|x64.ActiveCfg = Release_dep|x64
		{968F3222-9798-4D21-BE08-15ECB5EF2994}.Release_dep|x64.Build.0 = Release_dep|x64
		{968F3222-9798-4D21-BE08-15ECB5EF2994}.Release|Win32.ActiveCfg = Release|Win32
		{968F3222-9798-4D21-BE08-15ECB5EF2994}.Release|Win32.Build.0 = Release|Win32
		{968F3222-9798-4D21-BE08-15ECB5EF2994}.Release|x64.ActiveCfg = Release|x64
		{968F3222-9798-4D21-BE08-15ECB5EF2994}.Release|x64.Build.0 = Release|x64
		{968F3222-9798-4D21-BE08-15ECB5EF2994}.UnicodeDebug|Win32.ActiveCfg = Debug|Win32
		{968F3222-9798-4D21-BE08-15ECB5EF2994}.UnicodeDebug|Win32.Build.0 = Debug|Win32
		{968F3222-9798-4D21-BE08-15ECB5EF2994}.UnicodeDebug|x64.ActiveCfg = Debug|x64
		{968F3222-9798-4D21-BE08-15ECB5EF2994}.UnicodeDebug|x64.Build.0 = Debug|x64
		{968F3222-9798-4D21-BE08-15ECB5EF2994}.UnicodeRelease|Win32.ActiveCfg = Release|Win32
		{968F3222-9798-4D21-BE08-15ECB5EF2994}.UnicodeRelease|Win32.Build.0 = Release|Win32
		{968F3222-9798-4D21-BE08-15ECB5EF2994}.UnicodeRelease|x64.ActiveCfg = Release|x64
		{968F3222-9798-4D21-BE08-15ECB5EF2994}.UnicodeRelease|x64.Build.0 = Release|x64
		{EF3AD1A1-5FA6-4B70-9CCC-F5AE4C6D0892}.Debug_dep|Win32.ActiveCfg = Debug|x64
		{EF3AD1A1-5FA6-4B70-9CCC-F5AE4C6D0892}.Debug_dep|x64.ActiveCfg = Debug|x64
		{EF3AD1A1-5FA6-4B70-9CCC-F5AE4C6D0892}.Debug_dep|x64.Build.0 = Debug|x64
		{EF3AD1A1-5FA6-4B70-9CCC-F5AE4C6D0892}.Debug|Win32.ActiveCfg = Debug|Win32
		{EF3AD1A1-5FA6-4B70-9CCC-F5AE4C6D0892}.Debug|Win32.Build.0 = Debug|Win32
		{EF3AD1A1-5FA6-4B70-9CCC-F5AE4C6D0892}.Debug|x64.ActiveCfg = Debug|x64
		{EF3AD1A1-5FA6-4B70-9CCC-F5AE4C6D0892}.Debug|x64.Build.0 = Debug|x64
		{EF3AD1A1-5FA6-4B70-9CCC-F5AE4C6D0892}.Purify|Win32.ActiveCfg = Purify|Win32
		{EF3AD1A1-5FA6-4B70-9CCC-F5AE4C6D0892}.Purify|Win32.Build.0 = Purify|Win32
		{EF3AD1A1-5FA6-4B70-9CCC-F5AE4C6D0892}.Purify|x64.ActiveCfg = Purify|x64
		{EF3AD1A1-5FA6-4B70-9CCC-F5AE4C6D0892}.Purify|x64.Build.0 = Purify|x64
		{EF3AD1A1-5FA6-4B70-9CCC-F5AE4C6D0892}.Release_dep|Win32.ActiveCfg = Release_dep|Win32
		{EF3AD1A1-5FA6-4B70-9CCC-F5AE4C6D0892}.Release_dep|Win32.Build.0 = Release_dep|Win32
		{EF3AD1A1-5FA6-4B70-9CCC-F5AE4C6D0892}.Release_dep|x64.ActiveCfg = Release_dep|x64
		{EF3AD1A1-5FA6-4B70-9CCC-F5AE4C6D0892}.Release_dep|x64.Build.0 = Release_dep|x64
		{EF3AD1A1-5FA6-4B70-9CCC-F5AE4C6D0892}.Release|Win32.ActiveCfg = Release|Win32
		{EF3AD1A1-5FA6-4B70-9CCC-F5AE4C6D0892}.Release|Win32.Build.0 = Release|Win32
		{EF3AD1A1-5FA6-4B70-9CCC-F5AE4C6D0892}.Release|x64.ActiveCfg = Release|x64
		{EF3AD1A1-5FA6-4B70-9CCC-F5AE4C6D0892}.Release|x64.Build.0 = Release|x64
		{EF3AD1A1-5FA6-4B70-9CCC-F5AE4C6D0892}.UnicodeDebug|Win32.ActiveCfg = Debug|Win32
		{EF3AD1A1-5FA6-4B70-9CCC-F5AE4C6D0892}.UnicodeDebug|Win32.Build.0 = Debug|Win32
		{EF3AD1A1-5FA6-4B70-9CCC-F5AE4C6D0892}.UnicodeDebug|x64.ActiveCfg = Debug|x64
		{EF3AD1A1-5FA6-4B70-9CCC-F5AE4C6D0892}.UnicodeDebug|x64.Build.0 = Debug|x64
		{EF3AD1A1-5FA6-4B70-9CCC-F5AE4C6D0892}.UnicodeRelease|Win32.ActiveCfg = Release|Win32
		{EF3AD1A1-5FA6-4B70-9CCC-F5AE4C6D0892}.UnicodeRelease|Win32.Build.0 = Release|Win32
		{EF3AD1A1-5FA6-4B70-9CCC-F5AE4C6D0892}.UnicodeRelease|x64.ActiveCfg = Release|x64
		{EF3AD1A1-5FA6-4B70-9CCC-F5AE4C6D0892}.UnicodeRelease|x64.Build.0 = Release|x64
		{9E2EFAAB-02B7-4A82-B664-1E98DF6D1953}.Debug_dep|Win32.ActiveCfg = Debug|x64
		{9E2EFAAB-02B7-4A82-B664-1E98DF6D1953}.Debug_dep|x64.ActiveCfg = Debug|x64
		{9E2EFAAB-02B7-4A82-B664-1E98DF6D1953}.Debug_dep|x64.Build.0 = Debug|x64
		{9E2EFAAB-02B7-4A82-B664-1E98DF6D1953}.Debug|Win32.ActiveCfg = Debug|Win32
		{9E2EFAAB-02B7-4A82-B664-1E98DF6D1953}.Debug|Win32.Build.0 = Debug|Win32
		{9E2EFAAB-02B7-4A82-B664-1E98DF6D1953}.Debug|x64.ActiveCfg = Debug|x64
		{9E2EFAAB-02B7-4A82-B664-1E98DF6D1953}.Debug|x64.Build.0 = Debug|x64
		{9E2EFAAB-02B7-4A82-B664-1E98DF6D1953}.Purify|Win32.ActiveCfg = Purify|Win32
		{9E2EFAAB-02B7-4A82-B664-1E98DF6D1953}.Purify|Win32.Build.0 = Purify|Win32
		{9E2EFAAB-02B7-4A82-B664-1E98DF6D1953}.Purify|x64.ActiveCfg = Purify|x64
		{9E2EFAAB-02B7-4A82-B664-1E98DF6D1953}.Purify|x64.Build.0 = Purify|x64
		{9E2EFAAB-02B7-4A82-B664-1E98DF6D1953}.Release_dep|Win32.ActiveCfg = Release|x64
		{9E2EFAAB-02B7-4A82-B664-1E98DF6D1953}.Release_dep|x64.ActiveCfg = Release|x64
		{9E2EFAAB-02B7-4A82-B664-1E98DF6D1953}.Release_dep|x64.Build.0 = Release|x64
		{9E2EFAAB-02B7-4A82-B664-1E98DF6D1953}.Release|Win32.ActiveCfg = Release|Win32
		{9E2EFAAB-02B7-4A82-B664-1E98DF6D1953}.Release|Win32.Build.0 = Release|Win32
		{9E2EFAAB-02B7-4A82-B664-1E98DF6D1953}.Release|x64.ActiveCfg = Release|x64
		{9E2EFAAB-02B7-4A82-B664-1E98DF6D1953}.Release|x64.Build.0 = Release|x64
		{9E2EFAAB-02B7-4A82-B664-1E98DF6D1953}.UnicodeDebug|Win32.ActiveCfg = Debug|Win32
		{9E2EFAAB-02B7-4A82-B664-1E98DF6D1953}.UnicodeDebug|Win32.Build.0 = Debug|Win32
		{9E2EFAAB-02B7-4A82-B664-1E98DF6D1953}.UnicodeDebug|x64.ActiveCfg = Debug|x64
		{9E2EFAAB-02B7-4A82-B664-1E98DF6D1953}.UnicodeDebug|x64.Build.0 = Debug|x64
		{9E2EFAAB-02B7-4A82-B664-1E98DF6D1953}.UnicodeRelease|Win32.ActiveCfg = Release|Win32
		{9E2EFAAB-02B7-4A82-B664-1E98DF6D1953}.UnicodeRelease|Win32.Build.0 = Release|Win32
		{9E2EFAAB-02B7-4A82-B664-1E98DF6D1953}.UnicodeRelease|x64.ActiveCfg = Release|x64
		{9E2EFAAB-02B7-4A82-B664-1E98DF6D1953}.UnicodeRelease|x64.Build.0 = Release|x64
		{440ED461-70DF-415D-ADDC-39D1DEA8837E}.Debug_dep|Win32.ActiveCfg = Debug|Win32
		{440ED461-70DF-415D-ADDC-39D1DEA8837E}.Debug_dep|Win32.Build.0 = Debug|Win32
		{440ED461-70DF-415D-ADDC-39D1DEA8837E}.Debug_dep|x64.ActiveCfg = Debug|Win32
		{440ED461-70DF-415D-ADDC-39D1DEA8837E}.Debug|Win32.ActiveCfg = Debug|Win32
		{440ED461-70DF-415D-ADDC-39D1DEA8837E}.Debug|Win32.Build.0 = Debug|Win32
		{440ED461-70DF-415D-ADDC-39D1DEA8837E}.Debug|x64.ActiveCfg = Debug|Win32
		{440ED461-70DF-415D-ADDC-39D1DEA8837E}.Purify|Win32.ActiveCfg = Release|Win32
		{440ED461-70DF-415D-ADDC-39D1DEA8837E}.Purify|Win32.Build.0 = Release|Win32
		{440ED461-70DF-415D-ADDC-39D1DEA8837E}.Purify|x64.ActiveCfg = Release|Win32
		{440ED461-70DF-415D-ADDC-39D1DEA8837E}.Release_dep|Win32.ActiveCfg = Release|Win32
		{440ED461-70DF-415D-ADDC-39D1DEA8837E}.Release_dep|Win32.Build.0 = Release|Win32
		{440ED461-70DF-415D-ADDC-39D1DEA8837E}.Release_dep|x64.ActiveCfg = Release|Win32
		{440ED461-70DF-415D-ADDC-39D1DEA8837E}.Release|Win32.ActiveCfg = Release|Win32
		{440ED461-70DF-415D-ADDC-39D1DEA8837E}.Release|Win32.Build.0 = Release|Win32
		{440ED461-70DF-415D-ADDC-39D1DEA8837E}.Release|x64.ActiveCfg = Release|Win32
		{440ED461-70DF-415D-ADDC-39D1DEA8837E}.UnicodeDebug|Win32.ActiveCfg = Debug|Win32
		{440ED461-70DF-415D-ADDC-39D1DEA8837E}.UnicodeDebug|Win32.Build.0 = Debug|Win32
		{440ED461-70DF-415D-ADDC-39D1DEA8837E}.UnicodeDebug|x64.ActiveCfg = Debug|Win32
		{440ED461-70DF-415D-ADDC-39D1DEA8837E}.UnicodeRelease|Win32.ActiveCfg = Release|Win32
		{440ED461-70DF-415D-ADDC-39D1DEA8837E}.UnicodeRelease|Win32.Build.0 = Release|Win32
		{440ED461-70DF-415D-ADDC-39D1DEA8837E}.UnicodeRelease|x64.ActiveCfg = Release|Win32
		{BD4199C4-8AB1-4707-9FE2-9E4BA57DA0E2}.Debug_dep|Win32.ActiveCfg = Debug|Win32
		{BD4199C4-8AB1-4707-9FE2-9E4BA57DA0E2}.Debug_dep|Win32.Build.0 = Debug|Win32
		{BD4199C4-8AB1-4707-9FE2-9E4BA57DA0E2}.Debug_dep|x64.ActiveCfg = Debug|Win32
		{BD4199C4-8AB1-4707-9FE2-9E4BA57DA0E2}.Debug|Win32.ActiveCfg = Debug|Win32
		{BD4199C4-8AB1-4707-9FE2-9E4BA57DA0E2}.Debug|Win32.Build.0 = Debug|Win32
		{BD4199C4-8AB1-4707-9FE2-9E4BA57DA0E2}.Debug|x64.ActiveCfg = Debug|Win32
		{BD4199C4-8AB1-4707-9FE2-9E4BA57DA0E2}.Purify|Win32.ActiveCfg = Release|Win32
		{BD4199C4-8AB1-4707-9FE2-9E4BA57DA0E2}.Purify|Win32.Build.0 = Release|Win32
		{BD4199C4-8AB1-4707-9FE2-9E4BA57DA0E2}.Purify|x64.ActiveCfg = Release|Win32
		{BD4199C4-8AB1-4707-9FE2-9E4BA57DA0E2}.Release_dep|Win32.ActiveCfg = Release|Win32
		{BD4199C4-8AB1-4707-9FE2-9E4BA57DA0E2}.Release_dep|Win32.Build.0 = Release|Win32
		{BD4199C4-8AB1-4707-9FE2-9E4BA57DA0E2}.Release_dep|x64.ActiveCfg = Release|Win32
		{BD4199C4-8AB1-4707-9FE2-9E4BA57DA0E2}.Release|Win32.ActiveCfg = Release|Win32
		{BD4199C4-8AB1-4707-9FE2-9E4BA57DA0E2}.Release|Win32.Build.0 = Release|Win32
		{BD4199C4-8AB1-4707-9FE2-9E4BA57DA0E2}.Release|x64.ActiveCfg = Release|Win32
		{BD4199C4-8AB1-4707-9FE2-9E4BA57DA0E2}.UnicodeDebug|Win32.ActiveCfg = Debug|Win32
		{BD4199C4-8AB1-4707-9FE2-9E4BA57DA0E2}.UnicodeDebug|Win32.Build.0 = Debug|Win32
		{BD4199C4-8AB1-4707-9FE2-9E4BA57DA0E2}.UnicodeDebug|x64.ActiveCfg = Debug|Win32
		{BD4199C4-8AB1-4707-9FE2-9E4BA57DA0E2}.UnicodeRelease|Win32.ActiveCfg = Release|Win32
		{BD4199C4-8AB1-4707-9FE2-9E4BA57DA0E2}.UnicodeRelease|Win32.Build.0 = Release|Win32
		{BD4199C4-8AB1-4707-9FE2-9E4BA57DA0E2}.UnicodeRelease|x64.ActiveCfg = Release|Win32
		{E106ACD7-4E53-4AEE-942B-D0DD426DB34E}.Debug_dep|Win32.ActiveCfg = Debug|Win32
		{E106ACD7-4E53-4AEE-942B-D0DD426DB34E}.Debug_dep|Win32.Build.0 = Debug|Win32
		{E106ACD7-4E53-4AEE-942B-D0DD426DB34E}.Debug_dep|x64.ActiveCfg = Debug|Win32
		{E106ACD7-4E53-4AEE-942B-D0DD426DB34E}.Debug|Win32.ActiveCfg = Debug|Win32
		{E106ACD7-4E53-4AEE-942B-D0DD426DB34E}.Debug|Win32.Build.0 = Debug|Win32
		{E106ACD7-4E53-4AEE-942B-D0DD426DB34E}.Debug|x64.ActiveCfg = Debug|Win32
		{E106ACD7-4E53-4AEE-942B-D0DD426DB34E}.Purify|Win32.ActiveCfg = UnicodeRelease|Win32
		{E106ACD7-4E53-4AEE-942B-D0DD426DB34E}.Purify|Win32.Build.0 = UnicodeRelease|Win32
		{E106ACD7-4E53-4AEE-942B-D0DD426DB34E}.Purify|x64.ActiveCfg = UnicodeRelease|Win32
		{E106ACD7-4E53-4AEE-942B-D0DD426DB34E}.Release_dep|Win32.ActiveCfg = Release|Win32
		{E106ACD7-4E53-4AEE-942B-D0DD426DB34E}.Release_dep|Win32.Build.0 = Release|Win32
		{E106ACD7-4E53-4AEE-942B-D0DD426DB34E}.Release_dep|x64.ActiveCfg = Release|Win32
		{E106ACD7-4E53-4AEE-942B-D0DD426DB34E}.Release|Win32.ActiveCfg = Release|Win32
		{E106ACD7-4E53-4AEE-942B-D0DD426DB34E}.Release|Win32.Build.0 = Release|Win32
		{E106ACD7-4E53-4AEE-942B-D0DD426DB34E}.Release|x64.ActiveCfg = Release|Win32
		{E106ACD7-4E53-4AEE-942B-D0DD426DB34E}.UnicodeDebug|Win32.ActiveCfg = UnicodeDebug|Win32
		{E106ACD7-4E53-4AEE-942B-D0DD426DB34E}.UnicodeDebug|Win32.Build.0 = UnicodeDebug|Win32
		{E106ACD7-4E53-4AEE-942B-D0DD426DB34E}.UnicodeDebug|x64.ActiveCfg = UnicodeDebug|Win32
		{E106ACD7-4E53-4AEE-942B-D0DD426DB34E}.UnicodeRelease|Win32.ActiveCfg = UnicodeRelease|Win32
		{E106ACD7-4E53-4AEE-942B-D0DD426DB34E}.UnicodeRelease|Win32.Build.0 = UnicodeRelease|Win32
		{E106ACD7-4E53-4AEE-942B-D0DD426DB34E}.UnicodeRelease|x64.ActiveCfg = UnicodeRelease|Win32
		{44D35825-A7C8-474C-A4E0-8191B98975F3}.Debug_dep|Win32.ActiveCfg = Debug|Win32
		{44D35825-A7C8-474C-A4E0-8191B98975F3}.Debug_dep|Win32.Build.0 = Debug|Win32
		{44D35825-A7C8-474C-A4E0-8191B98975F3}.Debug_dep|x64.ActiveCfg = Debug|Win32
		{44D35825-A7C8-474C-A4E0-8191B98975F3}.Debug|Win32.ActiveCfg = Debug|Win32
		{44D35825-A7C8-474C-A4E0-8191B98975F3}.Debug|Win32.Build.0 = Debug|Win32
		{44D35825-A7C8-474C-A4E0-8191B98975F3}.Debug|x64.ActiveCfg = Debug|Win32
		{44D35825-A7C8-474C-A4E0-8191B98975F3}.Purify|Win32.ActiveCfg = Release|Win32
		{44D35825-A7C8-474C-A4E0-8191B98975F3}.Purify|Win32.Build.0 = Release|Win32
		{44D35825-A7C8-474C-A4E0-8191B98975F3}.Purify|x64.ActiveCfg = Release|Win32
		{44D35825-A7C8-474C-A4E0-8191B98975F3}.Release_dep|Win32.ActiveCfg = Release|Win32
		{44D35825-A7C8-474C-A4E0-8191B98975F3}.Release_dep|Win32.Build.0 = Release|Win32
		{44D35825-A7C8-474C-A4E0-8191B98975F3}.Release_dep|x64.ActiveCfg = Release|Win32
		{44D35825-A7C8-474C-A4E0-8191B98975F3}.Release|Win32.ActiveCfg = Release|Win32
		{44D35825-A7C8-474C-A4E0-8191B98975F3}.Release|Win32.Build.0 = Release|Win32
		{44D35825-A7C8-474C-A4E0-8191B98975F3}.Release|x64.ActiveCfg = Release|Win32
		{44D35825-A7C8-474C-A4E0-8191B98975F3}.UnicodeDebug|Win32.ActiveCfg = Debug|Win32
		{44D35825-A7C8-474C-A4E0-8191B98975F3}.UnicodeDebug|Win32.Build.0 = Debug|Win32
		{44D35825-A7C8-474C-A4E0-8191B98975F3}.UnicodeDebug|x64.ActiveCfg = Debug|Win32
		{44D35825-A7C8-474C-A4E0-8191B98975F3}.UnicodeRelease|Win32.ActiveCfg = Release|Win32
		{44D35825-A7C8-474C-A4E0-8191B98975F3}.UnicodeRelease|Win32.Build.0 = Release|Win32
		{44D35825-A7C8-474C-A4E0-8191B98975F3}.UnicodeRelease|x64.ActiveCfg = Release|Win32
	EndGlobalSection
	GlobalSection(SolutionProperties) = preSolution
		HideSolutionNode = FALSE
	EndGlobalSection
	GlobalSection(NestedProjects) = preSolution
		{8D15A9FC-8218-4B97-B176-AEE7934A2CB1} = {F0041286-152D-4958-BCA9-511B92271320}
		{E5F6E48B-26FE-4123-AC2A-233D1D29FF1B} = {F0041286-152D-4958-BCA9-511B92271320}
		{B7877E4C-03D7-4549-ADB4-827A5DE4A42B} = {F0041286-152D-4958-BCA9-511B92271320}
		{F31D00A7-76E5-4EA5-8A32-38B1BD57585E} = {69755E44-D420-4F25-8632-658C125D6B6C}
		{6A7EB7C5-56B9-49F9-B5FF-D8A61747AEC0} = {69755E44-D420-4F25-8632-658C125D6B6C}
		{0213D6D2-D8A0-49D5-8AF8-4FF5661CD88F} = {FA91B48D-B280-4965-8B78-B6E3C665CF0E}
		{44D35825-A7C8-474C-A4E0-8191B98975F3} = {FA91B48D-B280-4965-8B78-B6E3C665CF0E}
		{62930E5D-ED45-4E0A-AD1A-40A22DE59976} = {B7877E4C-03D7-4549-ADB4-827A5DE4A42B}
		{DB7E9395-6B97-41C3-9166-0DE3422398A5} = {B7877E4C-03D7-4549-ADB4-827A5DE4A42B}
		{9F20CD3C-3369-4E9B-B4D5-8E4FA3F62933} = {B7877E4C-03D7-4549-ADB4-827A5DE4A42B}
		{F1C818F6-8DD0-4086-853F-D651847B9FC1} = {B7877E4C-03D7-4549-ADB4-827A5DE4A42B}
		{FA80EBF8-638B-4F79-AFA9-28ABA088F4F1} = {B7877E4C-03D7-4549-ADB4-827A5DE4A42B}
		{04ABE2A0-B982-4959-ADE7-76C199546E99} = {B7877E4C-03D7-4549-ADB4-827A5DE4A42B}
		{C7735DD2-A78C-4118-AACC-F1EA15672425} = {B7877E4C-03D7-4549-ADB4-827A5DE4A42B}
		{B55CA863-B374-4BAF-95AC-539E4FA4C90C} = {62930E5D-ED45-4E0A-AD1A-40A22DE59976}
		{1832A374-8A74-4F9E-B536-69A699B3E165} = {DB7E9395-6B97-41C3-9166-0DE3422398A5}
		{968F3222-9798-4D21-BE08-15ECB5EF2994} = {DB7E9395-6B97-41C3-9166-0DE3422398A5}
		{EF3AD1A1-5FA6-4B70-9CCC-F5AE4C6D0892} = {DB7E9395-6B97-41C3-9166-0DE3422398A5}
		{B84FF31A-5F9A-46F8-AB22-DBFC9BECE3BE} = {9F20CD3C-3369-4E9B-B4D5-8E4FA3F62933}
		{3E283F37-A4ED-41B7-A3E6-A2D89D131A30} = {9F20CD3C-3369-4E9B-B4D5-8E4FA3F62933}
		{87EE9DA4-DE1E-4448-8324-183C98DCA588} = {F1C818F6-8DD0-4086-853F-D651847B9FC1}
		{9E2EFAAB-02B7-4A82-B664-1E98DF6D1953} = {04ABE2A0-B982-4959-ADE7-76C199546E99}
		{440ED461-70DF-415D-ADDC-39D1DEA8837E} = {C7735DD2-A78C-4118-AACC-F1EA15672425}
		{BD4199C4-8AB1-4707-9FE2-9E4BA57DA0E2} = {C7735DD2-A78C-4118-AACC-F1EA15672425}
		{E106ACD7-4E53-4AEE-942B-D0DD426DB34E} = {6A7EB7C5-56B9-49F9-B5FF-D8A61747AEC0}
	EndGlobalSection
EndGlobal
